// !$*UTF8*$!
{
	archiveVersion = 1;
	classes = {
	};
	objectVersion = 55;
	objects = {

/* Begin PBXBuildFile section */
		1C04464AA0F7E71F905C0B33 /* Pods_uswTimeTable1_0.framework in Frameworks */ = {isa = PBXBuildFile; fileRef = 1CF9BD13474F307EA6838235 /* Pods_uswTimeTable1_0.framework */; };
		AF49FD262785BDB70046BD6A /* listTimeTable.swift in Sources */ = {isa = PBXBuildFile; fileRef = AF49FD252785BDB70046BD6A /* listTimeTable.swift */; };
		AF49FD282786DC2C0046BD6A /* timeTableDatabase.swift in Sources */ = {isa = PBXBuildFile; fileRef = AF49FD272786DC2C0046BD6A /* timeTableDatabase.swift */; };
		AF7AA1C627831F8500996874 /* showTimeTable.swift in Sources */ = {isa = PBXBuildFile; fileRef = AF7AA1C527831F8500996874 /* showTimeTable.swift */; };
		AFA5ACD427873D2E00D63B81 /* RealmSwift in Frameworks */ = {isa = PBXBuildFile; productRef = AFA5ACD327873D2E00D63B81 /* RealmSwift */; };
		AFA725452781B6D1003EE008 /* firstSceneCheck.swift in Sources */ = {isa = PBXBuildFile; fileRef = AFA725442781B6D1003EE008 /* firstSceneCheck.swift */; };
		AFAFEF83277F160900408F46 /* AppDelegate.swift in Sources */ = {isa = PBXBuildFile; fileRef = AFAFEF82277F160900408F46 /* AppDelegate.swift */; };
		AFAFEF85277F160900408F46 /* SceneDelegate.swift in Sources */ = {isa = PBXBuildFile; fileRef = AFAFEF84277F160900408F46 /* SceneDelegate.swift */; };
		AFAFEF87277F160900408F46 /* ViewController.swift in Sources */ = {isa = PBXBuildFile; fileRef = AFAFEF86277F160900408F46 /* ViewController.swift */; };
		AFAFEF8A277F160900408F46 /* Main.storyboard in Resources */ = {isa = PBXBuildFile; fileRef = AFAFEF88277F160900408F46 /* Main.storyboard */; };
		AFAFEF8D277F160900408F46 /* uswTimeTable1_0.xcdatamodeld in Sources */ = {isa = PBXBuildFile; fileRef = AFAFEF8B277F160900408F46 /* uswTimeTable1_0.xcdatamodeld */; };
		AFAFEF8F277F160B00408F46 /* Assets.xcassets in Resources */ = {isa = PBXBuildFile; fileRef = AFAFEF8E277F160B00408F46 /* Assets.xcassets */; };
		AFAFEF92277F160B00408F46 /* LaunchScreen.storyboard in Resources */ = {isa = PBXBuildFile; fileRef = AFAFEF90277F160B00408F46 /* LaunchScreen.storyboard */; };
		AFAFEF9A277F16AF00408F46 /* uswMakeSchedule.swift in Sources */ = {isa = PBXBuildFile; fileRef = AFAFEF99277F16AE00408F46 /* uswMakeSchedule.swift */; };
		AFF50AAB278737350048673B /* RealmSwift.framework in Frameworks */ = {isa = PBXBuildFile; fileRef = AFF50AAA278737350048673B /* RealmSwift.framework */; };
/* End PBXBuildFile section */

/* Begin PBXCopyFilesBuildPhase section */
		AFF50AAD278737350048673B /* Embed Frameworks */ = {
			isa = PBXCopyFilesBuildPhase;
			buildActionMask = 2147483647;
			dstPath = "";
			dstSubfolderSpec = 10;
			files = (
			);
			name = "Embed Frameworks";
			runOnlyForDeploymentPostprocessing = 0;
		};
/* End PBXCopyFilesBuildPhase section */

/* Begin PBXFileReference section */
		1CF9BD13474F307EA6838235 /* Pods_uswTimeTable1_0.framework */ = {isa = PBXFileReference; explicitFileType = wrapper.framework; includeInIndex = 0; path = Pods_uswTimeTable1_0.framework; sourceTree = BUILT_PRODUCTS_DIR; };
		AF49FD252785BDB70046BD6A /* listTimeTable.swift */ = {isa = PBXFileReference; lastKnownFileType = sourcecode.swift; path = listTimeTable.swift; sourceTree = "<group>"; };
		AF49FD272786DC2C0046BD6A /* timeTableDatabase.swift */ = {isa = PBXFileReference; lastKnownFileType = sourcecode.swift; path = timeTableDatabase.swift; sourceTree = "<group>"; };
		AF7AA1C527831F8500996874 /* showTimeTable.swift */ = {isa = PBXFileReference; lastKnownFileType = sourcecode.swift; path = showTimeTable.swift; sourceTree = "<group>"; };
		AFA725442781B6D1003EE008 /* firstSceneCheck.swift */ = {isa = PBXFileReference; lastKnownFileType = sourcecode.swift; path = firstSceneCheck.swift; sourceTree = "<group>"; };
		AFAFEF7F277F160900408F46 /* uswTimeTable1.0.app */ = {isa = PBXFileReference; explicitFileType = wrapper.application; includeInIndex = 0; path = uswTimeTable1.0.app; sourceTree = BUILT_PRODUCTS_DIR; };
		AFAFEF82277F160900408F46 /* AppDelegate.swift */ = {isa = PBXFileReference; lastKnownFileType = sourcecode.swift; path = AppDelegate.swift; sourceTree = "<group>"; };
		AFAFEF84277F160900408F46 /* SceneDelegate.swift */ = {isa = PBXFileReference; lastKnownFileType = sourcecode.swift; path = SceneDelegate.swift; sourceTree = "<group>"; };
		AFAFEF86277F160900408F46 /* ViewController.swift */ = {isa = PBXFileReference; lastKnownFileType = sourcecode.swift; path = ViewController.swift; sourceTree = "<group>"; };
		AFAFEF89277F160900408F46 /* Base */ = {isa = PBXFileReference; lastKnownFileType = file.storyboard; name = Base; path = Base.lproj/Main.storyboard; sourceTree = "<group>"; };
		AFAFEF8C277F160900408F46 /* uswTimeTable1_0.xcdatamodel */ = {isa = PBXFileReference; lastKnownFileType = wrapper.xcdatamodel; path = uswTimeTable1_0.xcdatamodel; sourceTree = "<group>"; };
		AFAFEF8E277F160B00408F46 /* Assets.xcassets */ = {isa = PBXFileReference; lastKnownFileType = folder.assetcatalog; path = Assets.xcassets; sourceTree = "<group>"; };
		AFAFEF91277F160B00408F46 /* Base */ = {isa = PBXFileReference; lastKnownFileType = file.storyboard; name = Base; path = Base.lproj/LaunchScreen.storyboard; sourceTree = "<group>"; };
		AFAFEF93277F160B00408F46 /* Info.plist */ = {isa = PBXFileReference; lastKnownFileType = text.plist.xml; path = Info.plist; sourceTree = "<group>"; };
		AFAFEF99277F16AE00408F46 /* uswMakeSchedule.swift */ = {isa = PBXFileReference; lastKnownFileType = sourcecode.swift; path = uswMakeSchedule.swift; sourceTree = "<group>"; };
		AFF50AAA278737350048673B /* RealmSwift.framework */ = {isa = PBXFileReference; explicitFileType = wrapper.framework; path = RealmSwift.framework; sourceTree = BUILT_PRODUCTS_DIR; };
		B308A7E7C18413C836AA9BDA /* Pods-uswTimeTable1.0.debug.xcconfig */ = {isa = PBXFileReference; includeInIndex = 1; lastKnownFileType = text.xcconfig; name = "Pods-uswTimeTable1.0.debug.xcconfig"; path = "Target Support Files/Pods-uswTimeTable1.0/Pods-uswTimeTable1.0.debug.xcconfig"; sourceTree = "<group>"; };
		D5E50ACC9E24CAF43B97EFA6 /* Pods-uswTimeTable1.0.release.xcconfig */ = {isa = PBXFileReference; includeInIndex = 1; lastKnownFileType = text.xcconfig; name = "Pods-uswTimeTable1.0.release.xcconfig"; path = "Target Support Files/Pods-uswTimeTable1.0/Pods-uswTimeTable1.0.release.xcconfig"; sourceTree = "<group>"; };
/* End PBXFileReference section */

/* Begin PBXFrameworksBuildPhase section */
		AFAFEF7C277F160900408F46 /* Frameworks */ = {
			isa = PBXFrameworksBuildPhase;
			buildActionMask = 2147483647;
			files = (
				AFA5ACD427873D2E00D63B81 /* RealmSwift in Frameworks */,
				AFF50AAB278737350048673B /* RealmSwift.framework in Frameworks */,
				1C04464AA0F7E71F905C0B33 /* Pods_uswTimeTable1_0.framework in Frameworks */,
			);
			runOnlyForDeploymentPostprocessing = 0;
		};
/* End PBXFrameworksBuildPhase section */

/* Begin PBXGroup section */
		09B03A0E0323D5F80514313E /* Frameworks */ = {
			isa = PBXGroup;
			children = (
				AFF50AAA278737350048673B /* RealmSwift.framework */,
				1CF9BD13474F307EA6838235 /* Pods_uswTimeTable1_0.framework */,
			);
			name = Frameworks;
			sourceTree = "<group>";
		};
		983B077980285A29B89AAAAF /* Pods */ = {
			isa = PBXGroup;
			children = (
				B308A7E7C18413C836AA9BDA /* Pods-uswTimeTable1.0.debug.xcconfig */,
				D5E50ACC9E24CAF43B97EFA6 /* Pods-uswTimeTable1.0.release.xcconfig */,
			);
			path = Pods;
			sourceTree = "<group>";
		};
		AFAFEF76277F160900408F46 = {
			isa = PBXGroup;
			children = (
				AFAFEF81277F160900408F46 /* uswTimeTable1.0 */,
				AFAFEF80277F160900408F46 /* Products */,
				983B077980285A29B89AAAAF /* Pods */,
				09B03A0E0323D5F80514313E /* Frameworks */,
			);
			sourceTree = "<group>";
		};
		AFAFEF80277F160900408F46 /* Products */ = {
			isa = PBXGroup;
			children = (
				AFAFEF7F277F160900408F46 /* uswTimeTable1.0.app */,
			);
			name = Products;
			sourceTree = "<group>";
		};
		AFAFEF81277F160900408F46 /* uswTimeTable1.0 */ = {
			isa = PBXGroup;
			children = (
				AF49FD272786DC2C0046BD6A /* timeTableDatabase.swift */,
				AFAFEF82277F160900408F46 /* AppDelegate.swift */,
				AFAFEF84277F160900408F46 /* SceneDelegate.swift */,
				AFAFEF86277F160900408F46 /* ViewController.swift */,
				AFA725442781B6D1003EE008 /* firstSceneCheck.swift */,
				AFAFEF99277F16AE00408F46 /* uswMakeSchedule.swift */,
				AF7AA1C527831F8500996874 /* showTimeTable.swift */,
				AF49FD252785BDB70046BD6A /* listTimeTable.swift */,
				AFAFEF88277F160900408F46 /* Main.storyboard */,
				AFAFEF8E277F160B00408F46 /* Assets.xcassets */,
				AFAFEF90277F160B00408F46 /* LaunchScreen.storyboard */,
				AFAFEF93277F160B00408F46 /* Info.plist */,
				AFAFEF8B277F160900408F46 /* uswTimeTable1_0.xcdatamodeld */,
			);
			path = uswTimeTable1.0;
			sourceTree = "<group>";
		};
/* End PBXGroup section */

/* Begin PBXNativeTarget section */
		AFAFEF7E277F160900408F46 /* uswTimeTable1.0 */ = {
			isa = PBXNativeTarget;
			buildConfigurationList = AFAFEF96277F160B00408F46 /* Build configuration list for PBXNativeTarget "uswTimeTable1.0" */;
			buildPhases = (
				14E44826FB41E0C14DE1CF75 /* [CP] Check Pods Manifest.lock */,
				AFAFEF7B277F160900408F46 /* Sources */,
				AFAFEF7C277F160900408F46 /* Frameworks */,
				AFAFEF7D277F160900408F46 /* Resources */,
				DBC19CDC06761CFE442988AA /* [CP] Embed Pods Frameworks */,
				AFF50AAD278737350048673B /* Embed Frameworks */,
			);
			buildRules = (
			);
			dependencies = (
			);
			name = uswTimeTable1.0;
			packageProductDependencies = (
				AFA5ACD327873D2E00D63B81 /* RealmSwift */,
			);
			productName = uswTimeTable1.0;
			productReference = AFAFEF7F277F160900408F46 /* uswTimeTable1.0.app */;
			productType = "com.apple.product-type.application";
		};
/* End PBXNativeTarget section */

/* Begin PBXProject section */
		AFAFEF77277F160900408F46 /* Project object */ = {
			isa = PBXProject;
			attributes = {
				BuildIndependentTargetsInParallel = 1;
				LastSwiftUpdateCheck = 1310;
				LastUpgradeCheck = 1310;
				TargetAttributes = {
					AFAFEF7E277F160900408F46 = {
						CreatedOnToolsVersion = 13.1;
					};
				};
			};
			buildConfigurationList = AFAFEF7A277F160900408F46 /* Build configuration list for PBXProject "uswTimeTable1.0" */;
			compatibilityVersion = "Xcode 13.0";
			developmentRegion = en;
			hasScannedForEncodings = 0;
			knownRegions = (
				en,
				Base,
			);
			mainGroup = AFAFEF76277F160900408F46;
			packageReferences = (
				AFA5ACD227873D2E00D63B81 /* XCRemoteSwiftPackageReference "realm-swift" */,
			);
			productRefGroup = AFAFEF80277F160900408F46 /* Products */;
			projectDirPath = "";
			projectRoot = "";
			targets = (
				AFAFEF7E277F160900408F46 /* uswTimeTable1.0 */,
			);
		};
/* End PBXProject section */

/* Begin PBXResourcesBuildPhase section */
		AFAFEF7D277F160900408F46 /* Resources */ = {
			isa = PBXResourcesBuildPhase;
			buildActionMask = 2147483647;
			files = (
				AFAFEF92277F160B00408F46 /* LaunchScreen.storyboard in Resources */,
				AFAFEF8F277F160B00408F46 /* Assets.xcassets in Resources */,
				AFAFEF8A277F160900408F46 /* Main.storyboard in Resources */,
			);
			runOnlyForDeploymentPostprocessing = 0;
		};
/* End PBXResourcesBuildPhase section */

/* Begin PBXShellScriptBuildPhase section */
		14E44826FB41E0C14DE1CF75 /* [CP] Check Pods Manifest.lock */ = {
			isa = PBXShellScriptBuildPhase;
			buildActionMask = 2147483647;
			files = (
			);
			inputFileListPaths = (
			);
			inputPaths = (
				"${PODS_PODFILE_DIR_PATH}/Podfile.lock",
				"${PODS_ROOT}/Manifest.lock",
			);
			name = "[CP] Check Pods Manifest.lock";
			outputFileListPaths = (
			);
			outputPaths = (
				"$(DERIVED_FILE_DIR)/Pods-uswTimeTable1.0-checkManifestLockResult.txt",
			);
			runOnlyForDeploymentPostprocessing = 0;
			shellPath = /bin/sh;
			shellScript = "diff \"${PODS_PODFILE_DIR_PATH}/Podfile.lock\" \"${PODS_ROOT}/Manifest.lock\" > /dev/null\nif [ $? != 0 ] ; then\n    # print error to STDERR\n    echo \"error: The sandbox is not in sync with the Podfile.lock. Run 'pod install' or update your CocoaPods installation.\" >&2\n    exit 1\nfi\n# This output is used by Xcode 'outputs' to avoid re-running this script phase.\necho \"SUCCESS\" > \"${SCRIPT_OUTPUT_FILE_0}\"\n";
			showEnvVarsInLog = 0;
		};
		DBC19CDC06761CFE442988AA /* [CP] Embed Pods Frameworks */ = {
			isa = PBXShellScriptBuildPhase;
			buildActionMask = 2147483647;
			files = (
			);
			inputFileListPaths = (
				"${PODS_ROOT}/Target Support Files/Pods-uswTimeTable1.0/Pods-uswTimeTable1.0-frameworks-${CONFIGURATION}-input-files.xcfilelist",
			);
			name = "[CP] Embed Pods Frameworks";
			outputFileListPaths = (
				"${PODS_ROOT}/Target Support Files/Pods-uswTimeTable1.0/Pods-uswTimeTable1.0-frameworks-${CONFIGURATION}-output-files.xcfilelist",
			);
			runOnlyForDeploymentPostprocessing = 0;
			shellPath = /bin/sh;
			shellScript = "\"${PODS_ROOT}/Target Support Files/Pods-uswTimeTable1.0/Pods-uswTimeTable1.0-frameworks.sh\"\n";
			showEnvVarsInLog = 0;
		};
/* End PBXShellScriptBuildPhase section */

/* Begin PBXSourcesBuildPhase section */
		AFAFEF7B277F160900408F46 /* Sources */ = {
			isa = PBXSourcesBuildPhase;
			buildActionMask = 2147483647;
			files = (
				AFAFEF9A277F16AF00408F46 /* uswMakeSchedule.swift in Sources */,
				AF49FD282786DC2C0046BD6A /* timeTableDatabase.swift in Sources */,
				AF49FD262785BDB70046BD6A /* listTimeTable.swift in Sources */,
				AF7AA1C627831F8500996874 /* showTimeTable.swift in Sources */,
				AFAFEF87277F160900408F46 /* ViewController.swift in Sources */,
				AFA725452781B6D1003EE008 /* firstSceneCheck.swift in Sources */,
				AFAFEF83277F160900408F46 /* AppDelegate.swift in Sources */,
				AFAFEF8D277F160900408F46 /* uswTimeTable1_0.xcdatamodeld in Sources */,
				AFAFEF85277F160900408F46 /* SceneDelegate.swift in Sources */,
			);
			runOnlyForDeploymentPostprocessing = 0;
		};
/* End PBXSourcesBuildPhase section */

/* Begin PBXVariantGroup section */
		AFAFEF88277F160900408F46 /* Main.storyboard */ = {
			isa = PBXVariantGroup;
			children = (
				AFAFEF89277F160900408F46 /* Base */,
			);
			name = Main.storyboard;
			sourceTree = "<group>";
		};
		AFAFEF90277F160B00408F46 /* LaunchScreen.storyboard */ = {
			isa = PBXVariantGroup;
			children = (
				AFAFEF91277F160B00408F46 /* Base */,
			);
			name = LaunchScreen.storyboard;
			sourceTree = "<group>";
		};
/* End PBXVariantGroup section */

/* Begin XCBuildConfiguration section */
		AFAFEF94277F160B00408F46 /* Debug */ = {
			isa = XCBuildConfiguration;
			buildSettings = {
				ALWAYS_SEARCH_USER_PATHS = NO;
				CLANG_ANALYZER_NONNULL = YES;
				CLANG_ANALYZER_NUMBER_OBJECT_CONVERSION = YES_AGGRESSIVE;
				CLANG_CXX_LANGUAGE_STANDARD = "gnu++17";
				CLANG_CXX_LIBRARY = "libc++";
				CLANG_ENABLE_MODULES = YES;
				CLANG_ENABLE_OBJC_ARC = YES;
				CLANG_ENABLE_OBJC_WEAK = YES;
				CLANG_WARN_BLOCK_CAPTURE_AUTORELEASING = YES;
				CLANG_WARN_BOOL_CONVERSION = YES;
				CLANG_WARN_COMMA = YES;
				CLANG_WARN_CONSTANT_CONVERSION = YES;
				CLANG_WARN_DEPRECATED_OBJC_IMPLEMENTATIONS = YES;
				CLANG_WARN_DIRECT_OBJC_ISA_USAGE = YES_ERROR;
				CLANG_WARN_DOCUMENTATION_COMMENTS = YES;
				CLANG_WARN_EMPTY_BODY = YES;
				CLANG_WARN_ENUM_CONVERSION = YES;
				CLANG_WARN_INFINITE_RECURSION = YES;
				CLANG_WARN_INT_CONVERSION = YES;
				CLANG_WARN_NON_LITERAL_NULL_CONVERSION = YES;
				CLANG_WARN_OBJC_IMPLICIT_RETAIN_SELF = YES;
				CLANG_WARN_OBJC_LITERAL_CONVERSION = YES;
				CLANG_WARN_OBJC_ROOT_CLASS = YES_ERROR;
				CLANG_WARN_QUOTED_INCLUDE_IN_FRAMEWORK_HEADER = YES;
				CLANG_WARN_RANGE_LOOP_ANALYSIS = YES;
				CLANG_WARN_STRICT_PROTOTYPES = YES;
				CLANG_WARN_SUSPICIOUS_MOVE = YES;
				CLANG_WARN_UNGUARDED_AVAILABILITY = YES_AGGRESSIVE;
				CLANG_WARN_UNREACHABLE_CODE = YES;
				CLANG_WARN__DUPLICATE_METHOD_MATCH = YES;
				COPY_PHASE_STRIP = NO;
				DEBUG_INFORMATION_FORMAT = dwarf;
				ENABLE_STRICT_OBJC_MSGSEND = YES;
				ENABLE_TESTABILITY = YES;
				GCC_C_LANGUAGE_STANDARD = gnu11;
				GCC_DYNAMIC_NO_PIC = NO;
				GCC_NO_COMMON_BLOCKS = YES;
				GCC_OPTIMIZATION_LEVEL = 0;
				GCC_PREPROCESSOR_DEFINITIONS = (
					"DEBUG=1",
					"$(inherited)",
				);
				GCC_WARN_64_TO_32_BIT_CONVERSION = YES;
				GCC_WARN_ABOUT_RETURN_TYPE = YES_ERROR;
				GCC_WARN_UNDECLARED_SELECTOR = YES;
				GCC_WARN_UNINITIALIZED_AUTOS = YES_AGGRESSIVE;
				GCC_WARN_UNUSED_FUNCTION = YES;
				GCC_WARN_UNUSED_VARIABLE = YES;
				IPHONEOS_DEPLOYMENT_TARGET = 15.0;
				MTL_ENABLE_DEBUG_INFO = INCLUDE_SOURCE;
				MTL_FAST_MATH = YES;
				ONLY_ACTIVE_ARCH = YES;
				SDKROOT = iphoneos;
				SWIFT_ACTIVE_COMPILATION_CONDITIONS = DEBUG;
				SWIFT_OPTIMIZATION_LEVEL = "-Onone";
			};
			name = Debug;
		};
		AFAFEF95277F160B00408F46 /* Release */ = {
			isa = XCBuildConfiguration;
			buildSettings = {
				ALWAYS_SEARCH_USER_PATHS = NO;
				CLANG_ANALYZER_NONNULL = YES;
				CLANG_ANALYZER_NUMBER_OBJECT_CONVERSION = YES_AGGRESSIVE;
				CLANG_CXX_LANGUAGE_STANDARD = "gnu++17";
				CLANG_CXX_LIBRARY = "libc++";
				CLANG_ENABLE_MODULES = YES;
				CLANG_ENABLE_OBJC_ARC = YES;
				CLANG_ENABLE_OBJC_WEAK = YES;
				CLANG_WARN_BLOCK_CAPTURE_AUTORELEASING = YES;
				CLANG_WARN_BOOL_CONVERSION = YES;
				CLANG_WARN_COMMA = YES;
				CLANG_WARN_CONSTANT_CONVERSION = YES;
				CLANG_WARN_DEPRECATED_OBJC_IMPLEMENTATIONS = YES;
				CLANG_WARN_DIRECT_OBJC_ISA_USAGE = YES_ERROR;
				CLANG_WARN_DOCUMENTATION_COMMENTS = YES;
				CLANG_WARN_EMPTY_BODY = YES;
				CLANG_WARN_ENUM_CONVERSION = YES;
				CLANG_WARN_INFINITE_RECURSION = YES;
				CLANG_WARN_INT_CONVERSION = YES;
				CLANG_WARN_NON_LITERAL_NULL_CONVERSION = YES;
				CLANG_WARN_OBJC_IMPLICIT_RETAIN_SELF = YES;
				CLANG_WARN_OBJC_LITERAL_CONVERSION = YES;
				CLANG_WARN_OBJC_ROOT_CLASS = YES_ERROR;
				CLANG_WARN_QUOTED_INCLUDE_IN_FRAMEWORK_HEADER = YES;
				CLANG_WARN_RANGE_LOOP_ANALYSIS = YES;
				CLANG_WARN_STRICT_PROTOTYPES = YES;
				CLANG_WARN_SUSPICIOUS_MOVE = YES;
				CLANG_WARN_UNGUARDED_AVAILABILITY = YES_AGGRESSIVE;
				CLANG_WARN_UNREACHABLE_CODE = YES;
				CLANG_WARN__DUPLICATE_METHOD_MATCH = YES;
				COPY_PHASE_STRIP = NO;
				DEBUG_INFORMATION_FORMAT = "dwarf-with-dsym";
				ENABLE_NS_ASSERTIONS = NO;
				ENABLE_STRICT_OBJC_MSGSEND = YES;
				GCC_C_LANGUAGE_STANDARD = gnu11;
				GCC_NO_COMMON_BLOCKS = YES;
				GCC_WARN_64_TO_32_BIT_CONVERSION = YES;
				GCC_WARN_ABOUT_RETURN_TYPE = YES_ERROR;
				GCC_WARN_UNDECLARED_SELECTOR = YES;
				GCC_WARN_UNINITIALIZED_AUTOS = YES_AGGRESSIVE;
				GCC_WARN_UNUSED_FUNCTION = YES;
				GCC_WARN_UNUSED_VARIABLE = YES;
				IPHONEOS_DEPLOYMENT_TARGET = 15.0;
				MTL_ENABLE_DEBUG_INFO = NO;
				MTL_FAST_MATH = YES;
				SDKROOT = iphoneos;
				SWIFT_COMPILATION_MODE = wholemodule;
				SWIFT_OPTIMIZATION_LEVEL = "-O";
				VALIDATE_PRODUCT = YES;
			};
			name = Release;
		};
		AFAFEF97277F160B00408F46 /* Debug */ = {
			isa = XCBuildConfiguration;
			baseConfigurationReference = B308A7E7C18413C836AA9BDA /* Pods-uswTimeTable1.0.debug.xcconfig */;
			buildSettings = {
				ASSETCATALOG_COMPILER_APPICON_NAME = AppIcon;
				ASSETCATALOG_COMPILER_GLOBAL_ACCENT_COLOR_NAME = AccentColor;
				CODE_SIGN_STYLE = Automatic;
				CURRENT_PROJECT_VERSION = 1;
				DEVELOPMENT_TEAM = 8R3N359429;
				GENERATE_INFOPLIST_FILE = YES;
				INFOPLIST_FILE = uswTimeTable1.0/Info.plist;
				INFOPLIST_KEY_UIApplicationSupportsIndirectInputEvents = YES;
				INFOPLIST_KEY_UILaunchStoryboardName = LaunchScreen;
				INFOPLIST_KEY_UISupportedInterfaceOrientations_iPad = "UIInterfaceOrientationPortrait UIInterfaceOrientationPortraitUpsideDown UIInterfaceOrientationLandscapeLeft UIInterfaceOrientationLandscapeRight";
				INFOPLIST_KEY_UISupportedInterfaceOrientations_iPhone = "UIInterfaceOrientationPortrait UIInterfaceOrientationLandscapeLeft UIInterfaceOrientationLandscapeRight";
				LD_RUNPATH_SEARCH_PATHS = (
					"$(inherited)",
					"@executable_path/Frameworks",
				);
				MARKETING_VERSION = 1.0;
				PRODUCT_BUNDLE_IDENTIFIER = "com.sozohoy.uswTimeTable1-0";
				PRODUCT_NAME = "$(TARGET_NAME)";
				SWIFT_EMIT_LOC_STRINGS = YES;
				SWIFT_VERSION = 5.0;
				TARGETED_DEVICE_FAMILY = "1,2";
			};
			name = Debug;
		};
		AFAFEF98277F160B00408F46 /* Release */ = {
			isa = XCBuildConfiguration;
			baseConfigurationReference = D5E50ACC9E24CAF43B97EFA6 /* Pods-uswTimeTable1.0.release.xcconfig */;
			buildSettings = {
				ASSETCATALOG_COMPILER_APPICON_NAME = AppIcon;
				ASSETCATALOG_COMPILER_GLOBAL_ACCENT_COLOR_NAME = AccentColor;
				CODE_SIGN_STYLE = Automatic;
				CURRENT_PROJECT_VERSION = 1;
				DEVELOPMENT_TEAM = 8R3N359429;
				GENERATE_INFOPLIST_FILE = YES;
				INFOPLIST_FILE = uswTimeTable1.0/Info.plist;
				INFOPLIST_KEY_UIApplicationSupportsIndirectInputEvents = YES;
				INFOPLIST_KEY_UILaunchStoryboardName = LaunchScreen;
				INFOPLIST_KEY_UISupportedInterfaceOrientations_iPad = "UIInterfaceOrientationPortrait UIInterfaceOrientationPortraitUpsideDown UIInterfaceOrientationLandscapeLeft UIInterfaceOrientationLandscapeRight";
				INFOPLIST_KEY_UISupportedInterfaceOrientations_iPhone = "UIInterfaceOrientationPortrait UIInterfaceOrientationLandscapeLeft UIInterfaceOrientationLandscapeRight";
				LD_RUNPATH_SEARCH_PATHS = (
					"$(inherited)",
					"@executable_path/Frameworks",
				);
				MARKETING_VERSION = 1.0;
				PRODUCT_BUNDLE_IDENTIFIER = "com.sozohoy.uswTimeTable1-0";
				PRODUCT_NAME = "$(TARGET_NAME)";
				SWIFT_EMIT_LOC_STRINGS = YES;
				SWIFT_VERSION = 5.0;
				TARGETED_DEVICE_FAMILY = "1,2";
			};
			name = Release;
		};
/* End XCBuildConfiguration section */

/* Begin XCConfigurationList section */
		AFAFEF7A277F160900408F46 /* Build configuration list for PBXProject "uswTimeTable1.0" */ = {
			isa = XCConfigurationList;
			buildConfigurations = (
				AFAFEF94277F160B00408F46 /* Debug */,
				AFAFEF95277F160B00408F46 /* Release */,
			);
			defaultConfigurationIsVisible = 0;
			defaultConfigurationName = Release;
		};
		AFAFEF96277F160B00408F46 /* Build configuration list for PBXNativeTarget "uswTimeTable1.0" */ = {
			isa = XCConfigurationList;
			buildConfigurations = (
				AFAFEF97277F160B00408F46 /* Debug */,
				AFAFEF98277F160B00408F46 /* Release */,
			);
			defaultConfigurationIsVisible = 0;
			defaultConfigurationName = Release;
		};
/* End XCConfigurationList section */

/* Begin XCRemoteSwiftPackageReference section */
		AFA5ACD227873D2E00D63B81 /* XCRemoteSwiftPackageReference "realm-swift" */ = {
			isa = XCRemoteSwiftPackageReference;
			repositoryURL = "https://github.com/realm/realm-swift.git";
			requirement = {
				branch = master;
				kind = branch;
			};
		};
/* End XCRemoteSwiftPackageReference section */

/* Begin XCSwiftPackageProductDependency section */
		AFA5ACD327873D2E00D63B81 /* RealmSwift */ = {
			isa = XCSwiftPackageProductDependency;
			package = AFA5ACD227873D2E00D63B81 /* XCRemoteSwiftPackageReference "realm-swift" */;
			productName = RealmSwift;
		};
/* End XCSwiftPackageProductDependency section */

/* Begin XCVersionGroup section */
		AFAFEF8B277F160900408F46 /* uswTimeTable1_0.xcdatamodeld */ = {
			isa = XCVersionGroup;
			children = (
				AFAFEF8C277F160900408F46 /* uswTimeTable1_0.xcdatamodel */,
			);
			currentVersion = AFAFEF8C277F160900408F46 /* uswTimeTable1_0.xcdatamodel */;
			path = uswTimeTable1_0.xcdatamodeld;
			sourceTree = "<group>";
			versionGroupType = wrapper.xcdatamodel;
		};
/* End XCVersionGroup section */
	};
	rootObject = AFAFEF77277F160900408F46 /* Project object */;
}
