// !$*UTF8*$!
{
	archiveVersion = 1;
	classes = {
	};
	objectVersion = 56;
	objects = {

/* Begin PBXBuildFile section */
		5243E4613CE5241D051238F9 /* Pods_App.framework in Frameworks */ = {isa = PBXBuildFile; fileRef = F8F7E19023D252409287EA1C /* Pods_App.framework */; };
		97645CCDAA4889D0ED20218C /* Pods_TimetableWidgetExtension.framework in Frameworks */ = {isa = PBXBuildFile; fileRef = 0D7643F12247A4141B77EFB6 /* Pods_TimetableWidgetExtension.framework */; };
		AF01FBED2BE39E6000F0EAD0 /* SuwikiTimetable.xcdatamodeld in Sources */ = {isa = PBXBuildFile; fileRef = AF01FBEB2BE39E6000F0EAD0 /* SuwikiTimetable.xcdatamodeld */; };
		AF01FBEE2BE39E6000F0EAD0 /* SuwikiTimetable.xcdatamodeld in Sources */ = {isa = PBXBuildFile; fileRef = AF01FBEB2BE39E6000F0EAD0 /* SuwikiTimetable.xcdatamodeld */; };
		AF065E1A2B70C24C00676752 /* AppState.swift in Sources */ = {isa = PBXBuildFile; fileRef = AF065E192B70C24C00676752 /* AppState.swift */; };
		AF23C0F62C06271500681EB7 /* DataTests.xctest in Embed Foundation Extensions */ = {isa = PBXBuildFile; fileRef = AF3819832C056731008ADF1C /* DataTests.xctest */; settings = {ATTRIBUTES = (CodeSignOnCopy, RemoveHeadersOnCopy, ); }; };
		AF2F7F4D2C26A763000E768A /* CoreDataManager.swift in Sources */ = {isa = PBXBuildFile; fileRef = AFEC86982A3771C6008C5781 /* CoreDataManager.swift */; };
		AF3617CF2BCE62F70019185A /* DIContainer in Frameworks */ = {isa = PBXBuildFile; productRef = AF3617CE2BCE62F70019185A /* DIContainer */; };
		AF3617D12BCE62F70019185A /* FirebaseManager in Frameworks */ = {isa = PBXBuildFile; productRef = AF3617D02BCE62F70019185A /* FirebaseManager */; };
		AF3617D32BCE62F70019185A /* Keychain in Frameworks */ = {isa = PBXBuildFile; productRef = AF3617D22BCE62F70019185A /* Keychain */; };
		AF3617D52BCE62F70019185A /* Network in Frameworks */ = {isa = PBXBuildFile; productRef = AF3617D42BCE62F70019185A /* Network */; };
		AF3617D72BCE62F70019185A /* State in Frameworks */ = {isa = PBXBuildFile; productRef = AF3617D62BCE62F70019185A /* State */; };
		AF3BC26F2BCF4F0300ED9C67 /* FirebaseManager in Frameworks */ = {isa = PBXBuildFile; productRef = AF3BC26E2BCF4F0300ED9C67 /* FirebaseManager */; };
		AF3C07482A349A3A00806AEE /* GoogleService-Info.plist in Resources */ = {isa = PBXBuildFile; fileRef = AF3C07472A349A3A00806AEE /* GoogleService-Info.plist */; };
		AF5A4D5A2BE8F1420015D214 /* Common.framework in Frameworks */ = {isa = PBXBuildFile; fileRef = AF60AA982BE504FE00454E7C /* Common.framework */; };
		AF5A4D5B2BE8F1420015D214 /* Common.framework in Embed Frameworks */ = {isa = PBXBuildFile; fileRef = AF60AA982BE504FE00454E7C /* Common.framework */; settings = {ATTRIBUTES = (CodeSignOnCopy, RemoveHeadersOnCopy, ); }; };
		AF5A4D5D2BE8F1430015D214 /* Data.framework in Frameworks */ = {isa = PBXBuildFile; fileRef = AF01FCF62BE4EB1900F0EAD0 /* Data.framework */; };
		AF5A4D5E2BE8F1430015D214 /* Data.framework in Embed Frameworks */ = {isa = PBXBuildFile; fileRef = AF01FCF62BE4EB1900F0EAD0 /* Data.framework */; settings = {ATTRIBUTES = (CodeSignOnCopy, RemoveHeadersOnCopy, ); }; };
		AF5A4D5F2BE8F1440015D214 /* Domain.framework in Frameworks */ = {isa = PBXBuildFile; fileRef = AF01FC4E2BE3A67800F0EAD0 /* Domain.framework */; };
		AF5A4D602BE8F1440015D214 /* Domain.framework in Embed Frameworks */ = {isa = PBXBuildFile; fileRef = AF01FC4E2BE3A67800F0EAD0 /* Domain.framework */; settings = {ATTRIBUTES = (CodeSignOnCopy, RemoveHeadersOnCopy, ); }; };
		AF5C84CC2BCF509D007D5409 /* FirebaseAnalytics in Frameworks */ = {isa = PBXBuildFile; productRef = AF5C84CB2BCF509D007D5409 /* FirebaseAnalytics */; };
		AF5C84CE2BCF509D007D5409 /* FirebaseAuth in Frameworks */ = {isa = PBXBuildFile; productRef = AF5C84CD2BCF509D007D5409 /* FirebaseAuth */; };
		AF5C84D02BCF509D007D5409 /* FirebaseDatabase in Frameworks */ = {isa = PBXBuildFile; productRef = AF5C84CF2BCF509D007D5409 /* FirebaseDatabase */; };
		AF5C84D22BCF509D007D5409 /* FirebaseRemoteConfig in Frameworks */ = {isa = PBXBuildFile; productRef = AF5C84D12BCF509D007D5409 /* FirebaseRemoteConfig */; };
		AF5C84D42BCF50B8007D5409 /* FirebaseAnalytics in Frameworks */ = {isa = PBXBuildFile; productRef = AF5C84D32BCF50B8007D5409 /* FirebaseAnalytics */; };
		AF5C84D62BCF50B8007D5409 /* FirebaseAuth in Frameworks */ = {isa = PBXBuildFile; productRef = AF5C84D52BCF50B8007D5409 /* FirebaseAuth */; };
		AF5C84D82BCF50B8007D5409 /* FirebaseDatabase in Frameworks */ = {isa = PBXBuildFile; productRef = AF5C84D72BCF50B8007D5409 /* FirebaseDatabase */; };
		AF5C84DA2BCF50B8007D5409 /* FirebaseRemoteConfig in Frameworks */ = {isa = PBXBuildFile; productRef = AF5C84D92BCF50B8007D5409 /* FirebaseRemoteConfig */; };
		AF6D5A182BE7B779007ED08E /* Data.framework in Frameworks */ = {isa = PBXBuildFile; fileRef = AF01FCF62BE4EB1900F0EAD0 /* Data.framework */; };
		AF6D5A192BE7B779007ED08E /* Data.framework in Embed Frameworks */ = {isa = PBXBuildFile; fileRef = AF01FCF62BE4EB1900F0EAD0 /* Data.framework */; settings = {ATTRIBUTES = (CodeSignOnCopy, RemoveHeadersOnCopy, ); }; };
		AF7A0BE42BE7B82E00A9885C /* Domain.framework in Frameworks */ = {isa = PBXBuildFile; fileRef = AF01FC4E2BE3A67800F0EAD0 /* Domain.framework */; };
		AF7A0BE52BE7B82E00A9885C /* Domain.framework in Embed Frameworks */ = {isa = PBXBuildFile; fileRef = AF01FC4E2BE3A67800F0EAD0 /* Domain.framework */; settings = {ATTRIBUTES = (CodeSignOnCopy, RemoveHeadersOnCopy, ); }; };
		AF7A0BE62BE7B89800A9885C /* Common.framework in Frameworks */ = {isa = PBXBuildFile; fileRef = AF60AA982BE504FE00454E7C /* Common.framework */; };
		AF7A0BE72BE7B89900A9885C /* Common.framework in Embed Frameworks */ = {isa = PBXBuildFile; fileRef = AF60AA982BE504FE00454E7C /* Common.framework */; settings = {ATTRIBUTES = (CodeSignOnCopy, RemoveHeadersOnCopy, ); }; };
		AF7DF1EC2B64EFB100C2CF4E /* AppEnvironment.swift in Sources */ = {isa = PBXBuildFile; fileRef = AF7DF1EB2B64EFB100C2CF4E /* AppEnvironment.swift */; };
		AF9907BE2B554FCF00EF0D91 /* CoreDataManager+Create.swift in Sources */ = {isa = PBXBuildFile; fileRef = AF057A132A77F35C004577E7 /* CoreDataManager+Create.swift */; };
		AF9907C32B564AFD00EF0D91 /* TimetableWidgetViewModel.swift in Sources */ = {isa = PBXBuildFile; fileRef = AF9907C22B564AFD00EF0D91 /* TimetableWidgetViewModel.swift */; };
		AF9907C42B564EA600EF0D91 /* TimetableWidgetViewModel.swift in Sources */ = {isa = PBXBuildFile; fileRef = AF9907C22B564AFD00EF0D91 /* TimetableWidgetViewModel.swift */; };
		AF9907C62B564FCA00EF0D91 /* CourseForWidget.swift in Sources */ = {isa = PBXBuildFile; fileRef = AF9907C52B564FCA00EF0D91 /* CourseForWidget.swift */; };
		AF9907C72B56542400EF0D91 /* CourseForWidget.swift in Sources */ = {isa = PBXBuildFile; fileRef = AF9907C52B564FCA00EF0D91 /* CourseForWidget.swift */; };
		AF9907CD2B566F7600EF0D91 /* TimetableWidgetMedium.swift in Sources */ = {isa = PBXBuildFile; fileRef = AF9907CC2B566F7600EF0D91 /* TimetableWidgetMedium.swift */; };
		AF9907CE2B566F8700EF0D91 /* TimetableWidgetMedium.swift in Sources */ = {isa = PBXBuildFile; fileRef = AF9907CC2B566F7600EF0D91 /* TimetableWidgetMedium.swift */; };
		AF9907D02B566FC100EF0D91 /* TimetableWidgetCell.swift in Sources */ = {isa = PBXBuildFile; fileRef = AF9907CF2B566FC100EF0D91 /* TimetableWidgetCell.swift */; };
		AF9907D22B566FD800EF0D91 /* TimetableWidgetSmall.swift in Sources */ = {isa = PBXBuildFile; fileRef = AF9907D12B566FD800EF0D91 /* TimetableWidgetSmall.swift */; };
		AF9907D42B5670F100EF0D91 /* TimetableWidgetCell.swift in Sources */ = {isa = PBXBuildFile; fileRef = AF9907CF2B566FC100EF0D91 /* TimetableWidgetCell.swift */; };
		AFBEF3452B4417A50047DDC3 /* WidgetKit.framework in Frameworks */ = {isa = PBXBuildFile; fileRef = AFBEF3292B44115C0047DDC3 /* WidgetKit.framework */; };
		AFBEF3462B4417A50047DDC3 /* SwiftUI.framework in Frameworks */ = {isa = PBXBuildFile; fileRef = AFBEF32B2B44115C0047DDC3 /* SwiftUI.framework */; };
		AFBEF3492B4417A50047DDC3 /* TimetableWidgetBundle.swift in Sources */ = {isa = PBXBuildFile; fileRef = AFBEF3482B4417A50047DDC3 /* TimetableWidgetBundle.swift */; };
		AFBEF34B2B4417A50047DDC3 /* TimetableWidget.swift in Sources */ = {isa = PBXBuildFile; fileRef = AFBEF34A2B4417A50047DDC3 /* TimetableWidget.swift */; };
		AFBEF34D2B4417A70047DDC3 /* Assets.xcassets in Resources */ = {isa = PBXBuildFile; fileRef = AFBEF34C2B4417A70047DDC3 /* Assets.xcassets */; };
		AFBEF3512B4417A70047DDC3 /* TimetableWidgetExtension.appex in Embed Foundation Extensions */ = {isa = PBXBuildFile; fileRef = AFBEF3442B4417A50047DDC3 /* TimetableWidgetExtension.appex */; settings = {ATTRIBUTES = (RemoveHeadersOnCopy, ); }; };
		AFE18EF52A1C8ABF009D4D58 /* AppDelegate.swift in Sources */ = {isa = PBXBuildFile; fileRef = AFE18EF42A1C8ABF009D4D58 /* AppDelegate.swift */; };
		AFE18EF72A1C8ABF009D4D58 /* SceneDelegate.swift in Sources */ = {isa = PBXBuildFile; fileRef = AFE18EF62A1C8ABF009D4D58 /* SceneDelegate.swift */; };
		AFE18F012A1C8AC1009D4D58 /* Assets.xcassets in Resources */ = {isa = PBXBuildFile; fileRef = AFE18F002A1C8AC1009D4D58 /* Assets.xcassets */; };
		AFE18F042A1C8AC1009D4D58 /* LaunchScreen.storyboard in Resources */ = {isa = PBXBuildFile; fileRef = AFE18F022A1C8AC1009D4D58 /* LaunchScreen.storyboard */; };
		AFE42CEE2C8081310087D551 /* Presentation.framework in Frameworks */ = {isa = PBXBuildFile; fileRef = AF9C40112C78B68D00F3D0B9 /* Presentation.framework */; };
		AFE42CEF2C8081310087D551 /* Presentation.framework in Embed Frameworks */ = {isa = PBXBuildFile; fileRef = AF9C40112C78B68D00F3D0B9 /* Presentation.framework */; settings = {ATTRIBUTES = (CodeSignOnCopy, RemoveHeadersOnCopy, ); }; };
		AFEC86992A3771C6008C5781 /* CoreDataManager.swift in Sources */ = {isa = PBXBuildFile; fileRef = AFEC86982A3771C6008C5781 /* CoreDataManager.swift */; };
/* End PBXBuildFile section */

/* Begin PBXContainerItemProxy section */
		AF01FC4D2BE3A67800F0EAD0 /* PBXContainerItemProxy */ = {
			isa = PBXContainerItemProxy;
			containerPortal = AF01FC482BE3A67800F0EAD0 /* Domain.xcodeproj */;
			proxyType = 2;
			remoteGlobalIDString = AF01FC1B2BE3A65600F0EAD0;
			remoteInfo = Domain;
		};
		AF01FC4F2BE3A67800F0EAD0 /* PBXContainerItemProxy */ = {
			isa = PBXContainerItemProxy;
			containerPortal = AF01FC482BE3A67800F0EAD0 /* Domain.xcodeproj */;
			proxyType = 2;
			remoteGlobalIDString = AF01FC232BE3A65600F0EAD0;
			remoteInfo = DomainTests;
		};
		AF01FCF52BE4EB1900F0EAD0 /* PBXContainerItemProxy */ = {
			isa = PBXContainerItemProxy;
			containerPortal = AF01FCF02BE4EB1800F0EAD0 /* Data.xcodeproj */;
			proxyType = 2;
			remoteGlobalIDString = AF01FBF92BE3A64700F0EAD0;
			remoteInfo = Data;
		};
		AF3819822C056731008ADF1C /* PBXContainerItemProxy */ = {
			isa = PBXContainerItemProxy;
			containerPortal = AF01FCF02BE4EB1800F0EAD0 /* Data.xcodeproj */;
			proxyType = 2;
			remoteGlobalIDString = AF88DD2D2C045A8600030825;
			remoteInfo = DataTests;
		};
		AF60AA972BE504FE00454E7C /* PBXContainerItemProxy */ = {
			isa = PBXContainerItemProxy;
			containerPortal = AF60AA922BE504FE00454E7C /* Common.xcodeproj */;
			proxyType = 2;
			remoteGlobalIDString = AF60AA7A2BE504EB00454E7C;
			remoteInfo = Common;
		};
		AF60AA992BE504FE00454E7C /* PBXContainerItemProxy */ = {
			isa = PBXContainerItemProxy;
			containerPortal = AF60AA922BE504FE00454E7C /* Common.xcodeproj */;
			proxyType = 2;
			remoteGlobalIDString = AF60AA822BE504EC00454E7C;
			remoteInfo = CommonTests;
		};
		AF9C40102C78B68D00F3D0B9 /* PBXContainerItemProxy */ = {
			isa = PBXContainerItemProxy;
			containerPortal = AF9C400B2C78B68D00F3D0B9 /* Presentation.xcodeproj */;
			proxyType = 2;
			remoteGlobalIDString = AF9C3FF02C78B66A00F3D0B9;
			remoteInfo = Presentation;
		};
		AF9C40122C78B68D00F3D0B9 /* PBXContainerItemProxy */ = {
			isa = PBXContainerItemProxy;
			containerPortal = AF9C400B2C78B68D00F3D0B9 /* Presentation.xcodeproj */;
			proxyType = 2;
			remoteGlobalIDString = AF9C3FF82C78B66A00F3D0B9;
			remoteInfo = PresentationTests;
		};
		AFBEF34F2B4417A70047DDC3 /* PBXContainerItemProxy */ = {
			isa = PBXContainerItemProxy;
			containerPortal = AFE18EE92A1C8ABF009D4D58 /* Project object */;
			proxyType = 1;
			remoteGlobalIDString = AFBEF3432B4417A50047DDC3;
			remoteInfo = TimetableWidgetExtension;
		};
/* End PBXContainerItemProxy section */

/* Begin PBXCopyFilesBuildPhase section */
		AF5A4D5C2BE8F1420015D214 /* Embed Frameworks */ = {
			isa = PBXCopyFilesBuildPhase;
			buildActionMask = 2147483647;
			dstPath = "";
			dstSubfolderSpec = 10;
			files = (
				AF5A4D602BE8F1440015D214 /* Domain.framework in Embed Frameworks */,
				AF5A4D5E2BE8F1430015D214 /* Data.framework in Embed Frameworks */,
				AFE42CEF2C8081310087D551 /* Presentation.framework in Embed Frameworks */,
				AF5A4D5B2BE8F1420015D214 /* Common.framework in Embed Frameworks */,
			);
			name = "Embed Frameworks";
			runOnlyForDeploymentPostprocessing = 0;
		};
		AF6D5A1A2BE7B779007ED08E /* Embed Frameworks */ = {
			isa = PBXCopyFilesBuildPhase;
			buildActionMask = 2147483647;
			dstPath = "";
			dstSubfolderSpec = 10;
			files = (
				AF7A0BE72BE7B89900A9885C /* Common.framework in Embed Frameworks */,
				AF7A0BE52BE7B82E00A9885C /* Domain.framework in Embed Frameworks */,
				AF6D5A192BE7B779007ED08E /* Data.framework in Embed Frameworks */,
			);
			name = "Embed Frameworks";
			runOnlyForDeploymentPostprocessing = 0;
		};
		AFBEF3552B4417A70047DDC3 /* Embed Foundation Extensions */ = {
			isa = PBXCopyFilesBuildPhase;
			buildActionMask = 2147483647;
			dstPath = "";
			dstSubfolderSpec = 13;
			files = (
				AF23C0F62C06271500681EB7 /* DataTests.xctest in Embed Foundation Extensions */,
				AFBEF3512B4417A70047DDC3 /* TimetableWidgetExtension.appex in Embed Foundation Extensions */,
			);
			name = "Embed Foundation Extensions";
			runOnlyForDeploymentPostprocessing = 0;
		};
/* End PBXCopyFilesBuildPhase section */

/* Begin PBXFileReference section */
		0D7643F12247A4141B77EFB6 /* Pods_TimetableWidgetExtension.framework */ = {isa = PBXFileReference; explicitFileType = wrapper.framework; includeInIndex = 0; path = Pods_TimetableWidgetExtension.framework; sourceTree = BUILT_PRODUCTS_DIR; };
		0D897B4F4A44DD499C8D7977 /* Pods-TimetableWidgetExtension.release.xcconfig */ = {isa = PBXFileReference; includeInIndex = 1; lastKnownFileType = text.xcconfig; name = "Pods-TimetableWidgetExtension.release.xcconfig"; path = "Target Support Files/Pods-TimetableWidgetExtension/Pods-TimetableWidgetExtension.release.xcconfig"; sourceTree = "<group>"; };
		40B84C32B9945460CE3AE18A /* Pods-TimetableWidgetExtension.debug.xcconfig */ = {isa = PBXFileReference; includeInIndex = 1; lastKnownFileType = text.xcconfig; name = "Pods-TimetableWidgetExtension.debug.xcconfig"; path = "Target Support Files/Pods-TimetableWidgetExtension/Pods-TimetableWidgetExtension.debug.xcconfig"; sourceTree = "<group>"; };
		57459FACBD5F39C1F89F6786 /* Pods-App.release.xcconfig */ = {isa = PBXFileReference; includeInIndex = 1; lastKnownFileType = text.xcconfig; name = "Pods-App.release.xcconfig"; path = "Target Support Files/Pods-App/Pods-App.release.xcconfig"; sourceTree = "<group>"; };
		AF01FBEC2BE39E6000F0EAD0 /* SuwikiTimetable.xcdatamodel */ = {isa = PBXFileReference; lastKnownFileType = wrapper.xcdatamodel; path = SuwikiTimetable.xcdatamodel; sourceTree = "<group>"; };
		AF01FC482BE3A67800F0EAD0 /* Domain.xcodeproj */ = {isa = PBXFileReference; lastKnownFileType = "wrapper.pb-project"; name = Domain.xcodeproj; path = Domain/Domain.xcodeproj; sourceTree = "<group>"; };
		AF01FCF02BE4EB1800F0EAD0 /* Data.xcodeproj */ = {isa = PBXFileReference; lastKnownFileType = "wrapper.pb-project"; name = Data.xcodeproj; path = Data/Data.xcodeproj; sourceTree = "<group>"; };
		AF057A132A77F35C004577E7 /* CoreDataManager+Create.swift */ = {isa = PBXFileReference; lastKnownFileType = sourcecode.swift; path = "CoreDataManager+Create.swift"; sourceTree = "<group>"; };
		AF065E192B70C24C00676752 /* AppState.swift */ = {isa = PBXFileReference; lastKnownFileType = sourcecode.swift; path = AppState.swift; sourceTree = "<group>"; };
		AF3617C92BCE61540019185A /* Core */ = {isa = PBXFileReference; lastKnownFileType = wrapper; path = Core; sourceTree = "<group>"; };
		AF3617ED2BCE69AF0019185A /* FirebaseCore.framework */ = {isa = PBXFileReference; explicitFileType = wrapper.framework; path = FirebaseCore.framework; sourceTree = BUILT_PRODUCTS_DIR; };
		AF3617F12BCE6A3E0019185A /* FirebaseCore.framework */ = {isa = PBXFileReference; explicitFileType = wrapper.framework; path = FirebaseCore.framework; sourceTree = BUILT_PRODUCTS_DIR; };
		AF3C07472A349A3A00806AEE /* GoogleService-Info.plist */ = {isa = PBXFileReference; fileEncoding = 4; lastKnownFileType = text.plist.xml; path = "GoogleService-Info.plist"; sourceTree = "<group>"; };
		AF60AA922BE504FE00454E7C /* Common.xcodeproj */ = {isa = PBXFileReference; lastKnownFileType = "wrapper.pb-project"; name = Common.xcodeproj; path = Common/Common.xcodeproj; sourceTree = "<group>"; };
		AF7DF1EB2B64EFB100C2CF4E /* AppEnvironment.swift */ = {isa = PBXFileReference; lastKnownFileType = sourcecode.swift; path = AppEnvironment.swift; sourceTree = "<group>"; };
		AF86F18A2B4AEAB20001904A /* SUWIKI.entitlements */ = {isa = PBXFileReference; lastKnownFileType = text.plist.entitlements; path = SUWIKI.entitlements; sourceTree = "<group>"; };
		AF86F18B2B4AEAFD0001904A /* TimetableWidgetExtension.entitlements */ = {isa = PBXFileReference; lastKnownFileType = text.plist.entitlements; path = TimetableWidgetExtension.entitlements; sourceTree = "<group>"; };
		AF9907C22B564AFD00EF0D91 /* TimetableWidgetViewModel.swift */ = {isa = PBXFileReference; lastKnownFileType = sourcecode.swift; path = TimetableWidgetViewModel.swift; sourceTree = "<group>"; };
		AF9907C52B564FCA00EF0D91 /* CourseForWidget.swift */ = {isa = PBXFileReference; lastKnownFileType = sourcecode.swift; path = CourseForWidget.swift; sourceTree = "<group>"; };
		AF9907CC2B566F7600EF0D91 /* TimetableWidgetMedium.swift */ = {isa = PBXFileReference; lastKnownFileType = sourcecode.swift; path = TimetableWidgetMedium.swift; sourceTree = "<group>"; };
		AF9907CF2B566FC100EF0D91 /* TimetableWidgetCell.swift */ = {isa = PBXFileReference; lastKnownFileType = sourcecode.swift; path = TimetableWidgetCell.swift; sourceTree = "<group>"; };
		AF9907D12B566FD800EF0D91 /* TimetableWidgetSmall.swift */ = {isa = PBXFileReference; lastKnownFileType = sourcecode.swift; path = TimetableWidgetSmall.swift; sourceTree = "<group>"; };
		AF9C400B2C78B68D00F3D0B9 /* Presentation.xcodeproj */ = {isa = PBXFileReference; lastKnownFileType = "wrapper.pb-project"; name = Presentation.xcodeproj; path = Presentation/Presentation.xcodeproj; sourceTree = "<group>"; };
		AFBEF3292B44115C0047DDC3 /* WidgetKit.framework */ = {isa = PBXFileReference; lastKnownFileType = wrapper.framework; name = WidgetKit.framework; path = System/Library/Frameworks/WidgetKit.framework; sourceTree = SDKROOT; };
		AFBEF32B2B44115C0047DDC3 /* SwiftUI.framework */ = {isa = PBXFileReference; lastKnownFileType = wrapper.framework; name = SwiftUI.framework; path = System/Library/Frameworks/SwiftUI.framework; sourceTree = SDKROOT; };
		AFBEF3442B4417A50047DDC3 /* TimetableWidgetExtension.appex */ = {isa = PBXFileReference; explicitFileType = "wrapper.app-extension"; includeInIndex = 0; path = TimetableWidgetExtension.appex; sourceTree = BUILT_PRODUCTS_DIR; };
		AFBEF3482B4417A50047DDC3 /* TimetableWidgetBundle.swift */ = {isa = PBXFileReference; lastKnownFileType = sourcecode.swift; path = TimetableWidgetBundle.swift; sourceTree = "<group>"; };
		AFBEF34A2B4417A50047DDC3 /* TimetableWidget.swift */ = {isa = PBXFileReference; lastKnownFileType = sourcecode.swift; path = TimetableWidget.swift; sourceTree = "<group>"; };
		AFBEF34C2B4417A70047DDC3 /* Assets.xcassets */ = {isa = PBXFileReference; lastKnownFileType = folder.assetcatalog; path = Assets.xcassets; sourceTree = "<group>"; };
		AFBEF34E2B4417A70047DDC3 /* Info.plist */ = {isa = PBXFileReference; lastKnownFileType = text.plist.xml; path = Info.plist; sourceTree = "<group>"; };
		AFE18EF12A1C8ABF009D4D58 /* App.app */ = {isa = PBXFileReference; explicitFileType = wrapper.application; includeInIndex = 0; path = App.app; sourceTree = BUILT_PRODUCTS_DIR; };
		AFE18EF42A1C8ABF009D4D58 /* AppDelegate.swift */ = {isa = PBXFileReference; lastKnownFileType = sourcecode.swift; path = AppDelegate.swift; sourceTree = "<group>"; };
		AFE18EF62A1C8ABF009D4D58 /* SceneDelegate.swift */ = {isa = PBXFileReference; lastKnownFileType = sourcecode.swift; path = SceneDelegate.swift; sourceTree = "<group>"; };
		AFE18F002A1C8AC1009D4D58 /* Assets.xcassets */ = {isa = PBXFileReference; lastKnownFileType = folder.assetcatalog; path = Assets.xcassets; sourceTree = "<group>"; };
		AFE18F032A1C8AC1009D4D58 /* Base */ = {isa = PBXFileReference; lastKnownFileType = file.storyboard; name = Base; path = Base.lproj/LaunchScreen.storyboard; sourceTree = "<group>"; };
		AFE18F052A1C8AC1009D4D58 /* Info.plist */ = {isa = PBXFileReference; lastKnownFileType = text.plist.xml; path = Info.plist; sourceTree = "<group>"; };
		AFEC86982A3771C6008C5781 /* CoreDataManager.swift */ = {isa = PBXFileReference; lastKnownFileType = sourcecode.swift; path = CoreDataManager.swift; sourceTree = "<group>"; };
		F6784C9B8B788827497F16F3 /* Pods-App.debug.xcconfig */ = {isa = PBXFileReference; includeInIndex = 1; lastKnownFileType = text.xcconfig; name = "Pods-App.debug.xcconfig"; path = "Target Support Files/Pods-App/Pods-App.debug.xcconfig"; sourceTree = "<group>"; };
		F8F7E19023D252409287EA1C /* Pods_App.framework */ = {isa = PBXFileReference; explicitFileType = wrapper.framework; includeInIndex = 0; path = Pods_App.framework; sourceTree = BUILT_PRODUCTS_DIR; };
/* End PBXFileReference section */

/* Begin PBXFrameworksBuildPhase section */
		AFBEF3412B4417A50047DDC3 /* Frameworks */ = {
			isa = PBXFrameworksBuildPhase;
			buildActionMask = 2147483647;
			files = (
				AF7A0BE42BE7B82E00A9885C /* Domain.framework in Frameworks */,
				AFBEF3462B4417A50047DDC3 /* SwiftUI.framework in Frameworks */,
				AF5C84D62BCF50B8007D5409 /* FirebaseAuth in Frameworks */,
				AF3BC26F2BCF4F0300ED9C67 /* FirebaseManager in Frameworks */,
				AF5C84D42BCF50B8007D5409 /* FirebaseAnalytics in Frameworks */,
				AF6D5A182BE7B779007ED08E /* Data.framework in Frameworks */,
				AF5C84D82BCF50B8007D5409 /* FirebaseDatabase in Frameworks */,
				AF7A0BE62BE7B89800A9885C /* Common.framework in Frameworks */,
				AFBEF3452B4417A50047DDC3 /* WidgetKit.framework in Frameworks */,
				AF5C84DA2BCF50B8007D5409 /* FirebaseRemoteConfig in Frameworks */,
				97645CCDAA4889D0ED20218C /* Pods_TimetableWidgetExtension.framework in Frameworks */,
			);
			runOnlyForDeploymentPostprocessing = 0;
		};
		AFE18EEE2A1C8ABF009D4D58 /* Frameworks */ = {
			isa = PBXFrameworksBuildPhase;
			buildActionMask = 2147483647;
			files = (
				AF3617D52BCE62F70019185A /* Network in Frameworks */,
				AF5C84CE2BCF509D007D5409 /* FirebaseAuth in Frameworks */,
				AF5C84D22BCF509D007D5409 /* FirebaseRemoteConfig in Frameworks */,
				AF5A4D5D2BE8F1430015D214 /* Data.framework in Frameworks */,
				AF3617D12BCE62F70019185A /* FirebaseManager in Frameworks */,
				AF5A4D5A2BE8F1420015D214 /* Common.framework in Frameworks */,
				AF5A4D5F2BE8F1440015D214 /* Domain.framework in Frameworks */,
				AF3617D32BCE62F70019185A /* Keychain in Frameworks */,
				AF3617D72BCE62F70019185A /* State in Frameworks */,
				AF3617CF2BCE62F70019185A /* DIContainer in Frameworks */,
				AF5C84D02BCF509D007D5409 /* FirebaseDatabase in Frameworks */,
				AF5C84CC2BCF509D007D5409 /* FirebaseAnalytics in Frameworks */,
				AFE42CEE2C8081310087D551 /* Presentation.framework in Frameworks */,
				5243E4613CE5241D051238F9 /* Pods_App.framework in Frameworks */,
			);
			runOnlyForDeploymentPostprocessing = 0;
		};
/* End PBXFrameworksBuildPhase section */

/* Begin PBXGroup section */
		1C336A60AC1966203879B6A3 /* Frameworks */ = {
			isa = PBXGroup;
			children = (
				AF3617F12BCE6A3E0019185A /* FirebaseCore.framework */,
				AF3617ED2BCE69AF0019185A /* FirebaseCore.framework */,
				AFBEF3292B44115C0047DDC3 /* WidgetKit.framework */,
				AFBEF32B2B44115C0047DDC3 /* SwiftUI.framework */,
				F8F7E19023D252409287EA1C /* Pods_App.framework */,
				0D7643F12247A4141B77EFB6 /* Pods_TimetableWidgetExtension.framework */,
			);
			name = Frameworks;
			sourceTree = "<group>";
		};
		63B3105FE151B90524E772B5 /* Pods */ = {
			isa = PBXGroup;
			children = (
				F6784C9B8B788827497F16F3 /* Pods-App.debug.xcconfig */,
				57459FACBD5F39C1F89F6786 /* Pods-App.release.xcconfig */,
				40B84C32B9945460CE3AE18A /* Pods-TimetableWidgetExtension.debug.xcconfig */,
				0D897B4F4A44DD499C8D7977 /* Pods-TimetableWidgetExtension.release.xcconfig */,
			);
			path = Pods;
			sourceTree = "<group>";
		};
		AF01FC492BE3A67800F0EAD0 /* Products */ = {
			isa = PBXGroup;
			children = (
				AF01FC4E2BE3A67800F0EAD0 /* Domain.framework */,
				AF01FC502BE3A67800F0EAD0 /* DomainTests.xctest */,
			);
			name = Products;
			sourceTree = "<group>";
		};
		AF01FCF12BE4EB1800F0EAD0 /* Products */ = {
			isa = PBXGroup;
			children = (
				AF01FCF62BE4EB1900F0EAD0 /* Data.framework */,
				AF3819832C056731008ADF1C /* DataTests.xctest */,
			);
			name = Products;
			sourceTree = "<group>";
		};
		AF0ECA112B5E9B920012CC44 /* Application */ = {
			isa = PBXGroup;
			children = (
				AFE18EF62A1C8ABF009D4D58 /* SceneDelegate.swift */,
				AFE18EF42A1C8ABF009D4D58 /* AppDelegate.swift */,
				AF7DF1EB2B64EFB100C2CF4E /* AppEnvironment.swift */,
				AF065E192B70C24C00676752 /* AppState.swift */,
			);
			path = Application;
			sourceTree = "<group>";
		};
		AF60AA932BE504FE00454E7C /* Products */ = {
			isa = PBXGroup;
			children = (
				AF60AA982BE504FE00454E7C /* Common.framework */,
				AF60AA9A2BE504FE00454E7C /* CommonTests.xctest */,
			);
			name = Products;
			sourceTree = "<group>";
		};
		AF9907C92B566F4900EF0D91 /* View */ = {
			isa = PBXGroup;
			children = (
				AF9907CC2B566F7600EF0D91 /* TimetableWidgetMedium.swift */,
				AF9907CF2B566FC100EF0D91 /* TimetableWidgetCell.swift */,
				AF9907D12B566FD800EF0D91 /* TimetableWidgetSmall.swift */,
			);
			path = View;
			sourceTree = "<group>";
		};
		AF9907CA2B566F5700EF0D91 /* Model */ = {
			isa = PBXGroup;
			children = (
				AF9907C52B564FCA00EF0D91 /* CourseForWidget.swift */,
			);
			path = Model;
			sourceTree = "<group>";
		};
		AF9907CB2B566F6100EF0D91 /* ViewModel */ = {
			isa = PBXGroup;
			children = (
				AF9907C22B564AFD00EF0D91 /* TimetableWidgetViewModel.swift */,
			);
			path = ViewModel;
			sourceTree = "<group>";
		};
		AF9907D32B566FED00EF0D91 /* Manager */ = {
			isa = PBXGroup;
			children = (
				AFBEF34A2B4417A50047DDC3 /* TimetableWidget.swift */,
			);
			path = Manager;
			sourceTree = "<group>";
		};
		AF9C400C2C78B68D00F3D0B9 /* Products */ = {
			isa = PBXGroup;
			children = (
				AF9C40112C78B68D00F3D0B9 /* Presentation.framework */,
				AF9C40132C78B68D00F3D0B9 /* PresentationTests.xctest */,
			);
			name = Products;
			sourceTree = "<group>";
		};
		AFBA84C32BEA28D50070E34C /* CoreData */ = {
			isa = PBXGroup;
			children = (
				AFEC86982A3771C6008C5781 /* CoreDataManager.swift */,
				AF01FBEB2BE39E6000F0EAD0 /* SuwikiTimetable.xcdatamodeld */,
				AF057A132A77F35C004577E7 /* CoreDataManager+Create.swift */,
			);
			path = CoreData;
			sourceTree = "<group>";
		};
		AFBEF3472B4417A50047DDC3 /* TimetableWidget */ = {
			isa = PBXGroup;
			children = (
				AF9907D32B566FED00EF0D91 /* Manager */,
				AF9907CB2B566F6100EF0D91 /* ViewModel */,
				AF9907CA2B566F5700EF0D91 /* Model */,
				AF9907C92B566F4900EF0D91 /* View */,
				AFBEF3482B4417A50047DDC3 /* TimetableWidgetBundle.swift */,
				AFBEF34C2B4417A70047DDC3 /* Assets.xcassets */,
				AFBEF34E2B4417A70047DDC3 /* Info.plist */,
			);
			path = TimetableWidget;
			sourceTree = "<group>";
		};
		AFE18EE82A1C8ABF009D4D58 = {
			isa = PBXGroup;
			children = (
				AF9C400B2C78B68D00F3D0B9 /* Presentation.xcodeproj */,
				AF3617C92BCE61540019185A /* Core */,
				AF60AA922BE504FE00454E7C /* Common.xcodeproj */,
				AF01FCF02BE4EB1800F0EAD0 /* Data.xcodeproj */,
				AF01FC482BE3A67800F0EAD0 /* Domain.xcodeproj */,
				AFE18EF32A1C8ABF009D4D58 /* App */,
				AF86F18B2B4AEAFD0001904A /* TimetableWidgetExtension.entitlements */,
				AFBEF3472B4417A50047DDC3 /* TimetableWidget */,
				AFE18EF22A1C8ABF009D4D58 /* Products */,
				63B3105FE151B90524E772B5 /* Pods */,
				1C336A60AC1966203879B6A3 /* Frameworks */,
			);
			sourceTree = "<group>";
		};
		AFE18EF22A1C8ABF009D4D58 /* Products */ = {
			isa = PBXGroup;
			children = (
				AFE18EF12A1C8ABF009D4D58 /* App.app */,
				AFBEF3442B4417A50047DDC3 /* TimetableWidgetExtension.appex */,
			);
			name = Products;
			sourceTree = "<group>";
		};
		AFE18EF32A1C8ABF009D4D58 /* App */ = {
			isa = PBXGroup;
			children = (
				AFBA84C32BEA28D50070E34C /* CoreData */,
				AF86F18A2B4AEAB20001904A /* SUWIKI.entitlements */,
				AF0ECA112B5E9B920012CC44 /* Application */,
				AFEC86942A377067008C5781 /* Resources */,
			);
			path = App;
			sourceTree = "<group>";
		};
		AFEC86942A377067008C5781 /* Resources */ = {
			isa = PBXGroup;
			children = (
				AFE18F052A1C8AC1009D4D58 /* Info.plist */,
				AFE18F002A1C8AC1009D4D58 /* Assets.xcassets */,
				AFE18F022A1C8AC1009D4D58 /* LaunchScreen.storyboard */,
				AF3C07472A349A3A00806AEE /* GoogleService-Info.plist */,
			);
			path = Resources;
			sourceTree = "<group>";
		};
/* End PBXGroup section */

/* Begin PBXNativeTarget section */
		AFBEF3432B4417A50047DDC3 /* TimetableWidgetExtension */ = {
			isa = PBXNativeTarget;
			buildConfigurationList = AFBEF3522B4417A70047DDC3 /* Build configuration list for PBXNativeTarget "TimetableWidgetExtension" */;
			buildPhases = (
				5B2E9A8927DA974C7F3B8F60 /* [CP] Check Pods Manifest.lock */,
				AFBEF3402B4417A50047DDC3 /* Sources */,
				AFBEF3412B4417A50047DDC3 /* Frameworks */,
				AFBEF3422B4417A50047DDC3 /* Resources */,
				AF6D5A1A2BE7B779007ED08E /* Embed Frameworks */,
			);
			buildRules = (
			);
			dependencies = (
			);
			name = TimetableWidgetExtension;
			packageProductDependencies = (
				AF3BC26E2BCF4F0300ED9C67 /* FirebaseManager */,
				AF5C84D32BCF50B8007D5409 /* FirebaseAnalytics */,
				AF5C84D52BCF50B8007D5409 /* FirebaseAuth */,
				AF5C84D72BCF50B8007D5409 /* FirebaseDatabase */,
				AF5C84D92BCF50B8007D5409 /* FirebaseRemoteConfig */,
			);
			productName = TimetableWidgetExtension;
			productReference = AFBEF3442B4417A50047DDC3 /* TimetableWidgetExtension.appex */;
			productType = "com.apple.product-type.app-extension";
		};
		AFE18EF02A1C8ABF009D4D58 /* App */ = {
			isa = PBXNativeTarget;
			buildConfigurationList = AFE18F082A1C8AC1009D4D58 /* Build configuration list for PBXNativeTarget "App" */;
			buildPhases = (
				10701672BB18DEEEAE1038CE /* [CP] Check Pods Manifest.lock */,
				AFE18EED2A1C8ABF009D4D58 /* Sources */,
				AFE18EEE2A1C8ABF009D4D58 /* Frameworks */,
				AFE18EEF2A1C8ABF009D4D58 /* Resources */,
				AFBEF3552B4417A70047DDC3 /* Embed Foundation Extensions */,
				AF5A4D5C2BE8F1420015D214 /* Embed Frameworks */,
			);
			buildRules = (
			);
			dependencies = (
				AFBEF3502B4417A70047DDC3 /* PBXTargetDependency */,
			);
			name = App;
			packageProductDependencies = (
				AF3617CE2BCE62F70019185A /* DIContainer */,
				AF3617D02BCE62F70019185A /* FirebaseManager */,
				AF3617D22BCE62F70019185A /* Keychain */,
				AF3617D42BCE62F70019185A /* Network */,
				AF3617D62BCE62F70019185A /* State */,
				AF5C84CB2BCF509D007D5409 /* FirebaseAnalytics */,
				AF5C84CD2BCF509D007D5409 /* FirebaseAuth */,
				AF5C84CF2BCF509D007D5409 /* FirebaseDatabase */,
				AF5C84D12BCF509D007D5409 /* FirebaseRemoteConfig */,
			);
			productName = SUWIKI;
			productReference = AFE18EF12A1C8ABF009D4D58 /* App.app */;
			productType = "com.apple.product-type.application";
		};
/* End PBXNativeTarget section */

/* Begin PBXProject section */
		AFE18EE92A1C8ABF009D4D58 /* Project object */ = {
			isa = PBXProject;
			attributes = {
				BuildIndependentTargetsInParallel = 1;
				LastSwiftUpdateCheck = 1540;
				LastUpgradeCheck = 1540;
				TargetAttributes = {
					AFBEF3432B4417A50047DDC3 = {
						CreatedOnToolsVersion = 15.0.1;
					};
					AFE18EF02A1C8ABF009D4D58 = {
						CreatedOnToolsVersion = 14.3;
					};
				};
			};
			buildConfigurationList = AFE18EEC2A1C8ABF009D4D58 /* Build configuration list for PBXProject "SUWIKI" */;
			compatibilityVersion = "Xcode 14.0";
			developmentRegion = en;
			hasScannedForEncodings = 0;
			knownRegions = (
				en,
				Base,
			);
			mainGroup = AFE18EE82A1C8ABF009D4D58;
			packageReferences = (
				AF5C84CA2BCF509D007D5409 /* XCRemoteSwiftPackageReference "firebase-ios-sdk" */,
			);
			productRefGroup = AFE18EF22A1C8ABF009D4D58 /* Products */;
			projectDirPath = "";
			projectReferences = (
				{
					ProductGroup = AF60AA932BE504FE00454E7C /* Products */;
					ProjectRef = AF60AA922BE504FE00454E7C /* Common.xcodeproj */;
				},
				{
					ProductGroup = AF01FCF12BE4EB1800F0EAD0 /* Products */;
					ProjectRef = AF01FCF02BE4EB1800F0EAD0 /* Data.xcodeproj */;
				},
				{
					ProductGroup = AF01FC492BE3A67800F0EAD0 /* Products */;
					ProjectRef = AF01FC482BE3A67800F0EAD0 /* Domain.xcodeproj */;
				},
				{
					ProductGroup = AF9C400C2C78B68D00F3D0B9 /* Products */;
					ProjectRef = AF9C400B2C78B68D00F3D0B9 /* Presentation.xcodeproj */;
				},
			);
			projectRoot = "";
			targets = (
				AFE18EF02A1C8ABF009D4D58 /* App */,
				AFBEF3432B4417A50047DDC3 /* TimetableWidgetExtension */,
			);
		};
/* End PBXProject section */

/* Begin PBXReferenceProxy section */
		AF01FC4E2BE3A67800F0EAD0 /* Domain.framework */ = {
			isa = PBXReferenceProxy;
			fileType = wrapper.framework;
			path = Domain.framework;
			remoteRef = AF01FC4D2BE3A67800F0EAD0 /* PBXContainerItemProxy */;
			sourceTree = BUILT_PRODUCTS_DIR;
		};
		AF01FC502BE3A67800F0EAD0 /* DomainTests.xctest */ = {
			isa = PBXReferenceProxy;
			fileType = wrapper.cfbundle;
			path = DomainTests.xctest;
			remoteRef = AF01FC4F2BE3A67800F0EAD0 /* PBXContainerItemProxy */;
			sourceTree = BUILT_PRODUCTS_DIR;
		};
		AF01FCF62BE4EB1900F0EAD0 /* Data.framework */ = {
			isa = PBXReferenceProxy;
			fileType = wrapper.framework;
			path = Data.framework;
			remoteRef = AF01FCF52BE4EB1900F0EAD0 /* PBXContainerItemProxy */;
			sourceTree = BUILT_PRODUCTS_DIR;
		};
		AF3819832C056731008ADF1C /* DataTests.xctest */ = {
			isa = PBXReferenceProxy;
			fileType = wrapper.cfbundle;
			path = DataTests.xctest;
			remoteRef = AF3819822C056731008ADF1C /* PBXContainerItemProxy */;
			sourceTree = BUILT_PRODUCTS_DIR;
		};
		AF60AA982BE504FE00454E7C /* Common.framework */ = {
			isa = PBXReferenceProxy;
			fileType = wrapper.framework;
			path = Common.framework;
			remoteRef = AF60AA972BE504FE00454E7C /* PBXContainerItemProxy */;
			sourceTree = BUILT_PRODUCTS_DIR;
		};
		AF60AA9A2BE504FE00454E7C /* CommonTests.xctest */ = {
			isa = PBXReferenceProxy;
			fileType = wrapper.cfbundle;
			path = CommonTests.xctest;
			remoteRef = AF60AA992BE504FE00454E7C /* PBXContainerItemProxy */;
			sourceTree = BUILT_PRODUCTS_DIR;
		};
		AF9C40112C78B68D00F3D0B9 /* Presentation.framework */ = {
			isa = PBXReferenceProxy;
			fileType = wrapper.framework;
			path = Presentation.framework;
			remoteRef = AF9C40102C78B68D00F3D0B9 /* PBXContainerItemProxy */;
			sourceTree = BUILT_PRODUCTS_DIR;
		};
		AF9C40132C78B68D00F3D0B9 /* PresentationTests.xctest */ = {
			isa = PBXReferenceProxy;
			fileType = wrapper.cfbundle;
			path = PresentationTests.xctest;
			remoteRef = AF9C40122C78B68D00F3D0B9 /* PBXContainerItemProxy */;
			sourceTree = BUILT_PRODUCTS_DIR;
		};
/* End PBXReferenceProxy section */

/* Begin PBXResourcesBuildPhase section */
		AFBEF3422B4417A50047DDC3 /* Resources */ = {
			isa = PBXResourcesBuildPhase;
			buildActionMask = 2147483647;
			files = (
				AFBEF34D2B4417A70047DDC3 /* Assets.xcassets in Resources */,
			);
			runOnlyForDeploymentPostprocessing = 0;
		};
		AFE18EEF2A1C8ABF009D4D58 /* Resources */ = {
			isa = PBXResourcesBuildPhase;
			buildActionMask = 2147483647;
			files = (
				AFE18F042A1C8AC1009D4D58 /* LaunchScreen.storyboard in Resources */,
				AF3C07482A349A3A00806AEE /* GoogleService-Info.plist in Resources */,
				AFE18F012A1C8AC1009D4D58 /* Assets.xcassets in Resources */,
			);
			runOnlyForDeploymentPostprocessing = 0;
		};
/* End PBXResourcesBuildPhase section */

/* Begin PBXShellScriptBuildPhase section */
		10701672BB18DEEEAE1038CE /* [CP] Check Pods Manifest.lock */ = {
			isa = PBXShellScriptBuildPhase;
			buildActionMask = 2147483647;
			files = (
			);
			inputFileListPaths = (
			);
			inputPaths = (
				"${PODS_PODFILE_DIR_PATH}/Podfile.lock",
				"${PODS_ROOT}/Manifest.lock",
			);
			name = "[CP] Check Pods Manifest.lock";
			outputFileListPaths = (
			);
			outputPaths = (
				"$(DERIVED_FILE_DIR)/Pods-App-checkManifestLockResult.txt",
			);
			runOnlyForDeploymentPostprocessing = 0;
			shellPath = /bin/sh;
			shellScript = "diff \"${PODS_PODFILE_DIR_PATH}/Podfile.lock\" \"${PODS_ROOT}/Manifest.lock\" > /dev/null\nif [ $? != 0 ] ; then\n    # print error to STDERR\n    echo \"error: The sandbox is not in sync with the Podfile.lock. Run 'pod install' or update your CocoaPods installation.\" >&2\n    exit 1\nfi\n# This output is used by Xcode 'outputs' to avoid re-running this script phase.\necho \"SUCCESS\" > \"${SCRIPT_OUTPUT_FILE_0}\"\n";
			showEnvVarsInLog = 0;
		};
		5B2E9A8927DA974C7F3B8F60 /* [CP] Check Pods Manifest.lock */ = {
			isa = PBXShellScriptBuildPhase;
			buildActionMask = 2147483647;
			files = (
			);
			inputFileListPaths = (
			);
			inputPaths = (
				"${PODS_PODFILE_DIR_PATH}/Podfile.lock",
				"${PODS_ROOT}/Manifest.lock",
			);
			name = "[CP] Check Pods Manifest.lock";
			outputFileListPaths = (
			);
			outputPaths = (
				"$(DERIVED_FILE_DIR)/Pods-TimetableWidgetExtension-checkManifestLockResult.txt",
			);
			runOnlyForDeploymentPostprocessing = 0;
			shellPath = /bin/sh;
			shellScript = "diff \"${PODS_PODFILE_DIR_PATH}/Podfile.lock\" \"${PODS_ROOT}/Manifest.lock\" > /dev/null\nif [ $? != 0 ] ; then\n    # print error to STDERR\n    echo \"error: The sandbox is not in sync with the Podfile.lock. Run 'pod install' or update your CocoaPods installation.\" >&2\n    exit 1\nfi\n# This output is used by Xcode 'outputs' to avoid re-running this script phase.\necho \"SUCCESS\" > \"${SCRIPT_OUTPUT_FILE_0}\"\n";
			showEnvVarsInLog = 0;
		};
/* End PBXShellScriptBuildPhase section */

/* Begin PBXSourcesBuildPhase section */
		AFBEF3402B4417A50047DDC3 /* Sources */ = {
			isa = PBXSourcesBuildPhase;
			buildActionMask = 2147483647;
			files = (
				AF9907D22B566FD800EF0D91 /* TimetableWidgetSmall.swift in Sources */,
				AFBEF3492B4417A50047DDC3 /* TimetableWidgetBundle.swift in Sources */,
				AFBEF34B2B4417A50047DDC3 /* TimetableWidget.swift in Sources */,
				AF9907C42B564EA600EF0D91 /* TimetableWidgetViewModel.swift in Sources */,
				AF01FBEE2BE39E6000F0EAD0 /* SuwikiTimetable.xcdatamodeld in Sources */,
				AF9907C62B564FCA00EF0D91 /* CourseForWidget.swift in Sources */,
				AF2F7F4D2C26A763000E768A /* CoreDataManager.swift in Sources */,
				AF9907CD2B566F7600EF0D91 /* TimetableWidgetMedium.swift in Sources */,
				AF9907D02B566FC100EF0D91 /* TimetableWidgetCell.swift in Sources */,
			);
			runOnlyForDeploymentPostprocessing = 0;
		};
		AFE18EED2A1C8ABF009D4D58 /* Sources */ = {
			isa = PBXSourcesBuildPhase;
			buildActionMask = 2147483647;
			files = (
				AF9907D42B5670F100EF0D91 /* TimetableWidgetCell.swift in Sources */,
				AFE18EF52A1C8ABF009D4D58 /* AppDelegate.swift in Sources */,
				AFEC86992A3771C6008C5781 /* CoreDataManager.swift in Sources */,
				AF9907C72B56542400EF0D91 /* CourseForWidget.swift in Sources */,
				AF065E1A2B70C24C00676752 /* AppState.swift in Sources */,
				AF9907CE2B566F8700EF0D91 /* TimetableWidgetMedium.swift in Sources */,
				AF9907C32B564AFD00EF0D91 /* TimetableWidgetViewModel.swift in Sources */,
				AF7DF1EC2B64EFB100C2CF4E /* AppEnvironment.swift in Sources */,
				AFE18EF72A1C8ABF009D4D58 /* SceneDelegate.swift in Sources */,
				AF9907BE2B554FCF00EF0D91 /* CoreDataManager+Create.swift in Sources */,
				AF01FBED2BE39E6000F0EAD0 /* SuwikiTimetable.xcdatamodeld in Sources */,
			);
			runOnlyForDeploymentPostprocessing = 0;
		};
/* End PBXSourcesBuildPhase section */

/* Begin PBXTargetDependency section */
		AFBEF3502B4417A70047DDC3 /* PBXTargetDependency */ = {
			isa = PBXTargetDependency;
			target = AFBEF3432B4417A50047DDC3 /* TimetableWidgetExtension */;
			targetProxy = AFBEF34F2B4417A70047DDC3 /* PBXContainerItemProxy */;
		};
/* End PBXTargetDependency section */

/* Begin PBXVariantGroup section */
		AFE18F022A1C8AC1009D4D58 /* LaunchScreen.storyboard */ = {
			isa = PBXVariantGroup;
			children = (
				AFE18F032A1C8AC1009D4D58 /* Base */,
			);
			name = LaunchScreen.storyboard;
			sourceTree = "<group>";
		};
/* End PBXVariantGroup section */

/* Begin XCBuildConfiguration section */
		AFBEF3532B4417A70047DDC3 /* Debug */ = {
			isa = XCBuildConfiguration;
			baseConfigurationReference = 40B84C32B9945460CE3AE18A /* Pods-TimetableWidgetExtension.debug.xcconfig */;
			buildSettings = {
				ASSETCATALOG_COMPILER_GENERATE_SWIFT_ASSET_SYMBOL_EXTENSIONS = YES;
				ASSETCATALOG_COMPILER_GLOBAL_ACCENT_COLOR_NAME = AccentColor;
				ASSETCATALOG_COMPILER_WIDGET_BACKGROUND_COLOR_NAME = WidgetBackground;
				CODE_SIGN_ENTITLEMENTS = TimetableWidgetExtension.entitlements;
				CODE_SIGN_STYLE = Automatic;
				CURRENT_PROJECT_VERSION = 1;
				DEVELOPMENT_TEAM = 8R3N359429;
				ENABLE_USER_SCRIPT_SANDBOXING = YES;
				GCC_C_LANGUAGE_STANDARD = gnu17;
				GENERATE_INFOPLIST_FILE = YES;
				INFOPLIST_FILE = TimetableWidget/Info.plist;
				INFOPLIST_KEY_CFBundleDisplayName = TimetableWidget;
				INFOPLIST_KEY_NSHumanReadableCopyright = "";
				IPHONEOS_DEPLOYMENT_TARGET = 17.0;
				LD_RUNPATH_SEARCH_PATHS = (
					"$(inherited)",
					"@executable_path/Frameworks",
					"@executable_path/../../Frameworks",
				);
				LOCALIZATION_PREFERS_STRING_CATALOGS = YES;
				MARKETING_VERSION = 1.0;
				PRODUCT_BUNDLE_IDENTIFIER = com.sozohoy.uswTimeTable.TimetableWidget;
				PRODUCT_NAME = "$(TARGET_NAME)";
				SKIP_INSTALL = YES;
				SWIFT_ACTIVE_COMPILATION_CONDITIONS = "DEBUG $(inherited)";
				SWIFT_EMIT_LOC_STRINGS = YES;
				SWIFT_VERSION = 5.0;
				TARGETED_DEVICE_FAMILY = "1,2";
			};
			name = Debug;
		};
		AFBEF3542B4417A70047DDC3 /* Release */ = {
			isa = XCBuildConfiguration;
			baseConfigurationReference = 0D897B4F4A44DD499C8D7977 /* Pods-TimetableWidgetExtension.release.xcconfig */;
			buildSettings = {
				ASSETCATALOG_COMPILER_GENERATE_SWIFT_ASSET_SYMBOL_EXTENSIONS = YES;
				ASSETCATALOG_COMPILER_GLOBAL_ACCENT_COLOR_NAME = AccentColor;
				ASSETCATALOG_COMPILER_WIDGET_BACKGROUND_COLOR_NAME = WidgetBackground;
				CODE_SIGN_ENTITLEMENTS = TimetableWidgetExtension.entitlements;
				CODE_SIGN_STYLE = Automatic;
				CURRENT_PROJECT_VERSION = 1;
				DEVELOPMENT_TEAM = 8R3N359429;
				ENABLE_USER_SCRIPT_SANDBOXING = YES;
				GCC_C_LANGUAGE_STANDARD = gnu17;
				GENERATE_INFOPLIST_FILE = YES;
				INFOPLIST_FILE = TimetableWidget/Info.plist;
				INFOPLIST_KEY_CFBundleDisplayName = TimetableWidget;
				INFOPLIST_KEY_NSHumanReadableCopyright = "";
				IPHONEOS_DEPLOYMENT_TARGET = 17.0;
				LD_RUNPATH_SEARCH_PATHS = (
					"$(inherited)",
					"@executable_path/Frameworks",
					"@executable_path/../../Frameworks",
				);
				LOCALIZATION_PREFERS_STRING_CATALOGS = YES;
				MARKETING_VERSION = 1.0;
				PRODUCT_BUNDLE_IDENTIFIER = com.sozohoy.uswTimeTable.TimetableWidget;
				PRODUCT_NAME = "$(TARGET_NAME)";
				SKIP_INSTALL = YES;
				SWIFT_EMIT_LOC_STRINGS = YES;
				SWIFT_VERSION = 5.0;
				TARGETED_DEVICE_FAMILY = "1,2";
			};
			name = Release;
		};
		AFE18F062A1C8AC1009D4D58 /* Debug */ = {
			isa = XCBuildConfiguration;
			buildSettings = {
				ALWAYS_SEARCH_USER_PATHS = NO;
				CLANG_ANALYZER_NONNULL = YES;
				CLANG_ANALYZER_NUMBER_OBJECT_CONVERSION = YES_AGGRESSIVE;
				CLANG_CXX_LANGUAGE_STANDARD = "gnu++20";
				CLANG_ENABLE_MODULES = YES;
				CLANG_ENABLE_OBJC_ARC = YES;
				CLANG_ENABLE_OBJC_WEAK = YES;
				CLANG_WARN_BLOCK_CAPTURE_AUTORELEASING = YES;
				CLANG_WARN_BOOL_CONVERSION = YES;
				CLANG_WARN_COMMA = YES;
				CLANG_WARN_CONSTANT_CONVERSION = YES;
				CLANG_WARN_DEPRECATED_OBJC_IMPLEMENTATIONS = YES;
				CLANG_WARN_DIRECT_OBJC_ISA_USAGE = YES_ERROR;
				CLANG_WARN_DOCUMENTATION_COMMENTS = YES;
				CLANG_WARN_EMPTY_BODY = YES;
				CLANG_WARN_ENUM_CONVERSION = YES;
				CLANG_WARN_INFINITE_RECURSION = YES;
				CLANG_WARN_INT_CONVERSION = YES;
				CLANG_WARN_NON_LITERAL_NULL_CONVERSION = YES;
				CLANG_WARN_OBJC_IMPLICIT_RETAIN_SELF = YES;
				CLANG_WARN_OBJC_LITERAL_CONVERSION = YES;
				CLANG_WARN_OBJC_ROOT_CLASS = YES_ERROR;
				CLANG_WARN_QUOTED_INCLUDE_IN_FRAMEWORK_HEADER = YES;
				CLANG_WARN_RANGE_LOOP_ANALYSIS = YES;
				CLANG_WARN_STRICT_PROTOTYPES = YES;
				CLANG_WARN_SUSPICIOUS_MOVE = YES;
				CLANG_WARN_UNGUARDED_AVAILABILITY = YES_AGGRESSIVE;
				CLANG_WARN_UNREACHABLE_CODE = YES;
				CLANG_WARN__DUPLICATE_METHOD_MATCH = YES;
				COPY_PHASE_STRIP = NO;
				DEBUG_INFORMATION_FORMAT = dwarf;
				ENABLE_STRICT_OBJC_MSGSEND = YES;
				ENABLE_TESTABILITY = YES;
				GCC_C_LANGUAGE_STANDARD = gnu11;
				GCC_DYNAMIC_NO_PIC = NO;
				GCC_NO_COMMON_BLOCKS = YES;
				GCC_OPTIMIZATION_LEVEL = 0;
				GCC_PREPROCESSOR_DEFINITIONS = (
					"DEBUG=1",
					"$(inherited)",
				);
				GCC_WARN_64_TO_32_BIT_CONVERSION = YES;
				GCC_WARN_ABOUT_RETURN_TYPE = YES_ERROR;
				GCC_WARN_UNDECLARED_SELECTOR = YES;
				GCC_WARN_UNINITIALIZED_AUTOS = YES_AGGRESSIVE;
				GCC_WARN_UNUSED_FUNCTION = YES;
				GCC_WARN_UNUSED_VARIABLE = YES;
				IPHONEOS_DEPLOYMENT_TARGET = 16.0;
				MTL_ENABLE_DEBUG_INFO = INCLUDE_SOURCE;
				MTL_FAST_MATH = YES;
				ONLY_ACTIVE_ARCH = YES;
				SDKROOT = iphoneos;
				SWIFT_ACTIVE_COMPILATION_CONDITIONS = DEBUG;
				SWIFT_OPTIMIZATION_LEVEL = "-Onone";
			};
			name = Debug;
		};
		AFE18F072A1C8AC1009D4D58 /* Release */ = {
			isa = XCBuildConfiguration;
			buildSettings = {
				ALWAYS_SEARCH_USER_PATHS = NO;
				CLANG_ANALYZER_NONNULL = YES;
				CLANG_ANALYZER_NUMBER_OBJECT_CONVERSION = YES_AGGRESSIVE;
				CLANG_CXX_LANGUAGE_STANDARD = "gnu++20";
				CLANG_ENABLE_MODULES = YES;
				CLANG_ENABLE_OBJC_ARC = YES;
				CLANG_ENABLE_OBJC_WEAK = YES;
				CLANG_WARN_BLOCK_CAPTURE_AUTORELEASING = YES;
				CLANG_WARN_BOOL_CONVERSION = YES;
				CLANG_WARN_COMMA = YES;
				CLANG_WARN_CONSTANT_CONVERSION = YES;
				CLANG_WARN_DEPRECATED_OBJC_IMPLEMENTATIONS = YES;
				CLANG_WARN_DIRECT_OBJC_ISA_USAGE = YES_ERROR;
				CLANG_WARN_DOCUMENTATION_COMMENTS = YES;
				CLANG_WARN_EMPTY_BODY = YES;
				CLANG_WARN_ENUM_CONVERSION = YES;
				CLANG_WARN_INFINITE_RECURSION = YES;
				CLANG_WARN_INT_CONVERSION = YES;
				CLANG_WARN_NON_LITERAL_NULL_CONVERSION = YES;
				CLANG_WARN_OBJC_IMPLICIT_RETAIN_SELF = YES;
				CLANG_WARN_OBJC_LITERAL_CONVERSION = YES;
				CLANG_WARN_OBJC_ROOT_CLASS = YES_ERROR;
				CLANG_WARN_QUOTED_INCLUDE_IN_FRAMEWORK_HEADER = YES;
				CLANG_WARN_RANGE_LOOP_ANALYSIS = YES;
				CLANG_WARN_STRICT_PROTOTYPES = YES;
				CLANG_WARN_SUSPICIOUS_MOVE = YES;
				CLANG_WARN_UNGUARDED_AVAILABILITY = YES_AGGRESSIVE;
				CLANG_WARN_UNREACHABLE_CODE = YES;
				CLANG_WARN__DUPLICATE_METHOD_MATCH = YES;
				COPY_PHASE_STRIP = NO;
				DEBUG_INFORMATION_FORMAT = "dwarf-with-dsym";
				ENABLE_NS_ASSERTIONS = NO;
				ENABLE_STRICT_OBJC_MSGSEND = YES;
				GCC_C_LANGUAGE_STANDARD = gnu11;
				GCC_NO_COMMON_BLOCKS = YES;
				GCC_WARN_64_TO_32_BIT_CONVERSION = YES;
				GCC_WARN_ABOUT_RETURN_TYPE = YES_ERROR;
				GCC_WARN_UNDECLARED_SELECTOR = YES;
				GCC_WARN_UNINITIALIZED_AUTOS = YES_AGGRESSIVE;
				GCC_WARN_UNUSED_FUNCTION = YES;
				GCC_WARN_UNUSED_VARIABLE = YES;
				IPHONEOS_DEPLOYMENT_TARGET = 16.0;
				MTL_ENABLE_DEBUG_INFO = NO;
				MTL_FAST_MATH = YES;
				SDKROOT = iphoneos;
				SWIFT_COMPILATION_MODE = wholemodule;
				SWIFT_OPTIMIZATION_LEVEL = "-O";
				VALIDATE_PRODUCT = YES;
			};
			name = Release;
		};
		AFE18F092A1C8AC1009D4D58 /* Debug */ = {
			isa = XCBuildConfiguration;
			baseConfigurationReference = F6784C9B8B788827497F16F3 /* Pods-App.debug.xcconfig */;
			buildSettings = {
				ALWAYS_EMBED_SWIFT_STANDARD_LIBRARIES = YES;
				ASSETCATALOG_COMPILER_APPICON_NAME = AppIcon;
				ASSETCATALOG_COMPILER_GLOBAL_ACCENT_COLOR_NAME = AccentColor;
				CLANG_WARN_QUOTED_INCLUDE_IN_FRAMEWORK_HEADER = NO;
				CODE_SIGN_ENTITLEMENTS = App/SUWIKI.entitlements;
				CODE_SIGN_STYLE = Automatic;
				CURRENT_PROJECT_VERSION = 1;
				DEVELOPMENT_TEAM = 8R3N359429;
				GENERATE_INFOPLIST_FILE = YES;
				INFOPLIST_FILE = App/Resources/Info.plist;
				INFOPLIST_KEY_CFBundleDisplayName = SUWIKI;
				INFOPLIST_KEY_LSApplicationCategoryType = "public.app-category.education";
				INFOPLIST_KEY_UIApplicationSupportsIndirectInputEvents = YES;
				INFOPLIST_KEY_UILaunchStoryboardName = LaunchScreen;
				INFOPLIST_KEY_UIStatusBarStyle = "";
				INFOPLIST_KEY_UISupportedInterfaceOrientations = UIInterfaceOrientationPortrait;
				INFOPLIST_KEY_UISupportedInterfaceOrientations_iPad = "UIInterfaceOrientationLandscapeLeft UIInterfaceOrientationLandscapeRight UIInterfaceOrientationPortrait UIInterfaceOrientationPortraitUpsideDown";
				INFOPLIST_KEY_UIUserInterfaceStyle = Light;
				IPHONEOS_DEPLOYMENT_TARGET = 16.0;
				LD_RUNPATH_SEARCH_PATHS = (
					"$(inherited)",
					"@executable_path/Frameworks",
				);
				MARKETING_VERSION = 3.0.0;
				PRODUCT_BUNDLE_IDENTIFIER = com.sozohoy.uswTimeTable;
				PRODUCT_NAME = "$(TARGET_NAME)";
				SUPPORTED_PLATFORMS = "iphoneos iphonesimulator";
				SUPPORTS_MACCATALYST = NO;
				SUPPORTS_MAC_DESIGNED_FOR_IPHONE_IPAD = NO;
				SWIFT_EMIT_LOC_STRINGS = YES;
				SWIFT_VERSION = 5.0;
				TARGETED_DEVICE_FAMILY = 1;
			};
			name = Debug;
		};
		AFE18F0A2A1C8AC1009D4D58 /* Release */ = {
			isa = XCBuildConfiguration;
			baseConfigurationReference = 57459FACBD5F39C1F89F6786 /* Pods-App.release.xcconfig */;
			buildSettings = {
				ALWAYS_EMBED_SWIFT_STANDARD_LIBRARIES = YES;
				ASSETCATALOG_COMPILER_APPICON_NAME = AppIcon;
				ASSETCATALOG_COMPILER_GLOBAL_ACCENT_COLOR_NAME = AccentColor;
				CLANG_WARN_QUOTED_INCLUDE_IN_FRAMEWORK_HEADER = NO;
				CODE_SIGN_ENTITLEMENTS = App/SUWIKI.entitlements;
				CODE_SIGN_STYLE = Automatic;
				CURRENT_PROJECT_VERSION = 1;
				DEVELOPMENT_TEAM = 8R3N359429;
				GENERATE_INFOPLIST_FILE = YES;
				INFOPLIST_FILE = App/Resources/Info.plist;
				INFOPLIST_KEY_CFBundleDisplayName = SUWIKI;
				INFOPLIST_KEY_LSApplicationCategoryType = "public.app-category.education";
				INFOPLIST_KEY_UIApplicationSupportsIndirectInputEvents = YES;
				INFOPLIST_KEY_UILaunchStoryboardName = LaunchScreen;
				INFOPLIST_KEY_UIStatusBarStyle = "";
				INFOPLIST_KEY_UISupportedInterfaceOrientations = UIInterfaceOrientationPortrait;
				INFOPLIST_KEY_UISupportedInterfaceOrientations_iPad = "UIInterfaceOrientationLandscapeLeft UIInterfaceOrientationLandscapeRight UIInterfaceOrientationPortrait UIInterfaceOrientationPortraitUpsideDown";
				INFOPLIST_KEY_UIUserInterfaceStyle = Light;
				IPHONEOS_DEPLOYMENT_TARGET = 16.0;
				LD_RUNPATH_SEARCH_PATHS = (
					"$(inherited)",
					"@executable_path/Frameworks",
				);
				MARKETING_VERSION = 3.0.0;
				PRODUCT_BUNDLE_IDENTIFIER = com.sozohoy.uswTimeTable;
				PRODUCT_NAME = "$(TARGET_NAME)";
				SUPPORTED_PLATFORMS = "iphoneos iphonesimulator";
				SUPPORTS_MACCATALYST = NO;
				SUPPORTS_MAC_DESIGNED_FOR_IPHONE_IPAD = NO;
				SWIFT_EMIT_LOC_STRINGS = YES;
				SWIFT_VERSION = 5.0;
				TARGETED_DEVICE_FAMILY = 1;
			};
			name = Release;
		};
/* End XCBuildConfiguration section */

/* Begin XCConfigurationList section */
		AFBEF3522B4417A70047DDC3 /* Build configuration list for PBXNativeTarget "TimetableWidgetExtension" */ = {
			isa = XCConfigurationList;
			buildConfigurations = (
				AFBEF3532B4417A70047DDC3 /* Debug */,
				AFBEF3542B4417A70047DDC3 /* Release */,
			);
			defaultConfigurationIsVisible = 0;
			defaultConfigurationName = Release;
		};
		AFE18EEC2A1C8ABF009D4D58 /* Build configuration list for PBXProject "SUWIKI" */ = {
			isa = XCConfigurationList;
			buildConfigurations = (
				AFE18F062A1C8AC1009D4D58 /* Debug */,
				AFE18F072A1C8AC1009D4D58 /* Release */,
			);
			defaultConfigurationIsVisible = 0;
			defaultConfigurationName = Release;
		};
		AFE18F082A1C8AC1009D4D58 /* Build configuration list for PBXNativeTarget "App" */ = {
			isa = XCConfigurationList;
			buildConfigurations = (
				AFE18F092A1C8AC1009D4D58 /* Debug */,
				AFE18F0A2A1C8AC1009D4D58 /* Release */,
			);
			defaultConfigurationIsVisible = 0;
			defaultConfigurationName = Release;
		};
/* End XCConfigurationList section */

/* Begin XCRemoteSwiftPackageReference section */
		AF5C84CA2BCF509D007D5409 /* XCRemoteSwiftPackageReference "firebase-ios-sdk" */ = {
			isa = XCRemoteSwiftPackageReference;
			repositoryURL = "https://github.com/firebase/firebase-ios-sdk";
			requirement = {
				kind = upToNextMajorVersion;
				minimumVersion = 10.24.0;
			};
		};
/* End XCRemoteSwiftPackageReference section */

/* Begin XCSwiftPackageProductDependency section */
		AF3617CE2BCE62F70019185A /* DIContainer */ = {
			isa = XCSwiftPackageProductDependency;
			productName = DIContainer;
		};
		AF3617D02BCE62F70019185A /* FirebaseManager */ = {
			isa = XCSwiftPackageProductDependency;
			productName = FirebaseManager;
		};
		AF3617D22BCE62F70019185A /* Keychain */ = {
			isa = XCSwiftPackageProductDependency;
			productName = Keychain;
		};
		AF3617D42BCE62F70019185A /* Network */ = {
			isa = XCSwiftPackageProductDependency;
			productName = Network;
		};
		AF3617D62BCE62F70019185A /* State */ = {
			isa = XCSwiftPackageProductDependency;
			productName = State;
		};
		AF3BC26E2BCF4F0300ED9C67 /* FirebaseManager */ = {
			isa = XCSwiftPackageProductDependency;
			productName = FirebaseManager;
		};
		AF5C84CB2BCF509D007D5409 /* FirebaseAnalytics */ = {
			isa = XCSwiftPackageProductDependency;
			package = AF5C84CA2BCF509D007D5409 /* XCRemoteSwiftPackageReference "firebase-ios-sdk" */;
			productName = FirebaseAnalytics;
		};
		AF5C84CD2BCF509D007D5409 /* FirebaseAuth */ = {
			isa = XCSwiftPackageProductDependency;
			package = AF5C84CA2BCF509D007D5409 /* XCRemoteSwiftPackageReference "firebase-ios-sdk" */;
			productName = FirebaseAuth;
		};
		AF5C84CF2BCF509D007D5409 /* FirebaseDatabase */ = {
			isa = XCSwiftPackageProductDependency;
			package = AF5C84CA2BCF509D007D5409 /* XCRemoteSwiftPackageReference "firebase-ios-sdk" */;
			productName = FirebaseDatabase;
		};
		AF5C84D12BCF509D007D5409 /* FirebaseRemoteConfig */ = {
			isa = XCSwiftPackageProductDependency;
			package = AF5C84CA2BCF509D007D5409 /* XCRemoteSwiftPackageReference "firebase-ios-sdk" */;
			productName = FirebaseRemoteConfig;
		};
		AF5C84D32BCF50B8007D5409 /* FirebaseAnalytics */ = {
			isa = XCSwiftPackageProductDependency;
			package = AF5C84CA2BCF509D007D5409 /* XCRemoteSwiftPackageReference "firebase-ios-sdk" */;
			productName = FirebaseAnalytics;
		};
		AF5C84D52BCF50B8007D5409 /* FirebaseAuth */ = {
			isa = XCSwiftPackageProductDependency;
			package = AF5C84CA2BCF509D007D5409 /* XCRemoteSwiftPackageReference "firebase-ios-sdk" */;
			productName = FirebaseAuth;
		};
		AF5C84D72BCF50B8007D5409 /* FirebaseDatabase */ = {
			isa = XCSwiftPackageProductDependency;
			package = AF5C84CA2BCF509D007D5409 /* XCRemoteSwiftPackageReference "firebase-ios-sdk" */;
			productName = FirebaseDatabase;
		};
		AF5C84D92BCF50B8007D5409 /* FirebaseRemoteConfig */ = {
			isa = XCSwiftPackageProductDependency;
			package = AF5C84CA2BCF509D007D5409 /* XCRemoteSwiftPackageReference "firebase-ios-sdk" */;
			productName = FirebaseRemoteConfig;
		};
/* End XCSwiftPackageProductDependency section */

/* Begin XCVersionGroup section */
		AF01FBEB2BE39E6000F0EAD0 /* SuwikiTimetable.xcdatamodeld */ = {
			isa = XCVersionGroup;
			children = (
				AF01FBEC2BE39E6000F0EAD0 /* SuwikiTimetable.xcdatamodel */,
			);
			currentVersion = AF01FBEC2BE39E6000F0EAD0 /* SuwikiTimetable.xcdatamodel */;
			path = SuwikiTimetable.xcdatamodeld;
			sourceTree = "<group>";
			versionGroupType = wrapper.xcdatamodel;
		};
/* End XCVersionGroup section */
	};
	rootObject = AFE18EE92A1C8ABF009D4D58 /* Project object */;
}
