// !$*UTF8*$!
{
	archiveVersion = 1;
	classes = {
	};
	objectVersion = 56;
	objects = {

/* Begin PBXBuildFile section */
		AF057A162A77F365004577E7 /* CoreDataManager+Read.swift in Sources */ = {isa = PBXBuildFile; fileRef = AF057A152A77F365004577E7 /* CoreDataManager+Read.swift */; };
		AF057A182A77F36E004577E7 /* CoreDataManager+Update.swift in Sources */ = {isa = PBXBuildFile; fileRef = AF057A172A77F36E004577E7 /* CoreDataManager+Update.swift */; };
		AF057A1A2A77F375004577E7 /* CoreDataManager+Delete.swift in Sources */ = {isa = PBXBuildFile; fileRef = AF057A192A77F375004577E7 /* CoreDataManager+Delete.swift */; };
		AF065E072B6EA68E00676752 /* DefaultUserRepository.swift in Sources */ = {isa = PBXBuildFile; fileRef = AF065E062B6EA68E00676752 /* DefaultUserRepository.swift */; };
		AF065E092B6EA8F200676752 /* FetchLectureUseCase.swift in Sources */ = {isa = PBXBuildFile; fileRef = AF065E082B6EA8F200676752 /* FetchLectureUseCase.swift */; };
		AF065E0B2B6EA8FB00676752 /* SearchLectureUseCase.swift in Sources */ = {isa = PBXBuildFile; fileRef = AF065E0A2B6EA8FB00676752 /* SearchLectureUseCase.swift */; };
		AF065E0D2B6EAB0500676752 /* SignInUseCase.swift in Sources */ = {isa = PBXBuildFile; fileRef = AF065E0C2B6EAB0400676752 /* SignInUseCase.swift */; };
		AF065E0F2B6EAB0D00676752 /* CreateTokenUseCase.swift in Sources */ = {isa = PBXBuildFile; fileRef = AF065E0E2B6EAB0D00676752 /* CreateTokenUseCase.swift */; };
		AF065E112B6EAB2700676752 /* ReadTokenUseCase.swift in Sources */ = {isa = PBXBuildFile; fileRef = AF065E102B6EAB2700676752 /* ReadTokenUseCase.swift */; };
		AF065E132B6EAB3000676752 /* DeleteTokenUseCase.swift in Sources */ = {isa = PBXBuildFile; fileRef = AF065E122B6EAB3000676752 /* DeleteTokenUseCase.swift */; };
		AF065E152B6EAB4000676752 /* SignUpUseCase.swift in Sources */ = {isa = PBXBuildFile; fileRef = AF065E142B6EAB4000676752 /* SignUpUseCase.swift */; };
		AF065E182B70B59C00676752 /* SignIn.swift in Sources */ = {isa = PBXBuildFile; fileRef = AF065E172B70B59C00676752 /* SignIn.swift */; };
		AF065E1A2B70C24C00676752 /* AppState.swift in Sources */ = {isa = PBXBuildFile; fileRef = AF065E192B70C24C00676752 /* AppState.swift */; };
		AF065E212B70D46800676752 /* LectureEvaluationDetailView.swift in Sources */ = {isa = PBXBuildFile; fileRef = AF065E202B70D46800676752 /* LectureEvaluationDetailView.swift */; };
		AF08A8D62A9DE1EE005C3D00 /* AddTimetableViewController.swift in Sources */ = {isa = PBXBuildFile; fileRef = AF08A8D52A9DE1EE005C3D00 /* AddTimetableViewController.swift */; };
		AF08A8D82A9F0736005C3D00 /* AddTimetableViewModel.swift in Sources */ = {isa = PBXBuildFile; fileRef = AF08A8D72A9F0736005C3D00 /* AddTimetableViewModel.swift */; };
		AF08A8DA2A9F2BF6005C3D00 /* UITextField+.swift in Sources */ = {isa = PBXBuildFile; fileRef = AF08A8D92A9F2BF6005C3D00 /* UITextField+.swift */; };
		AF08A8DC2A9F6C5E005C3D00 /* TimetableListViewController.swift in Sources */ = {isa = PBXBuildFile; fileRef = AF08A8DB2A9F6C5D005C3D00 /* TimetableListViewController.swift */; };
		AF08A8DF2A9F6D15005C3D00 /* TimetableListCell.swift in Sources */ = {isa = PBXBuildFile; fileRef = AF08A8DE2A9F6D15005C3D00 /* TimetableListCell.swift */; };
		AF08A8E12A9F6E63005C3D00 /* TimetableListViewModel.swift in Sources */ = {isa = PBXBuildFile; fileRef = AF08A8E02A9F6E63005C3D00 /* TimetableListViewModel.swift */; };
		AF0ABE252B6227E500AA93EE /* APIStatusLogger.swift in Sources */ = {isa = PBXBuildFile; fileRef = AF0ABE242B6227E500AA93EE /* APIStatusLogger.swift */; };
		AF0ABE272B6227F800AA93EE /* AlamofireManager.swift in Sources */ = {isa = PBXBuildFile; fileRef = AF0ABE262B6227F700AA93EE /* AlamofireManager.swift */; };
		AF0ABE292B622BE600AA93EE /* TargetType.swift in Sources */ = {isa = PBXBuildFile; fileRef = AF0ABE282B622BE600AA93EE /* TargetType.swift */; };
		AF0ABE2B2B6232C400AA93EE /* RequestParameter.swift in Sources */ = {isa = PBXBuildFile; fileRef = AF0ABE2A2B6232C400AA93EE /* RequestParameter.swift */; };
		AF0ABE2D2B6232F600AA93EE /* Encodable+.swift in Sources */ = {isa = PBXBuildFile; fileRef = AF0ABE2C2B6232F500AA93EE /* Encodable+.swift */; };
		AF0ABE302B623AA700AA93EE /* APITarget.swift in Sources */ = {isa = PBXBuildFile; fileRef = AF0ABE2F2B623AA700AA93EE /* APITarget.swift */; };
		AF0ABE342B623E6A00AA93EE /* APITarget+Lecture.swift in Sources */ = {isa = PBXBuildFile; fileRef = AF0ABE332B623E6A00AA93EE /* APITarget+Lecture.swift */; };
		AF0ABE372B62407200AA93EE /* DTO+AllLectureRequest.swift in Sources */ = {isa = PBXBuildFile; fileRef = AF0ABE362B62407200AA93EE /* DTO+AllLectureRequest.swift */; };
		AF0ABE392B62458900AA93EE /* APIProvider.swift in Sources */ = {isa = PBXBuildFile; fileRef = AF0ABE382B62458900AA93EE /* APIProvider.swift */; };
		AF0ABE3E2B62472200AA93EE /* Lecture.swift in Sources */ = {isa = PBXBuildFile; fileRef = AF0ABE3D2B62472200AA93EE /* Lecture.swift */; };
		AF0ABE462B624B1400AA93EE /* LectureEvaluationHomeView.swift in Sources */ = {isa = PBXBuildFile; fileRef = AF0ABE452B624B1400AA93EE /* LectureEvaluationHomeView.swift */; };
		AF0ABE482B624B5300AA93EE /* LectureRepository.swift in Sources */ = {isa = PBXBuildFile; fileRef = AF0ABE472B624B5300AA93EE /* LectureRepository.swift */; };
		AF0ABE4A2B624BFF00AA93EE /* DefaultLectureRepository.swift in Sources */ = {isa = PBXBuildFile; fileRef = AF0ABE492B624BFF00AA93EE /* DefaultLectureRepository.swift */; };
		AF2586C92A8F5AB400A61F8E /* SearchCourseEmptyView.swift in Sources */ = {isa = PBXBuildFile; fileRef = AF2586C82A8F5AB400A61F8E /* SearchCourseEmptyView.swift */; };
		AF2586CB2A8F628E00A61F8E /* UIImage+.swift in Sources */ = {isa = PBXBuildFile; fileRef = AF2586CA2A8F628E00A61F8E /* UIImage+.swift */; };
		AF2AADDE2A85412700923A61 /* UIColor+.swift in Sources */ = {isa = PBXBuildFile; fileRef = AF2AADDD2A85412700923A61 /* UIColor+.swift */; };
		AF2AADE02A89440900923A61 /* UISearchBar+.swift in Sources */ = {isa = PBXBuildFile; fileRef = AF2AADDF2A89440900923A61 /* UISearchBar+.swift */; };
		AF37C9A22B5539A300D4949D /* TimetableCourse.swift in Sources */ = {isa = PBXBuildFile; fileRef = AFF9DE8F2A34821800CCB1D2 /* TimetableCourse.swift */; };
		AF37C9A32B5539A300D4949D /* TimetableCourse.swift in Sources */ = {isa = PBXBuildFile; fileRef = AFF9DE8F2A34821800CCB1D2 /* TimetableCourse.swift */; };
		AF37C9A42B5539A500D4949D /* FetchCourse.swift in Sources */ = {isa = PBXBuildFile; fileRef = AFD5CC0F2A3993A2008F95B7 /* FetchCourse.swift */; };
		AF37C9A62B553F6400D4949D /* UserDefaults+.swift in Sources */ = {isa = PBXBuildFile; fileRef = AF86F18C2B4AF0110001904A /* UserDefaults+.swift */; };
		AF37C9A72B553FB000D4949D /* SuwikiTimetable.xcdatamodeld in Sources */ = {isa = PBXBuildFile; fileRef = AF4E41EE2A7FEF4500954710 /* SuwikiTimetable.xcdatamodeld */; };
		AF3C07482A349A3A00806AEE /* GoogleService-Info.plist in Resources */ = {isa = PBXBuildFile; fileRef = AF3C07472A349A3A00806AEE /* GoogleService-Info.plist */; };
		AF4E41F02A7FEF4500954710 /* SuwikiTimetable.xcdatamodeld in Sources */ = {isa = PBXBuildFile; fileRef = AF4E41EE2A7FEF4500954710 /* SuwikiTimetable.xcdatamodeld */; };
		AF5E2A9C2AAF6B8D006DEE02 /* TimetableEmptyView.swift in Sources */ = {isa = PBXBuildFile; fileRef = AF5E2A9B2AAF6B8D006DEE02 /* TimetableEmptyView.swift */; };
		AF60C2782A29BF5B00AE0126 /* SelectMajorViewController.swift in Sources */ = {isa = PBXBuildFile; fileRef = AF60C2772A29BF5B00AE0126 /* SelectMajorViewController.swift */; };
		AF60C27D2A29C59E00AE0126 /* CategoryCell.swift in Sources */ = {isa = PBXBuildFile; fileRef = AF60C27C2A29C59E00AE0126 /* CategoryCell.swift */; };
		AF60C27F2A29C5B000AE0126 /* CourseCell.swift in Sources */ = {isa = PBXBuildFile; fileRef = AF60C27E2A29C5B000AE0126 /* CourseCell.swift */; };
		AF6A8AC82B6C0AE200DD58EF /* DTO+SearchLectureRequest.swift in Sources */ = {isa = PBXBuildFile; fileRef = AF6A8AC72B6C0AE200DD58EF /* DTO+SearchLectureRequest.swift */; };
		AF6A8ACE2B6CEE6500DD58EF /* DTO+LoginRequest.swift in Sources */ = {isa = PBXBuildFile; fileRef = AF6A8ACD2B6CEE6500DD58EF /* DTO+LoginRequest.swift */; };
		AF6A8AD12B6CEEB800DD58EF /* APITarget+User.swift in Sources */ = {isa = PBXBuildFile; fileRef = AF6A8AD02B6CEEB800DD58EF /* APITarget+User.swift */; };
		AF6A8AD32B6CEFA000DD58EF /* DTO+TokenResponse.swift in Sources */ = {isa = PBXBuildFile; fileRef = AF6A8AD22B6CEFA000DD58EF /* DTO+TokenResponse.swift */; };
		AF6A8AD82B6E298C00DD58EF /* KeychainManager.swift in Sources */ = {isa = PBXBuildFile; fileRef = AF6A8AD72B6E298C00DD58EF /* KeychainManager.swift */; };
		AF6A8ADA2B6E2E7A00DD58EF /* TokenType.swift in Sources */ = {isa = PBXBuildFile; fileRef = AF6A8AD92B6E2E7A00DD58EF /* TokenType.swift */; };
		AF6A8ADC2B6E2EAE00DD58EF /* KeychainRepository.swift in Sources */ = {isa = PBXBuildFile; fileRef = AF6A8ADB2B6E2EAE00DD58EF /* KeychainRepository.swift */; };
		AF6A8ADE2B6E2F5100DD58EF /* DefaultKeychainRepository.swift in Sources */ = {isa = PBXBuildFile; fileRef = AF6A8ADD2B6E2F5100DD58EF /* DefaultKeychainRepository.swift */; };
		AF6A8AE02B6E319A00DD58EF /* DTO+CheckIdRequest.swift in Sources */ = {isa = PBXBuildFile; fileRef = AF6A8ADF2B6E319A00DD58EF /* DTO+CheckIdRequest.swift */; };
		AF6A8AE22B6E31B700DD58EF /* DTO+OverlapResponse.swift in Sources */ = {isa = PBXBuildFile; fileRef = AF6A8AE12B6E31B700DD58EF /* DTO+OverlapResponse.swift */; };
		AF6A8AE42B6E35E700DD58EF /* DTO+JoinRequest.swift in Sources */ = {isa = PBXBuildFile; fileRef = AF6A8AE32B6E35E700DD58EF /* DTO+JoinRequest.swift */; };
		AF6A8AE62B6E362500DD58EF /* DTO+JoinResponse.swift in Sources */ = {isa = PBXBuildFile; fileRef = AF6A8AE52B6E362500DD58EF /* DTO+JoinResponse.swift */; };
		AF6A8AED2B6E367A00DD58EF /* LoginView.swift in Sources */ = {isa = PBXBuildFile; fileRef = AF6A8AEC2B6E367A00DD58EF /* LoginView.swift */; };
		AF6A8AEF2B6E4CF900DD58EF /* LoginViewModel.swift in Sources */ = {isa = PBXBuildFile; fileRef = AF6A8AEE2B6E4CF900DD58EF /* LoginViewModel.swift */; };
		AF6A8AF62B6E590600DD58EF /* DTO+CheckEmailRequest.swift in Sources */ = {isa = PBXBuildFile; fileRef = AF6A8AF52B6E590600DD58EF /* DTO+CheckEmailRequest.swift */; };
		AF6A8AF82B6E59EB00DD58EF /* UserRepository.swift in Sources */ = {isa = PBXBuildFile; fileRef = AF6A8AF72B6E59EB00DD58EF /* UserRepository.swift */; };
		AF7DF1E82B64EDB400C2CF4E /* DIContainer.swift in Sources */ = {isa = PBXBuildFile; fileRef = AF7DF1E72B64EDB400C2CF4E /* DIContainer.swift */; };
		AF7DF1EA2B64EDE800C2CF4E /* Inject.swift in Sources */ = {isa = PBXBuildFile; fileRef = AF7DF1E92B64EDE800C2CF4E /* Inject.swift */; };
		AF7DF1EC2B64EFB100C2CF4E /* AppEnvironment.swift in Sources */ = {isa = PBXBuildFile; fileRef = AF7DF1EB2B64EFB100C2CF4E /* AppEnvironment.swift */; };
		AF7DF1EE2B64F09900C2CF4E /* LectureEvaluationHomeViewModel.swift in Sources */ = {isa = PBXBuildFile; fileRef = AF7DF1ED2B64F09900C2CF4E /* LectureEvaluationHomeViewModel.swift */; };
		AF86F18D2B4AF0110001904A /* UserDefaults+.swift in Sources */ = {isa = PBXBuildFile; fileRef = AF86F18C2B4AF0110001904A /* UserDefaults+.swift */; };
		AF9907BC2B554FBC00EF0D91 /* CoreDataManager.swift in Sources */ = {isa = PBXBuildFile; fileRef = AFEC86982A3771C6008C5781 /* CoreDataManager.swift */; };
		AF9907BD2B554FCE00EF0D91 /* CoreDataManager+Create.swift in Sources */ = {isa = PBXBuildFile; fileRef = AF057A132A77F35C004577E7 /* CoreDataManager+Create.swift */; };
		AF9907BE2B554FCF00EF0D91 /* CoreDataManager+Create.swift in Sources */ = {isa = PBXBuildFile; fileRef = AF057A132A77F35C004577E7 /* CoreDataManager+Create.swift */; };
		AF9907BF2B554FD100EF0D91 /* CoreDataManager+Read.swift in Sources */ = {isa = PBXBuildFile; fileRef = AF057A152A77F365004577E7 /* CoreDataManager+Read.swift */; };
		AF9907C02B554FD500EF0D91 /* CoreDataManager+Delete.swift in Sources */ = {isa = PBXBuildFile; fileRef = AF057A192A77F375004577E7 /* CoreDataManager+Delete.swift */; };
		AF9907C12B554FD800EF0D91 /* FirebaseManager.swift in Sources */ = {isa = PBXBuildFile; fileRef = AFAA2F002B343BC000899E98 /* FirebaseManager.swift */; };
		AF9907C32B564AFD00EF0D91 /* TimetableWidgetViewModel.swift in Sources */ = {isa = PBXBuildFile; fileRef = AF9907C22B564AFD00EF0D91 /* TimetableWidgetViewModel.swift */; };
		AF9907C42B564EA600EF0D91 /* TimetableWidgetViewModel.swift in Sources */ = {isa = PBXBuildFile; fileRef = AF9907C22B564AFD00EF0D91 /* TimetableWidgetViewModel.swift */; };
		AF9907C62B564FCA00EF0D91 /* CourseForWidget.swift in Sources */ = {isa = PBXBuildFile; fileRef = AF9907C52B564FCA00EF0D91 /* CourseForWidget.swift */; };
		AF9907C72B56542400EF0D91 /* CourseForWidget.swift in Sources */ = {isa = PBXBuildFile; fileRef = AF9907C52B564FCA00EF0D91 /* CourseForWidget.swift */; };
		AF9907C82B5656AB00EF0D91 /* UIColor+.swift in Sources */ = {isa = PBXBuildFile; fileRef = AF2AADDD2A85412700923A61 /* UIColor+.swift */; };
		AF9907CD2B566F7600EF0D91 /* TimetableWidgetMedium.swift in Sources */ = {isa = PBXBuildFile; fileRef = AF9907CC2B566F7600EF0D91 /* TimetableWidgetMedium.swift */; };
		AF9907CE2B566F8700EF0D91 /* TimetableWidgetMedium.swift in Sources */ = {isa = PBXBuildFile; fileRef = AF9907CC2B566F7600EF0D91 /* TimetableWidgetMedium.swift */; };
		AF9907D02B566FC100EF0D91 /* TimetableWidgetCell.swift in Sources */ = {isa = PBXBuildFile; fileRef = AF9907CF2B566FC100EF0D91 /* TimetableWidgetCell.swift */; };
		AF9907D22B566FD800EF0D91 /* TimetableWidgetSmall.swift in Sources */ = {isa = PBXBuildFile; fileRef = AF9907D12B566FD800EF0D91 /* TimetableWidgetSmall.swift */; };
		AF9907D42B5670F100EF0D91 /* TimetableWidgetCell.swift in Sources */ = {isa = PBXBuildFile; fileRef = AF9907CF2B566FC100EF0D91 /* TimetableWidgetCell.swift */; };
		AFA499E12A2798600047A4B4 /* MajorCell.swift in Sources */ = {isa = PBXBuildFile; fileRef = AFA499E02A2798600047A4B4 /* MajorCell.swift */; };
		AFA499E72A2881BF0047A4B4 /* SelectMajorViewModel.swift in Sources */ = {isa = PBXBuildFile; fileRef = AFA499E62A2881BF0047A4B4 /* SelectMajorViewModel.swift */; };
		AFAA2F012B343BC000899E98 /* FirebaseManager.swift in Sources */ = {isa = PBXBuildFile; fileRef = AFAA2F002B343BC000899E98 /* FirebaseManager.swift */; };
		AFBEF3452B4417A50047DDC3 /* WidgetKit.framework in Frameworks */ = {isa = PBXBuildFile; fileRef = AFBEF3292B44115C0047DDC3 /* WidgetKit.framework */; };
		AFBEF3462B4417A50047DDC3 /* SwiftUI.framework in Frameworks */ = {isa = PBXBuildFile; fileRef = AFBEF32B2B44115C0047DDC3 /* SwiftUI.framework */; };
		AFBEF3492B4417A50047DDC3 /* TimetableWidgetBundle.swift in Sources */ = {isa = PBXBuildFile; fileRef = AFBEF3482B4417A50047DDC3 /* TimetableWidgetBundle.swift */; };
		AFBEF34B2B4417A50047DDC3 /* TimetableWidget.swift in Sources */ = {isa = PBXBuildFile; fileRef = AFBEF34A2B4417A50047DDC3 /* TimetableWidget.swift */; };
		AFBEF34D2B4417A70047DDC3 /* Assets.xcassets in Resources */ = {isa = PBXBuildFile; fileRef = AFBEF34C2B4417A70047DDC3 /* Assets.xcassets */; };
		AFBEF3512B4417A70047DDC3 /* TimetableWidgetExtension.appex in Embed Foundation Extensions */ = {isa = PBXBuildFile; fileRef = AFBEF3442B4417A50047DDC3 /* TimetableWidgetExtension.appex */; settings = {ATTRIBUTES = (RemoveHeadersOnCopy, ); }; };
		AFBF51432B6156EA001B6EA1 /* DTO+Namespace.swift in Sources */ = {isa = PBXBuildFile; fileRef = AFBF51422B6156EA001B6EA1 /* DTO+Namespace.swift */; };
		AFBF51452B615863001B6EA1 /* DTO+LectureResponse.swift in Sources */ = {isa = PBXBuildFile; fileRef = AFBF51442B615863001B6EA1 /* DTO+LectureResponse.swift */; };
		AFBF51482B615C0C001B6EA1 /* DTO+AllLectureResponse.swift in Sources */ = {isa = PBXBuildFile; fileRef = AFBF51472B615C0C001B6EA1 /* DTO+AllLectureResponse.swift */; };
		AFC335312A4DD20900D22DEC /* AddCourseManager.swift in Sources */ = {isa = PBXBuildFile; fileRef = AFC335302A4DD20900D22DEC /* AddCourseManager.swift */; };
		AFC90FC72B6799A90007DA1B /* LectureCell.swift in Sources */ = {isa = PBXBuildFile; fileRef = AFC90FC62B6799A90007DA1B /* LectureCell.swift */; };
		AFC90FC92B679BD40007DA1B /* Font+.swift in Sources */ = {isa = PBXBuildFile; fileRef = AFC90FC82B679BD40007DA1B /* Font+.swift */; };
		AFD5CC102A3993A2008F95B7 /* FetchCourse.swift in Sources */ = {isa = PBXBuildFile; fileRef = AFD5CC0F2A3993A2008F95B7 /* FetchCourse.swift */; };
		AFD5CC122A404338008F95B7 /* SelectCourseViewModel.swift in Sources */ = {isa = PBXBuildFile; fileRef = AFD5CC112A404338008F95B7 /* SelectCourseViewModel.swift */; };
		AFD5CC142A405BFE008F95B7 /* SelectCourseListViewModel.swift in Sources */ = {isa = PBXBuildFile; fileRef = AFD5CC132A405BFE008F95B7 /* SelectCourseListViewModel.swift */; };
		AFE18EF52A1C8ABF009D4D58 /* AppDelegate.swift in Sources */ = {isa = PBXBuildFile; fileRef = AFE18EF42A1C8ABF009D4D58 /* AppDelegate.swift */; };
		AFE18EF72A1C8ABF009D4D58 /* SceneDelegate.swift in Sources */ = {isa = PBXBuildFile; fileRef = AFE18EF62A1C8ABF009D4D58 /* SceneDelegate.swift */; };
		AFE18EF92A1C8ABF009D4D58 /* SelectCourseViewController.swift in Sources */ = {isa = PBXBuildFile; fileRef = AFE18EF82A1C8ABF009D4D58 /* SelectCourseViewController.swift */; };
		AFE18F012A1C8AC1009D4D58 /* Assets.xcassets in Resources */ = {isa = PBXBuildFile; fileRef = AFE18F002A1C8AC1009D4D58 /* Assets.xcassets */; };
		AFE18F042A1C8AC1009D4D58 /* LaunchScreen.storyboard in Resources */ = {isa = PBXBuildFile; fileRef = AFE18F022A1C8AC1009D4D58 /* LaunchScreen.storyboard */; };
		AFE18F1A2A271755009D4D58 /* Major.swift in Sources */ = {isa = PBXBuildFile; fileRef = AFE18F192A271755009D4D58 /* Major.swift */; };
		AFEC5B0F2B3C9619004FEC90 /* InitView.swift in Sources */ = {isa = PBXBuildFile; fileRef = AFEC5B0E2B3C9619004FEC90 /* InitView.swift */; };
		AFEC86962A37712A008C5781 /* TimetableViewModel.swift in Sources */ = {isa = PBXBuildFile; fileRef = AFEC86952A37712A008C5781 /* TimetableViewModel.swift */; };
		AFEC86992A3771C6008C5781 /* CoreDataManager.swift in Sources */ = {isa = PBXBuildFile; fileRef = AFEC86982A3771C6008C5781 /* CoreDataManager.swift */; };
		AFF785C52A93332E00B6D531 /* AddCourseViewController.swift in Sources */ = {isa = PBXBuildFile; fileRef = AFF785C42A93332E00B6D531 /* AddCourseViewController.swift */; };
		AFF785C72A93513F00B6D531 /* AddCourseView.swift in Sources */ = {isa = PBXBuildFile; fileRef = AFF785C62A93513F00B6D531 /* AddCourseView.swift */; };
		AFF785C92A949C5700B6D531 /* AddCourseViewModel.swift in Sources */ = {isa = PBXBuildFile; fileRef = AFF785C82A949C5700B6D531 /* AddCourseViewModel.swift */; };
		AFF9DE8E2A3481D900CCB1D2 /* TimetableViewController.swift in Sources */ = {isa = PBXBuildFile; fileRef = AFF9DE8D2A3481D900CCB1D2 /* TimetableViewController.swift */; };
		AFF9DE922A34841D00CCB1D2 /* TimetableView.storyboard in Resources */ = {isa = PBXBuildFile; fileRef = AFF9DE912A34841D00CCB1D2 /* TimetableView.storyboard */; };
		C4CE3F240D6E49BF16078DEA /* Pods_SUWIKI.framework in Frameworks */ = {isa = PBXBuildFile; fileRef = 4DBDCB09292C279BAEFE5739 /* Pods_SUWIKI.framework */; };
		E19B8C1651D95043EE43B0E7 /* Pods_SUWIKI_TimetableWidgetExtension.framework in Frameworks */ = {isa = PBXBuildFile; fileRef = 871349BB8C58C6318EECACE4 /* Pods_SUWIKI_TimetableWidgetExtension.framework */; };
/* End PBXBuildFile section */

/* Begin PBXContainerItemProxy section */
		AFBEF34F2B4417A70047DDC3 /* PBXContainerItemProxy */ = {
			isa = PBXContainerItemProxy;
			containerPortal = AFE18EE92A1C8ABF009D4D58 /* Project object */;
			proxyType = 1;
			remoteGlobalIDString = AFBEF3432B4417A50047DDC3;
			remoteInfo = TimetableWidgetExtension;
		};
/* End PBXContainerItemProxy section */

/* Begin PBXCopyFilesBuildPhase section */
		AFBEF3552B4417A70047DDC3 /* Embed Foundation Extensions */ = {
			isa = PBXCopyFilesBuildPhase;
			buildActionMask = 2147483647;
			dstPath = "";
			dstSubfolderSpec = 13;
			files = (
				AFBEF3512B4417A70047DDC3 /* TimetableWidgetExtension.appex in Embed Foundation Extensions */,
			);
			name = "Embed Foundation Extensions";
			runOnlyForDeploymentPostprocessing = 0;
		};
		AFE18F272A271C69009D4D58 /* Embed Frameworks */ = {
			isa = PBXCopyFilesBuildPhase;
			buildActionMask = 2147483647;
			dstPath = "";
			dstSubfolderSpec = 10;
			files = (
			);
			name = "Embed Frameworks";
			runOnlyForDeploymentPostprocessing = 0;
		};
/* End PBXCopyFilesBuildPhase section */

/* Begin PBXFileReference section */
		0E882CEC831A9F2BFFD51F1C /* Pods-SUWIKI.debug.xcconfig */ = {isa = PBXFileReference; includeInIndex = 1; lastKnownFileType = text.xcconfig; name = "Pods-SUWIKI.debug.xcconfig"; path = "Target Support Files/Pods-SUWIKI/Pods-SUWIKI.debug.xcconfig"; sourceTree = "<group>"; };
		4DBDCB09292C279BAEFE5739 /* Pods_SUWIKI.framework */ = {isa = PBXFileReference; explicitFileType = wrapper.framework; includeInIndex = 0; path = Pods_SUWIKI.framework; sourceTree = BUILT_PRODUCTS_DIR; };
		79A806FC0D7C8FBD8BB2B3A5 /* Pods-SUWIKI-TimetableWidgetExtension.debug.xcconfig */ = {isa = PBXFileReference; includeInIndex = 1; lastKnownFileType = text.xcconfig; name = "Pods-SUWIKI-TimetableWidgetExtension.debug.xcconfig"; path = "Target Support Files/Pods-SUWIKI-TimetableWidgetExtension/Pods-SUWIKI-TimetableWidgetExtension.debug.xcconfig"; sourceTree = "<group>"; };
		871349BB8C58C6318EECACE4 /* Pods_SUWIKI_TimetableWidgetExtension.framework */ = {isa = PBXFileReference; explicitFileType = wrapper.framework; includeInIndex = 0; path = Pods_SUWIKI_TimetableWidgetExtension.framework; sourceTree = BUILT_PRODUCTS_DIR; };
		AF057A132A77F35C004577E7 /* CoreDataManager+Create.swift */ = {isa = PBXFileReference; lastKnownFileType = sourcecode.swift; path = "CoreDataManager+Create.swift"; sourceTree = "<group>"; };
		AF057A152A77F365004577E7 /* CoreDataManager+Read.swift */ = {isa = PBXFileReference; lastKnownFileType = sourcecode.swift; path = "CoreDataManager+Read.swift"; sourceTree = "<group>"; };
		AF057A172A77F36E004577E7 /* CoreDataManager+Update.swift */ = {isa = PBXFileReference; lastKnownFileType = sourcecode.swift; path = "CoreDataManager+Update.swift"; sourceTree = "<group>"; };
		AF057A192A77F375004577E7 /* CoreDataManager+Delete.swift */ = {isa = PBXFileReference; lastKnownFileType = sourcecode.swift; path = "CoreDataManager+Delete.swift"; sourceTree = "<group>"; };
		AF065E062B6EA68E00676752 /* DefaultUserRepository.swift */ = {isa = PBXFileReference; lastKnownFileType = sourcecode.swift; path = DefaultUserRepository.swift; sourceTree = "<group>"; };
		AF065E082B6EA8F200676752 /* FetchLectureUseCase.swift */ = {isa = PBXFileReference; lastKnownFileType = sourcecode.swift; path = FetchLectureUseCase.swift; sourceTree = "<group>"; };
		AF065E0A2B6EA8FB00676752 /* SearchLectureUseCase.swift */ = {isa = PBXFileReference; lastKnownFileType = sourcecode.swift; path = SearchLectureUseCase.swift; sourceTree = "<group>"; };
		AF065E0C2B6EAB0400676752 /* SignInUseCase.swift */ = {isa = PBXFileReference; lastKnownFileType = sourcecode.swift; path = SignInUseCase.swift; sourceTree = "<group>"; };
		AF065E0E2B6EAB0D00676752 /* CreateTokenUseCase.swift */ = {isa = PBXFileReference; lastKnownFileType = sourcecode.swift; path = CreateTokenUseCase.swift; sourceTree = "<group>"; };
		AF065E102B6EAB2700676752 /* ReadTokenUseCase.swift */ = {isa = PBXFileReference; lastKnownFileType = sourcecode.swift; path = ReadTokenUseCase.swift; sourceTree = "<group>"; };
		AF065E122B6EAB3000676752 /* DeleteTokenUseCase.swift */ = {isa = PBXFileReference; lastKnownFileType = sourcecode.swift; path = DeleteTokenUseCase.swift; sourceTree = "<group>"; };
		AF065E142B6EAB4000676752 /* SignUpUseCase.swift */ = {isa = PBXFileReference; lastKnownFileType = sourcecode.swift; path = SignUpUseCase.swift; sourceTree = "<group>"; };
		AF065E172B70B59C00676752 /* SignIn.swift */ = {isa = PBXFileReference; lastKnownFileType = sourcecode.swift; path = SignIn.swift; sourceTree = "<group>"; };
		AF065E192B70C24C00676752 /* AppState.swift */ = {isa = PBXFileReference; lastKnownFileType = sourcecode.swift; path = AppState.swift; sourceTree = "<group>"; };
		AF065E202B70D46800676752 /* LectureEvaluationDetailView.swift */ = {isa = PBXFileReference; lastKnownFileType = sourcecode.swift; path = LectureEvaluationDetailView.swift; sourceTree = "<group>"; };
		AF08A8D52A9DE1EE005C3D00 /* AddTimetableViewController.swift */ = {isa = PBXFileReference; lastKnownFileType = sourcecode.swift; path = AddTimetableViewController.swift; sourceTree = "<group>"; };
		AF08A8D72A9F0736005C3D00 /* AddTimetableViewModel.swift */ = {isa = PBXFileReference; lastKnownFileType = sourcecode.swift; path = AddTimetableViewModel.swift; sourceTree = "<group>"; };
		AF08A8D92A9F2BF6005C3D00 /* UITextField+.swift */ = {isa = PBXFileReference; lastKnownFileType = sourcecode.swift; path = "UITextField+.swift"; sourceTree = "<group>"; };
		AF08A8DB2A9F6C5D005C3D00 /* TimetableListViewController.swift */ = {isa = PBXFileReference; lastKnownFileType = sourcecode.swift; path = TimetableListViewController.swift; sourceTree = "<group>"; };
		AF08A8DE2A9F6D15005C3D00 /* TimetableListCell.swift */ = {isa = PBXFileReference; lastKnownFileType = sourcecode.swift; path = TimetableListCell.swift; sourceTree = "<group>"; };
		AF08A8E02A9F6E63005C3D00 /* TimetableListViewModel.swift */ = {isa = PBXFileReference; lastKnownFileType = sourcecode.swift; path = TimetableListViewModel.swift; sourceTree = "<group>"; };
		AF0ABE242B6227E500AA93EE /* APIStatusLogger.swift */ = {isa = PBXFileReference; lastKnownFileType = sourcecode.swift; path = APIStatusLogger.swift; sourceTree = "<group>"; };
		AF0ABE262B6227F700AA93EE /* AlamofireManager.swift */ = {isa = PBXFileReference; lastKnownFileType = sourcecode.swift; path = AlamofireManager.swift; sourceTree = "<group>"; };
		AF0ABE282B622BE600AA93EE /* TargetType.swift */ = {isa = PBXFileReference; lastKnownFileType = sourcecode.swift; path = TargetType.swift; sourceTree = "<group>"; };
		AF0ABE2A2B6232C400AA93EE /* RequestParameter.swift */ = {isa = PBXFileReference; lastKnownFileType = sourcecode.swift; path = RequestParameter.swift; sourceTree = "<group>"; };
		AF0ABE2C2B6232F500AA93EE /* Encodable+.swift */ = {isa = PBXFileReference; lastKnownFileType = sourcecode.swift; path = "Encodable+.swift"; sourceTree = "<group>"; };
		AF0ABE2F2B623AA700AA93EE /* APITarget.swift */ = {isa = PBXFileReference; lastKnownFileType = sourcecode.swift; path = APITarget.swift; sourceTree = "<group>"; };
		AF0ABE332B623E6A00AA93EE /* APITarget+Lecture.swift */ = {isa = PBXFileReference; lastKnownFileType = sourcecode.swift; path = "APITarget+Lecture.swift"; sourceTree = "<group>"; };
		AF0ABE362B62407200AA93EE /* DTO+AllLectureRequest.swift */ = {isa = PBXFileReference; lastKnownFileType = sourcecode.swift; path = "DTO+AllLectureRequest.swift"; sourceTree = "<group>"; };
		AF0ABE382B62458900AA93EE /* APIProvider.swift */ = {isa = PBXFileReference; lastKnownFileType = sourcecode.swift; path = APIProvider.swift; sourceTree = "<group>"; };
		AF0ABE3D2B62472200AA93EE /* Lecture.swift */ = {isa = PBXFileReference; lastKnownFileType = sourcecode.swift; path = Lecture.swift; sourceTree = "<group>"; };
		AF0ABE452B624B1400AA93EE /* LectureEvaluationHomeView.swift */ = {isa = PBXFileReference; lastKnownFileType = sourcecode.swift; path = LectureEvaluationHomeView.swift; sourceTree = "<group>"; };
		AF0ABE472B624B5300AA93EE /* LectureRepository.swift */ = {isa = PBXFileReference; lastKnownFileType = sourcecode.swift; path = LectureRepository.swift; sourceTree = "<group>"; };
		AF0ABE492B624BFF00AA93EE /* DefaultLectureRepository.swift */ = {isa = PBXFileReference; lastKnownFileType = sourcecode.swift; path = DefaultLectureRepository.swift; sourceTree = "<group>"; };
		AF2586C82A8F5AB400A61F8E /* SearchCourseEmptyView.swift */ = {isa = PBXFileReference; lastKnownFileType = sourcecode.swift; path = SearchCourseEmptyView.swift; sourceTree = "<group>"; };
		AF2586CA2A8F628E00A61F8E /* UIImage+.swift */ = {isa = PBXFileReference; lastKnownFileType = sourcecode.swift; path = "UIImage+.swift"; sourceTree = "<group>"; };
		AF2AADDD2A85412700923A61 /* UIColor+.swift */ = {isa = PBXFileReference; lastKnownFileType = sourcecode.swift; path = "UIColor+.swift"; sourceTree = "<group>"; };
		AF2AADDF2A89440900923A61 /* UISearchBar+.swift */ = {isa = PBXFileReference; lastKnownFileType = sourcecode.swift; path = "UISearchBar+.swift"; sourceTree = "<group>"; };
		AF3C07472A349A3A00806AEE /* GoogleService-Info.plist */ = {isa = PBXFileReference; fileEncoding = 4; lastKnownFileType = text.plist.xml; path = "GoogleService-Info.plist"; sourceTree = "<group>"; };
		AF4E41EF2A7FEF4500954710 /* SuwikiTimetable.xcdatamodel */ = {isa = PBXFileReference; lastKnownFileType = wrapper.xcdatamodel; path = SuwikiTimetable.xcdatamodel; sourceTree = "<group>"; };
		AF5E2A9B2AAF6B8D006DEE02 /* TimetableEmptyView.swift */ = {isa = PBXFileReference; lastKnownFileType = sourcecode.swift; path = TimetableEmptyView.swift; sourceTree = "<group>"; };
		AF60C2772A29BF5B00AE0126 /* SelectMajorViewController.swift */ = {isa = PBXFileReference; lastKnownFileType = sourcecode.swift; path = SelectMajorViewController.swift; sourceTree = "<group>"; };
		AF60C27C2A29C59E00AE0126 /* CategoryCell.swift */ = {isa = PBXFileReference; lastKnownFileType = sourcecode.swift; path = CategoryCell.swift; sourceTree = "<group>"; };
		AF60C27E2A29C5B000AE0126 /* CourseCell.swift */ = {isa = PBXFileReference; lastKnownFileType = sourcecode.swift; path = CourseCell.swift; sourceTree = "<group>"; };
		AF6A8AC72B6C0AE200DD58EF /* DTO+SearchLectureRequest.swift */ = {isa = PBXFileReference; lastKnownFileType = sourcecode.swift; path = "DTO+SearchLectureRequest.swift"; sourceTree = "<group>"; };
		AF6A8ACD2B6CEE6500DD58EF /* DTO+LoginRequest.swift */ = {isa = PBXFileReference; lastKnownFileType = sourcecode.swift; path = "DTO+LoginRequest.swift"; sourceTree = "<group>"; };
		AF6A8AD02B6CEEB800DD58EF /* APITarget+User.swift */ = {isa = PBXFileReference; lastKnownFileType = sourcecode.swift; path = "APITarget+User.swift"; sourceTree = "<group>"; };
		AF6A8AD22B6CEFA000DD58EF /* DTO+TokenResponse.swift */ = {isa = PBXFileReference; lastKnownFileType = sourcecode.swift; path = "DTO+TokenResponse.swift"; sourceTree = "<group>"; };
		AF6A8AD72B6E298C00DD58EF /* KeychainManager.swift */ = {isa = PBXFileReference; lastKnownFileType = sourcecode.swift; path = KeychainManager.swift; sourceTree = "<group>"; };
		AF6A8AD92B6E2E7A00DD58EF /* TokenType.swift */ = {isa = PBXFileReference; lastKnownFileType = sourcecode.swift; path = TokenType.swift; sourceTree = "<group>"; };
		AF6A8ADB2B6E2EAE00DD58EF /* KeychainRepository.swift */ = {isa = PBXFileReference; lastKnownFileType = sourcecode.swift; path = KeychainRepository.swift; sourceTree = "<group>"; };
		AF6A8ADD2B6E2F5100DD58EF /* DefaultKeychainRepository.swift */ = {isa = PBXFileReference; lastKnownFileType = sourcecode.swift; path = DefaultKeychainRepository.swift; sourceTree = "<group>"; };
		AF6A8ADF2B6E319A00DD58EF /* DTO+CheckIdRequest.swift */ = {isa = PBXFileReference; lastKnownFileType = sourcecode.swift; path = "DTO+CheckIdRequest.swift"; sourceTree = "<group>"; };
		AF6A8AE12B6E31B700DD58EF /* DTO+OverlapResponse.swift */ = {isa = PBXFileReference; lastKnownFileType = sourcecode.swift; path = "DTO+OverlapResponse.swift"; sourceTree = "<group>"; };
		AF6A8AE32B6E35E700DD58EF /* DTO+JoinRequest.swift */ = {isa = PBXFileReference; lastKnownFileType = sourcecode.swift; path = "DTO+JoinRequest.swift"; sourceTree = "<group>"; };
		AF6A8AE52B6E362500DD58EF /* DTO+JoinResponse.swift */ = {isa = PBXFileReference; lastKnownFileType = sourcecode.swift; path = "DTO+JoinResponse.swift"; sourceTree = "<group>"; };
		AF6A8AEC2B6E367A00DD58EF /* LoginView.swift */ = {isa = PBXFileReference; lastKnownFileType = sourcecode.swift; path = LoginView.swift; sourceTree = "<group>"; };
		AF6A8AEE2B6E4CF900DD58EF /* LoginViewModel.swift */ = {isa = PBXFileReference; lastKnownFileType = sourcecode.swift; path = LoginViewModel.swift; sourceTree = "<group>"; };
		AF6A8AF52B6E590600DD58EF /* DTO+CheckEmailRequest.swift */ = {isa = PBXFileReference; lastKnownFileType = sourcecode.swift; path = "DTO+CheckEmailRequest.swift"; sourceTree = "<group>"; };
		AF6A8AF72B6E59EB00DD58EF /* UserRepository.swift */ = {isa = PBXFileReference; lastKnownFileType = sourcecode.swift; path = UserRepository.swift; sourceTree = "<group>"; };
		AF7DF1E72B64EDB400C2CF4E /* DIContainer.swift */ = {isa = PBXFileReference; lastKnownFileType = sourcecode.swift; path = DIContainer.swift; sourceTree = "<group>"; };
		AF7DF1E92B64EDE800C2CF4E /* Inject.swift */ = {isa = PBXFileReference; lastKnownFileType = sourcecode.swift; path = Inject.swift; sourceTree = "<group>"; };
		AF7DF1EB2B64EFB100C2CF4E /* AppEnvironment.swift */ = {isa = PBXFileReference; lastKnownFileType = sourcecode.swift; path = AppEnvironment.swift; sourceTree = "<group>"; };
		AF7DF1ED2B64F09900C2CF4E /* LectureEvaluationHomeViewModel.swift */ = {isa = PBXFileReference; lastKnownFileType = sourcecode.swift; path = LectureEvaluationHomeViewModel.swift; sourceTree = "<group>"; };
		AF86F18A2B4AEAB20001904A /* SUWIKI.entitlements */ = {isa = PBXFileReference; lastKnownFileType = text.plist.entitlements; path = SUWIKI.entitlements; sourceTree = "<group>"; };
		AF86F18B2B4AEAFD0001904A /* TimetableWidgetExtension.entitlements */ = {isa = PBXFileReference; lastKnownFileType = text.plist.entitlements; path = TimetableWidgetExtension.entitlements; sourceTree = "<group>"; };
		AF86F18C2B4AF0110001904A /* UserDefaults+.swift */ = {isa = PBXFileReference; lastKnownFileType = sourcecode.swift; path = "UserDefaults+.swift"; sourceTree = "<group>"; };
		AF9907C22B564AFD00EF0D91 /* TimetableWidgetViewModel.swift */ = {isa = PBXFileReference; lastKnownFileType = sourcecode.swift; path = TimetableWidgetViewModel.swift; sourceTree = "<group>"; };
		AF9907C52B564FCA00EF0D91 /* CourseForWidget.swift */ = {isa = PBXFileReference; lastKnownFileType = sourcecode.swift; path = CourseForWidget.swift; sourceTree = "<group>"; };
		AF9907CC2B566F7600EF0D91 /* TimetableWidgetMedium.swift */ = {isa = PBXFileReference; lastKnownFileType = sourcecode.swift; path = TimetableWidgetMedium.swift; sourceTree = "<group>"; };
		AF9907CF2B566FC100EF0D91 /* TimetableWidgetCell.swift */ = {isa = PBXFileReference; lastKnownFileType = sourcecode.swift; path = TimetableWidgetCell.swift; sourceTree = "<group>"; };
		AF9907D12B566FD800EF0D91 /* TimetableWidgetSmall.swift */ = {isa = PBXFileReference; lastKnownFileType = sourcecode.swift; path = TimetableWidgetSmall.swift; sourceTree = "<group>"; };
		AFA499E02A2798600047A4B4 /* MajorCell.swift */ = {isa = PBXFileReference; lastKnownFileType = sourcecode.swift; path = MajorCell.swift; sourceTree = "<group>"; };
		AFA499E62A2881BF0047A4B4 /* SelectMajorViewModel.swift */ = {isa = PBXFileReference; lastKnownFileType = sourcecode.swift; path = SelectMajorViewModel.swift; sourceTree = "<group>"; };
		AFAA2F002B343BC000899E98 /* FirebaseManager.swift */ = {isa = PBXFileReference; lastKnownFileType = sourcecode.swift; path = FirebaseManager.swift; sourceTree = "<group>"; };
		AFBEF3292B44115C0047DDC3 /* WidgetKit.framework */ = {isa = PBXFileReference; lastKnownFileType = wrapper.framework; name = WidgetKit.framework; path = System/Library/Frameworks/WidgetKit.framework; sourceTree = SDKROOT; };
		AFBEF32B2B44115C0047DDC3 /* SwiftUI.framework */ = {isa = PBXFileReference; lastKnownFileType = wrapper.framework; name = SwiftUI.framework; path = System/Library/Frameworks/SwiftUI.framework; sourceTree = SDKROOT; };
		AFBEF3442B4417A50047DDC3 /* TimetableWidgetExtension.appex */ = {isa = PBXFileReference; explicitFileType = "wrapper.app-extension"; includeInIndex = 0; path = TimetableWidgetExtension.appex; sourceTree = BUILT_PRODUCTS_DIR; };
		AFBEF3482B4417A50047DDC3 /* TimetableWidgetBundle.swift */ = {isa = PBXFileReference; lastKnownFileType = sourcecode.swift; path = TimetableWidgetBundle.swift; sourceTree = "<group>"; };
		AFBEF34A2B4417A50047DDC3 /* TimetableWidget.swift */ = {isa = PBXFileReference; lastKnownFileType = sourcecode.swift; path = TimetableWidget.swift; sourceTree = "<group>"; };
		AFBEF34C2B4417A70047DDC3 /* Assets.xcassets */ = {isa = PBXFileReference; lastKnownFileType = folder.assetcatalog; path = Assets.xcassets; sourceTree = "<group>"; };
		AFBEF34E2B4417A70047DDC3 /* Info.plist */ = {isa = PBXFileReference; lastKnownFileType = text.plist.xml; path = Info.plist; sourceTree = "<group>"; };
		AFBF51422B6156EA001B6EA1 /* DTO+Namespace.swift */ = {isa = PBXFileReference; lastKnownFileType = sourcecode.swift; path = "DTO+Namespace.swift"; sourceTree = "<group>"; };
		AFBF51442B615863001B6EA1 /* DTO+LectureResponse.swift */ = {isa = PBXFileReference; lastKnownFileType = sourcecode.swift; path = "DTO+LectureResponse.swift"; sourceTree = "<group>"; };
		AFBF51472B615C0C001B6EA1 /* DTO+AllLectureResponse.swift */ = {isa = PBXFileReference; lastKnownFileType = sourcecode.swift; path = "DTO+AllLectureResponse.swift"; sourceTree = "<group>"; };
		AFC335302A4DD20900D22DEC /* AddCourseManager.swift */ = {isa = PBXFileReference; lastKnownFileType = sourcecode.swift; path = AddCourseManager.swift; sourceTree = "<group>"; };
		AFC90FC62B6799A90007DA1B /* LectureCell.swift */ = {isa = PBXFileReference; lastKnownFileType = sourcecode.swift; path = LectureCell.swift; sourceTree = "<group>"; };
		AFC90FC82B679BD40007DA1B /* Font+.swift */ = {isa = PBXFileReference; lastKnownFileType = sourcecode.swift; path = "Font+.swift"; sourceTree = "<group>"; };
		AFD5CC0F2A3993A2008F95B7 /* FetchCourse.swift */ = {isa = PBXFileReference; lastKnownFileType = sourcecode.swift; path = FetchCourse.swift; sourceTree = "<group>"; };
		AFD5CC112A404338008F95B7 /* SelectCourseViewModel.swift */ = {isa = PBXFileReference; lastKnownFileType = sourcecode.swift; path = SelectCourseViewModel.swift; sourceTree = "<group>"; };
		AFD5CC132A405BFE008F95B7 /* SelectCourseListViewModel.swift */ = {isa = PBXFileReference; lastKnownFileType = sourcecode.swift; path = SelectCourseListViewModel.swift; sourceTree = "<group>"; wrapsLines = 0; };
		AFE18EF12A1C8ABF009D4D58 /* SUWIKI.app */ = {isa = PBXFileReference; explicitFileType = wrapper.application; includeInIndex = 0; path = SUWIKI.app; sourceTree = BUILT_PRODUCTS_DIR; };
		AFE18EF42A1C8ABF009D4D58 /* AppDelegate.swift */ = {isa = PBXFileReference; lastKnownFileType = sourcecode.swift; path = AppDelegate.swift; sourceTree = "<group>"; };
		AFE18EF62A1C8ABF009D4D58 /* SceneDelegate.swift */ = {isa = PBXFileReference; lastKnownFileType = sourcecode.swift; path = SceneDelegate.swift; sourceTree = "<group>"; };
		AFE18EF82A1C8ABF009D4D58 /* SelectCourseViewController.swift */ = {isa = PBXFileReference; lastKnownFileType = sourcecode.swift; path = SelectCourseViewController.swift; sourceTree = "<group>"; };
		AFE18F002A1C8AC1009D4D58 /* Assets.xcassets */ = {isa = PBXFileReference; lastKnownFileType = folder.assetcatalog; path = Assets.xcassets; sourceTree = "<group>"; };
		AFE18F032A1C8AC1009D4D58 /* Base */ = {isa = PBXFileReference; lastKnownFileType = file.storyboard; name = Base; path = Base.lproj/LaunchScreen.storyboard; sourceTree = "<group>"; };
		AFE18F052A1C8AC1009D4D58 /* Info.plist */ = {isa = PBXFileReference; lastKnownFileType = text.plist.xml; path = Info.plist; sourceTree = "<group>"; };
		AFE18F192A271755009D4D58 /* Major.swift */ = {isa = PBXFileReference; lastKnownFileType = sourcecode.swift; path = Major.swift; sourceTree = "<group>"; };
		AFEC5B0E2B3C9619004FEC90 /* InitView.swift */ = {isa = PBXFileReference; lastKnownFileType = sourcecode.swift; path = InitView.swift; sourceTree = "<group>"; };
		AFEC86952A37712A008C5781 /* TimetableViewModel.swift */ = {isa = PBXFileReference; lastKnownFileType = sourcecode.swift; path = TimetableViewModel.swift; sourceTree = "<group>"; };
		AFEC86982A3771C6008C5781 /* CoreDataManager.swift */ = {isa = PBXFileReference; lastKnownFileType = sourcecode.swift; path = CoreDataManager.swift; sourceTree = "<group>"; };
		AFF785C42A93332E00B6D531 /* AddCourseViewController.swift */ = {isa = PBXFileReference; lastKnownFileType = sourcecode.swift; path = AddCourseViewController.swift; sourceTree = "<group>"; };
		AFF785C62A93513F00B6D531 /* AddCourseView.swift */ = {isa = PBXFileReference; lastKnownFileType = sourcecode.swift; path = AddCourseView.swift; sourceTree = "<group>"; };
		AFF785C82A949C5700B6D531 /* AddCourseViewModel.swift */ = {isa = PBXFileReference; lastKnownFileType = sourcecode.swift; path = AddCourseViewModel.swift; sourceTree = "<group>"; };
		AFF9DE8D2A3481D900CCB1D2 /* TimetableViewController.swift */ = {isa = PBXFileReference; lastKnownFileType = sourcecode.swift; path = TimetableViewController.swift; sourceTree = "<group>"; };
		AFF9DE8F2A34821800CCB1D2 /* TimetableCourse.swift */ = {isa = PBXFileReference; lastKnownFileType = sourcecode.swift; path = TimetableCourse.swift; sourceTree = "<group>"; };
		AFF9DE912A34841D00CCB1D2 /* TimetableView.storyboard */ = {isa = PBXFileReference; lastKnownFileType = file.storyboard; path = TimetableView.storyboard; sourceTree = "<group>"; };
		F64F28D97CB82C0FC5A1E7FB /* Pods-SUWIKI-TimetableWidgetExtension.release.xcconfig */ = {isa = PBXFileReference; includeInIndex = 1; lastKnownFileType = text.xcconfig; name = "Pods-SUWIKI-TimetableWidgetExtension.release.xcconfig"; path = "Target Support Files/Pods-SUWIKI-TimetableWidgetExtension/Pods-SUWIKI-TimetableWidgetExtension.release.xcconfig"; sourceTree = "<group>"; };
		FE344B51626DEFCDF195B556 /* Pods-SUWIKI.release.xcconfig */ = {isa = PBXFileReference; includeInIndex = 1; lastKnownFileType = text.xcconfig; name = "Pods-SUWIKI.release.xcconfig"; path = "Target Support Files/Pods-SUWIKI/Pods-SUWIKI.release.xcconfig"; sourceTree = "<group>"; };
/* End PBXFileReference section */

/* Begin PBXFrameworksBuildPhase section */
		AFBEF3412B4417A50047DDC3 /* Frameworks */ = {
			isa = PBXFrameworksBuildPhase;
			buildActionMask = 2147483647;
			files = (
				AFBEF3462B4417A50047DDC3 /* SwiftUI.framework in Frameworks */,
				AFBEF3452B4417A50047DDC3 /* WidgetKit.framework in Frameworks */,
				E19B8C1651D95043EE43B0E7 /* Pods_SUWIKI_TimetableWidgetExtension.framework in Frameworks */,
			);
			runOnlyForDeploymentPostprocessing = 0;
		};
		AFE18EEE2A1C8ABF009D4D58 /* Frameworks */ = {
			isa = PBXFrameworksBuildPhase;
			buildActionMask = 2147483647;
			files = (
				C4CE3F240D6E49BF16078DEA /* Pods_SUWIKI.framework in Frameworks */,
			);
			runOnlyForDeploymentPostprocessing = 0;
		};
/* End PBXFrameworksBuildPhase section */

/* Begin PBXGroup section */
		1C336A60AC1966203879B6A3 /* Frameworks */ = {
			isa = PBXGroup;
			children = (
				4DBDCB09292C279BAEFE5739 /* Pods_SUWIKI.framework */,
				AFBEF3292B44115C0047DDC3 /* WidgetKit.framework */,
				AFBEF32B2B44115C0047DDC3 /* SwiftUI.framework */,
				871349BB8C58C6318EECACE4 /* Pods_SUWIKI_TimetableWidgetExtension.framework */,
			);
			name = Frameworks;
			sourceTree = "<group>";
		};
		63B3105FE151B90524E772B5 /* Pods */ = {
			isa = PBXGroup;
			children = (
				0E882CEC831A9F2BFFD51F1C /* Pods-SUWIKI.debug.xcconfig */,
				FE344B51626DEFCDF195B556 /* Pods-SUWIKI.release.xcconfig */,
				79A806FC0D7C8FBD8BB2B3A5 /* Pods-SUWIKI-TimetableWidgetExtension.debug.xcconfig */,
				F64F28D97CB82C0FC5A1E7FB /* Pods-SUWIKI-TimetableWidgetExtension.release.xcconfig */,
			);
			path = Pods;
			sourceTree = "<group>";
		};
		AF065E1B2B70C5CF00676752 /* Detail */ = {
			isa = PBXGroup;
			children = (
			);
			path = Detail;
			sourceTree = "<group>";
		};
		AF08A8DD2A9F6CD2005C3D00 /* Cell */ = {
			isa = PBXGroup;
			children = (
				AF08A8DE2A9F6D15005C3D00 /* TimetableListCell.swift */,
			);
			path = Cell;
			sourceTree = "<group>";
		};
		AF0ABE212B62279D00AA93EE /* Network */ = {
			isa = PBXGroup;
			children = (
				AF0ABE242B6227E500AA93EE /* APIStatusLogger.swift */,
				AF0ABE262B6227F700AA93EE /* AlamofireManager.swift */,
				AF0ABE282B622BE600AA93EE /* TargetType.swift */,
				AF0ABE2A2B6232C400AA93EE /* RequestParameter.swift */,
				AF0ABE2C2B6232F500AA93EE /* Encodable+.swift */,
				AF0ABE382B62458900AA93EE /* APIProvider.swift */,
			);
			path = Network;
			sourceTree = "<group>";
		};
		AF0ABE312B623E5500AA93EE /* Home */ = {
			isa = PBXGroup;
			children = (
				AF0ABE332B623E6A00AA93EE /* APITarget+Lecture.swift */,
			);
			path = Home;
			sourceTree = "<group>";
		};
		AF0ABE352B62400000AA93EE /* Request */ = {
			isa = PBXGroup;
			children = (
				AF0ABE362B62407200AA93EE /* DTO+AllLectureRequest.swift */,
				AF6A8AC72B6C0AE200DD58EF /* DTO+SearchLectureRequest.swift */,
			);
			path = Request;
			sourceTree = "<group>";
		};
		AF0ABE3A2B6246BA00AA93EE /* Repositories */ = {
			isa = PBXGroup;
			children = (
				AF0ABE492B624BFF00AA93EE /* DefaultLectureRepository.swift */,
				AF6A8ADD2B6E2F5100DD58EF /* DefaultKeychainRepository.swift */,
				AF065E062B6EA68E00676752 /* DefaultUserRepository.swift */,
			);
			path = Repositories;
			sourceTree = "<group>";
		};
		AF0ABE3B2B6246E500AA93EE /* Repositories */ = {
			isa = PBXGroup;
			children = (
				AF0ABE472B624B5300AA93EE /* LectureRepository.swift */,
				AF6A8ADB2B6E2EAE00DD58EF /* KeychainRepository.swift */,
				AF6A8AF72B6E59EB00DD58EF /* UserRepository.swift */,
			);
			path = Repositories;
			sourceTree = "<group>";
		};
		AF0ABE3C2B62471000AA93EE /* Lecture */ = {
			isa = PBXGroup;
			children = (
				AF0ABE3D2B62472200AA93EE /* Lecture.swift */,
			);
			path = Lecture;
			sourceTree = "<group>";
		};
		AF0ABE3F2B624AAA00AA93EE /* LectureEvaluation */ = {
			isa = PBXGroup;
			children = (
				AF6A8AC92B6CED6300DD58EF /* User */,
				AF0ABE3C2B62471000AA93EE /* Lecture */,
			);
			path = LectureEvaluation;
			sourceTree = "<group>";
		};
		AF0ABE402B624AB700AA93EE /* UseCases */ = {
			isa = PBXGroup;
			children = (
				AF6A8AF02B6E57E000DD58EF /* Auth */,
				AF7DF1E22B64EA7100C2CF4E /* Lecture */,
			);
			path = UseCases;
			sourceTree = "<group>";
		};
		AF0ABE412B624ADB00AA93EE /* LectureEvaluation */ = {
			isa = PBXGroup;
			children = (
				AF065E1B2B70C5CF00676752 /* Detail */,
				AF6A8AE92B6E366D00DD58EF /* Login */,
				AF0ABE422B624AE400AA93EE /* Home */,
			);
			path = LectureEvaluation;
			sourceTree = "<group>";
		};
		AF0ABE422B624AE400AA93EE /* Home */ = {
			isa = PBXGroup;
			children = (
				AF0ABE452B624B1400AA93EE /* LectureEvaluationHomeView.swift */,
				AF7DF1ED2B64F09900C2CF4E /* LectureEvaluationHomeViewModel.swift */,
				AFC90FC62B6799A90007DA1B /* LectureCell.swift */,
				AF065E202B70D46800676752 /* LectureEvaluationDetailView.swift */,
			);
			path = Home;
			sourceTree = "<group>";
		};
		AF0ECA082B5E99FC0012CC44 /* Core */ = {
			isa = PBXGroup;
			children = (
				AF6A8AD42B6CF10300DD58EF /* Keychain */,
				AF7DF1E62B64EDA600C2CF4E /* DIContainer */,
				AF0ABE212B62279D00AA93EE /* Network */,
				AF0ECA092B5E9A0B0012CC44 /* Firebase */,
				AFEC86972A3771B4008C5781 /* CoreData */,
			);
			path = Core;
			sourceTree = "<group>";
		};
		AF0ECA092B5E9A0B0012CC44 /* Firebase */ = {
			isa = PBXGroup;
			children = (
				AFAA2F002B343BC000899E98 /* FirebaseManager.swift */,
			);
			path = Firebase;
			sourceTree = "<group>";
		};
		AF0ECA0A2B5E9A200012CC44 /* Home */ = {
			isa = PBXGroup;
			children = (
				AFEC5B0E2B3C9619004FEC90 /* InitView.swift */,
				AF5E2A9B2AAF6B8D006DEE02 /* TimetableEmptyView.swift */,
				AFF9DE8D2A3481D900CCB1D2 /* TimetableViewController.swift */,
				AFF9DE912A34841D00CCB1D2 /* TimetableView.storyboard */,
				AF08A8D52A9DE1EE005C3D00 /* AddTimetableViewController.swift */,
				AF08A8DB2A9F6C5D005C3D00 /* TimetableListViewController.swift */,
				AF08A8DD2A9F6CD2005C3D00 /* Cell */,
			);
			path = Home;
			sourceTree = "<group>";
		};
		AF0ECA0B2B5E9A7B0012CC44 /* Home */ = {
			isa = PBXGroup;
			children = (
				AFEC86952A37712A008C5781 /* TimetableViewModel.swift */,
				AF08A8D72A9F0736005C3D00 /* AddTimetableViewModel.swift */,
				AF08A8E02A9F6E63005C3D00 /* TimetableListViewModel.swift */,
			);
			path = Home;
			sourceTree = "<group>";
		};
		AF0ECA0C2B5E9A8E0012CC44 /* Timetable */ = {
			isa = PBXGroup;
			children = (
				AFD5CC0F2A3993A2008F95B7 /* FetchCourse.swift */,
				AFF9DE8F2A34821800CCB1D2 /* TimetableCourse.swift */,
				AFE18F192A271755009D4D58 /* Major.swift */,
			);
			path = Timetable;
			sourceTree = "<group>";
		};
		AF0ECA0D2B5E9AF00012CC44 /* Presentation */ = {
			isa = PBXGroup;
			children = (
				AF0ABE412B624ADB00AA93EE /* LectureEvaluation */,
				AFF785BD2A932C0400B6D531 /* View */,
				AFF785BE2A932C0A00B6D531 /* ViewModel */,
			);
			path = Presentation;
			sourceTree = "<group>";
		};
		AF0ECA0E2B5E9AF60012CC44 /* Domain */ = {
			isa = PBXGroup;
			children = (
				AF0ABE402B624AB700AA93EE /* UseCases */,
				AF0ABE3B2B6246E500AA93EE /* Repositories */,
				AF2586CC2A909AF800A61F8E /* Entity */,
			);
			path = Domain;
			sourceTree = "<group>";
		};
		AF0ECA0F2B5E9AFF0012CC44 /* Data */ = {
			isa = PBXGroup;
			children = (
				AF0ABE3A2B6246BA00AA93EE /* Repositories */,
				AFBF51412B6156D8001B6EA1 /* DTO */,
				AFBF51402B6156B1001B6EA1 /* API */,
			);
			path = Data;
			sourceTree = "<group>";
		};
		AF0ECA102B5E9B230012CC44 /* Utils */ = {
			isa = PBXGroup;
			children = (
				AF2AADDC2A85411C00923A61 /* Extension */,
				AFC335302A4DD20900D22DEC /* AddCourseManager.swift */,
			);
			path = Utils;
			sourceTree = "<group>";
		};
		AF0ECA112B5E9B920012CC44 /* Application */ = {
			isa = PBXGroup;
			children = (
				AFE18EF62A1C8ABF009D4D58 /* SceneDelegate.swift */,
				AFE18EF42A1C8ABF009D4D58 /* AppDelegate.swift */,
				AF7DF1EB2B64EFB100C2CF4E /* AppEnvironment.swift */,
				AF065E192B70C24C00676752 /* AppState.swift */,
			);
			path = Application;
			sourceTree = "<group>";
		};
		AF0ECA142B5E9BFB0012CC44 /* NSManagedObjects */ = {
			isa = PBXGroup;
			children = (
			);
			path = NSManagedObjects;
			sourceTree = "<group>";
		};
		AF2586CC2A909AF800A61F8E /* Entity */ = {
			isa = PBXGroup;
			children = (
				AF0ABE3F2B624AAA00AA93EE /* LectureEvaluation */,
				AF0ECA0C2B5E9A8E0012CC44 /* Timetable */,
			);
			path = Entity;
			sourceTree = "<group>";
		};
		AF2AADDC2A85411C00923A61 /* Extension */ = {
			isa = PBXGroup;
			children = (
				AFC90FC82B679BD40007DA1B /* Font+.swift */,
				AF2AADDD2A85412700923A61 /* UIColor+.swift */,
				AF2AADDF2A89440900923A61 /* UISearchBar+.swift */,
				AF2586CA2A8F628E00A61F8E /* UIImage+.swift */,
				AF08A8D92A9F2BF6005C3D00 /* UITextField+.swift */,
				AF86F18C2B4AF0110001904A /* UserDefaults+.swift */,
			);
			path = Extension;
			sourceTree = "<group>";
		};
		AF6A8AC92B6CED6300DD58EF /* User */ = {
			isa = PBXGroup;
			children = (
				AF065E172B70B59C00676752 /* SignIn.swift */,
			);
			path = User;
			sourceTree = "<group>";
		};
		AF6A8ACA2B6CEE3D00DD58EF /* User */ = {
			isa = PBXGroup;
			children = (
				AF6A8ACB2B6CEE4600DD58EF /* Request */,
				AF6A8ACC2B6CEE4C00DD58EF /* Response */,
			);
			path = User;
			sourceTree = "<group>";
		};
		AF6A8ACB2B6CEE4600DD58EF /* Request */ = {
			isa = PBXGroup;
			children = (
				AF6A8ACD2B6CEE6500DD58EF /* DTO+LoginRequest.swift */,
				AF6A8ADF2B6E319A00DD58EF /* DTO+CheckIdRequest.swift */,
				AF6A8AE32B6E35E700DD58EF /* DTO+JoinRequest.swift */,
				AF6A8AF52B6E590600DD58EF /* DTO+CheckEmailRequest.swift */,
			);
			path = Request;
			sourceTree = "<group>";
		};
		AF6A8ACC2B6CEE4C00DD58EF /* Response */ = {
			isa = PBXGroup;
			children = (
				AF6A8AD22B6CEFA000DD58EF /* DTO+TokenResponse.swift */,
				AF6A8AE12B6E31B700DD58EF /* DTO+OverlapResponse.swift */,
				AF6A8AE52B6E362500DD58EF /* DTO+JoinResponse.swift */,
			);
			path = Response;
			sourceTree = "<group>";
		};
		AF6A8ACF2B6CEEA300DD58EF /* User */ = {
			isa = PBXGroup;
			children = (
				AF6A8AD02B6CEEB800DD58EF /* APITarget+User.swift */,
			);
			path = User;
			sourceTree = "<group>";
		};
		AF6A8AD42B6CF10300DD58EF /* Keychain */ = {
			isa = PBXGroup;
			children = (
				AF6A8AD72B6E298C00DD58EF /* KeychainManager.swift */,
				AF6A8AD92B6E2E7A00DD58EF /* TokenType.swift */,
			);
			path = Keychain;
			sourceTree = "<group>";
		};
		AF6A8AE92B6E366D00DD58EF /* Login */ = {
			isa = PBXGroup;
			children = (
				AF6A8AEC2B6E367A00DD58EF /* LoginView.swift */,
				AF6A8AEE2B6E4CF900DD58EF /* LoginViewModel.swift */,
			);
			path = Login;
			sourceTree = "<group>";
		};
		AF6A8AF02B6E57E000DD58EF /* Auth */ = {
			isa = PBXGroup;
			children = (
				AF065E0C2B6EAB0400676752 /* SignInUseCase.swift */,
				AF065E0E2B6EAB0D00676752 /* CreateTokenUseCase.swift */,
				AF065E102B6EAB2700676752 /* ReadTokenUseCase.swift */,
				AF065E122B6EAB3000676752 /* DeleteTokenUseCase.swift */,
				AF065E142B6EAB4000676752 /* SignUpUseCase.swift */,
			);
			path = Auth;
			sourceTree = "<group>";
		};
		AF7DF1E22B64EA7100C2CF4E /* Lecture */ = {
			isa = PBXGroup;
			children = (
				AF065E082B6EA8F200676752 /* FetchLectureUseCase.swift */,
				AF065E0A2B6EA8FB00676752 /* SearchLectureUseCase.swift */,
			);
			path = Lecture;
			sourceTree = "<group>";
		};
		AF7DF1E62B64EDA600C2CF4E /* DIContainer */ = {
			isa = PBXGroup;
			children = (
				AF7DF1E72B64EDB400C2CF4E /* DIContainer.swift */,
				AF7DF1E92B64EDE800C2CF4E /* Inject.swift */,
			);
			path = DIContainer;
			sourceTree = "<group>";
		};
		AF9907C92B566F4900EF0D91 /* View */ = {
			isa = PBXGroup;
			children = (
				AF9907CC2B566F7600EF0D91 /* TimetableWidgetMedium.swift */,
				AF9907CF2B566FC100EF0D91 /* TimetableWidgetCell.swift */,
				AF9907D12B566FD800EF0D91 /* TimetableWidgetSmall.swift */,
			);
			path = View;
			sourceTree = "<group>";
		};
		AF9907CA2B566F5700EF0D91 /* Model */ = {
			isa = PBXGroup;
			children = (
				AF9907C52B564FCA00EF0D91 /* CourseForWidget.swift */,
			);
			path = Model;
			sourceTree = "<group>";
		};
		AF9907CB2B566F6100EF0D91 /* ViewModel */ = {
			isa = PBXGroup;
			children = (
				AF9907C22B564AFD00EF0D91 /* TimetableWidgetViewModel.swift */,
			);
			path = ViewModel;
			sourceTree = "<group>";
		};
		AF9907D32B566FED00EF0D91 /* Manager */ = {
			isa = PBXGroup;
			children = (
				AFBEF34A2B4417A50047DDC3 /* TimetableWidget.swift */,
			);
			path = Manager;
			sourceTree = "<group>";
		};
		AFBEF3472B4417A50047DDC3 /* TimetableWidget */ = {
			isa = PBXGroup;
			children = (
				AF9907D32B566FED00EF0D91 /* Manager */,
				AF9907CB2B566F6100EF0D91 /* ViewModel */,
				AF9907CA2B566F5700EF0D91 /* Model */,
				AF9907C92B566F4900EF0D91 /* View */,
				AFBEF3482B4417A50047DDC3 /* TimetableWidgetBundle.swift */,
				AFBEF34C2B4417A70047DDC3 /* Assets.xcassets */,
				AFBEF34E2B4417A70047DDC3 /* Info.plist */,
			);
			path = TimetableWidget;
			sourceTree = "<group>";
		};
		AFBF51402B6156B1001B6EA1 /* API */ = {
			isa = PBXGroup;
			children = (
				AF6A8ACF2B6CEEA300DD58EF /* User */,
				AF0ABE312B623E5500AA93EE /* Home */,
				AF0ABE2F2B623AA700AA93EE /* APITarget.swift */,
			);
			path = API;
			sourceTree = "<group>";
		};
		AFBF51412B6156D8001B6EA1 /* DTO */ = {
			isa = PBXGroup;
			children = (
				AFBF51422B6156EA001B6EA1 /* DTO+Namespace.swift */,
				AF6A8ACA2B6CEE3D00DD58EF /* User */,
				AFBF51462B615BDC001B6EA1 /* Home */,
			);
			path = DTO;
			sourceTree = "<group>";
		};
		AFBF51462B615BDC001B6EA1 /* Home */ = {
			isa = PBXGroup;
			children = (
				AF0ABE352B62400000AA93EE /* Request */,
				AFBF51492B615C15001B6EA1 /* Response */,
			);
			path = Home;
			sourceTree = "<group>";
		};
		AFBF51492B615C15001B6EA1 /* Response */ = {
			isa = PBXGroup;
			children = (
				AFBF51442B615863001B6EA1 /* DTO+LectureResponse.swift */,
				AFBF51472B615C0C001B6EA1 /* DTO+AllLectureResponse.swift */,
			);
			path = Response;
			sourceTree = "<group>";
		};
		AFE18EE82A1C8ABF009D4D58 = {
			isa = PBXGroup;
			children = (
				AF86F18B2B4AEAFD0001904A /* TimetableWidgetExtension.entitlements */,
				AFE18EF32A1C8ABF009D4D58 /* SUWIKI */,
				AFBEF3472B4417A50047DDC3 /* TimetableWidget */,
				AFE18EF22A1C8ABF009D4D58 /* Products */,
				63B3105FE151B90524E772B5 /* Pods */,
				1C336A60AC1966203879B6A3 /* Frameworks */,
			);
			sourceTree = "<group>";
		};
		AFE18EF22A1C8ABF009D4D58 /* Products */ = {
			isa = PBXGroup;
			children = (
				AFE18EF12A1C8ABF009D4D58 /* SUWIKI.app */,
				AFBEF3442B4417A50047DDC3 /* TimetableWidgetExtension.appex */,
			);
			name = Products;
			sourceTree = "<group>";
		};
		AFE18EF32A1C8ABF009D4D58 /* SUWIKI */ = {
			isa = PBXGroup;
			children = (
				AF86F18A2B4AEAB20001904A /* SUWIKI.entitlements */,
				AF0ECA112B5E9B920012CC44 /* Application */,
				AF0ECA102B5E9B230012CC44 /* Utils */,
				AF0ECA0F2B5E9AFF0012CC44 /* Data */,
				AF0ECA0E2B5E9AF60012CC44 /* Domain */,
				AF0ECA0D2B5E9AF00012CC44 /* Presentation */,
				AF0ECA082B5E99FC0012CC44 /* Core */,
				AFEC86942A377067008C5781 /* Resources */,
			);
			path = SUWIKI;
			sourceTree = "<group>";
		};
		AFEC86942A377067008C5781 /* Resources */ = {
			isa = PBXGroup;
			children = (
				AFE18F052A1C8AC1009D4D58 /* Info.plist */,
				AFE18F002A1C8AC1009D4D58 /* Assets.xcassets */,
				AFE18F022A1C8AC1009D4D58 /* LaunchScreen.storyboard */,
				AF3C07472A349A3A00806AEE /* GoogleService-Info.plist */,
			);
			path = Resources;
			sourceTree = "<group>";
		};
		AFEC86972A3771B4008C5781 /* CoreData */ = {
			isa = PBXGroup;
			children = (
				AF0ECA142B5E9BFB0012CC44 /* NSManagedObjects */,
				AF4E41EE2A7FEF4500954710 /* SuwikiTimetable.xcdatamodeld */,
				AFEC86982A3771C6008C5781 /* CoreDataManager.swift */,
				AF057A132A77F35C004577E7 /* CoreDataManager+Create.swift */,
				AF057A152A77F365004577E7 /* CoreDataManager+Read.swift */,
				AF057A172A77F36E004577E7 /* CoreDataManager+Update.swift */,
				AF057A192A77F375004577E7 /* CoreDataManager+Delete.swift */,
			);
			path = CoreData;
			sourceTree = "<group>";
		};
		AFF785BD2A932C0400B6D531 /* View */ = {
			isa = PBXGroup;
			children = (
				AFF785C02A9331E200B6D531 /* Timetable */,
			);
			path = View;
			sourceTree = "<group>";
		};
		AFF785BE2A932C0A00B6D531 /* ViewModel */ = {
			isa = PBXGroup;
			children = (
				AFF785C22A93322400B6D531 /* Timetable */,
			);
			path = ViewModel;
			sourceTree = "<group>";
		};
		AFF785BF2A9331DC00B6D531 /* AddCourse */ = {
			isa = PBXGroup;
			children = (
				AF60C2772A29BF5B00AE0126 /* SelectMajorViewController.swift */,
				AFE18EF82A1C8ABF009D4D58 /* SelectCourseViewController.swift */,
				AF2586C82A8F5AB400A61F8E /* SearchCourseEmptyView.swift */,
				AFF785C42A93332E00B6D531 /* AddCourseViewController.swift */,
				AFF785C62A93513F00B6D531 /* AddCourseView.swift */,
				AFF785C12A9331FB00B6D531 /* Cell */,
			);
			path = AddCourse;
			sourceTree = "<group>";
		};
		AFF785C02A9331E200B6D531 /* Timetable */ = {
			isa = PBXGroup;
			children = (
				AFF785BF2A9331DC00B6D531 /* AddCourse */,
				AF0ECA0A2B5E9A200012CC44 /* Home */,
			);
			path = Timetable;
			sourceTree = "<group>";
		};
		AFF785C12A9331FB00B6D531 /* Cell */ = {
			isa = PBXGroup;
			children = (
				AF60C27C2A29C59E00AE0126 /* CategoryCell.swift */,
				AF60C27E2A29C5B000AE0126 /* CourseCell.swift */,
				AFA499E02A2798600047A4B4 /* MajorCell.swift */,
			);
			path = Cell;
			sourceTree = "<group>";
		};
		AFF785C22A93322400B6D531 /* Timetable */ = {
			isa = PBXGroup;
			children = (
				AFF785C32A93322E00B6D531 /* AddCourse */,
				AF0ECA0B2B5E9A7B0012CC44 /* Home */,
			);
			path = Timetable;
			sourceTree = "<group>";
		};
		AFF785C32A93322E00B6D531 /* AddCourse */ = {
			isa = PBXGroup;
			children = (
				AFA499E62A2881BF0047A4B4 /* SelectMajorViewModel.swift */,
				AFD5CC132A405BFE008F95B7 /* SelectCourseListViewModel.swift */,
				AFD5CC112A404338008F95B7 /* SelectCourseViewModel.swift */,
				AFF785C82A949C5700B6D531 /* AddCourseViewModel.swift */,
			);
			path = AddCourse;
			sourceTree = "<group>";
		};
/* End PBXGroup section */

/* Begin PBXNativeTarget section */
		AFBEF3432B4417A50047DDC3 /* TimetableWidgetExtension */ = {
			isa = PBXNativeTarget;
			buildConfigurationList = AFBEF3522B4417A70047DDC3 /* Build configuration list for PBXNativeTarget "TimetableWidgetExtension" */;
			buildPhases = (
				83621421D04BA14972524D30 /* [CP] Check Pods Manifest.lock */,
				AFBEF3402B4417A50047DDC3 /* Sources */,
				AFBEF3412B4417A50047DDC3 /* Frameworks */,
				AFBEF3422B4417A50047DDC3 /* Resources */,
			);
			buildRules = (
			);
			dependencies = (
			);
			name = TimetableWidgetExtension;
			productName = TimetableWidgetExtension;
			productReference = AFBEF3442B4417A50047DDC3 /* TimetableWidgetExtension.appex */;
			productType = "com.apple.product-type.app-extension";
		};
		AFE18EF02A1C8ABF009D4D58 /* SUWIKI */ = {
			isa = PBXNativeTarget;
			buildConfigurationList = AFE18F082A1C8AC1009D4D58 /* Build configuration list for PBXNativeTarget "SUWIKI" */;
			buildPhases = (
				D796E9A8644C4F0FC590146B /* [CP] Check Pods Manifest.lock */,
				AFE18EED2A1C8ABF009D4D58 /* Sources */,
				AFE18EEE2A1C8ABF009D4D58 /* Frameworks */,
				AFE18EEF2A1C8ABF009D4D58 /* Resources */,
				AFE18F272A271C69009D4D58 /* Embed Frameworks */,
				AE8BE050CDD12AC165D65B09 /* [CP] Embed Pods Frameworks */,
				AFBEF3552B4417A70047DDC3 /* Embed Foundation Extensions */,
			);
			buildRules = (
			);
			dependencies = (
				AFBEF3502B4417A70047DDC3 /* PBXTargetDependency */,
			);
			name = SUWIKI;
			productName = SUWIKI;
			productReference = AFE18EF12A1C8ABF009D4D58 /* SUWIKI.app */;
			productType = "com.apple.product-type.application";
		};
/* End PBXNativeTarget section */

/* Begin PBXProject section */
		AFE18EE92A1C8ABF009D4D58 /* Project object */ = {
			isa = PBXProject;
			attributes = {
				BuildIndependentTargetsInParallel = 1;
				LastSwiftUpdateCheck = 1500;
				LastUpgradeCheck = 1430;
				TargetAttributes = {
					AFBEF3432B4417A50047DDC3 = {
						CreatedOnToolsVersion = 15.0.1;
					};
					AFE18EF02A1C8ABF009D4D58 = {
						CreatedOnToolsVersion = 14.3;
					};
				};
			};
			buildConfigurationList = AFE18EEC2A1C8ABF009D4D58 /* Build configuration list for PBXProject "SUWIKI" */;
			compatibilityVersion = "Xcode 14.0";
			developmentRegion = en;
			hasScannedForEncodings = 0;
			knownRegions = (
				en,
				Base,
			);
			mainGroup = AFE18EE82A1C8ABF009D4D58;
			packageReferences = (
				AF3C07492A349A9600806AEE /* XCRemoteSwiftPackageReference "firebase-ios-sdk" */,
			);
			productRefGroup = AFE18EF22A1C8ABF009D4D58 /* Products */;
			projectDirPath = "";
			projectRoot = "";
			targets = (
				AFE18EF02A1C8ABF009D4D58 /* SUWIKI */,
				AFBEF3432B4417A50047DDC3 /* TimetableWidgetExtension */,
			);
		};
/* End PBXProject section */

/* Begin PBXResourcesBuildPhase section */
		AFBEF3422B4417A50047DDC3 /* Resources */ = {
			isa = PBXResourcesBuildPhase;
			buildActionMask = 2147483647;
			files = (
				AFBEF34D2B4417A70047DDC3 /* Assets.xcassets in Resources */,
			);
			runOnlyForDeploymentPostprocessing = 0;
		};
		AFE18EEF2A1C8ABF009D4D58 /* Resources */ = {
			isa = PBXResourcesBuildPhase;
			buildActionMask = 2147483647;
			files = (
				AFE18F042A1C8AC1009D4D58 /* LaunchScreen.storyboard in Resources */,
				AF3C07482A349A3A00806AEE /* GoogleService-Info.plist in Resources */,
				AFE18F012A1C8AC1009D4D58 /* Assets.xcassets in Resources */,
				AFF9DE922A34841D00CCB1D2 /* TimetableView.storyboard in Resources */,
			);
			runOnlyForDeploymentPostprocessing = 0;
		};
/* End PBXResourcesBuildPhase section */

/* Begin PBXShellScriptBuildPhase section */
		83621421D04BA14972524D30 /* [CP] Check Pods Manifest.lock */ = {
			isa = PBXShellScriptBuildPhase;
			buildActionMask = 2147483647;
			files = (
			);
			inputFileListPaths = (
			);
			inputPaths = (
				"${PODS_PODFILE_DIR_PATH}/Podfile.lock",
				"${PODS_ROOT}/Manifest.lock",
			);
			name = "[CP] Check Pods Manifest.lock";
			outputFileListPaths = (
			);
			outputPaths = (
				"$(DERIVED_FILE_DIR)/Pods-SUWIKI-TimetableWidgetExtension-checkManifestLockResult.txt",
			);
			runOnlyForDeploymentPostprocessing = 0;
			shellPath = /bin/sh;
			shellScript = "diff \"${PODS_PODFILE_DIR_PATH}/Podfile.lock\" \"${PODS_ROOT}/Manifest.lock\" > /dev/null\nif [ $? != 0 ] ; then\n    # print error to STDERR\n    echo \"error: The sandbox is not in sync with the Podfile.lock. Run 'pod install' or update your CocoaPods installation.\" >&2\n    exit 1\nfi\n# This output is used by Xcode 'outputs' to avoid re-running this script phase.\necho \"SUCCESS\" > \"${SCRIPT_OUTPUT_FILE_0}\"\n";
			showEnvVarsInLog = 0;
		};
		AE8BE050CDD12AC165D65B09 /* [CP] Embed Pods Frameworks */ = {
			isa = PBXShellScriptBuildPhase;
			buildActionMask = 2147483647;
			files = (
			);
			inputFileListPaths = (
				"${PODS_ROOT}/Target Support Files/Pods-SUWIKI/Pods-SUWIKI-frameworks-${CONFIGURATION}-input-files.xcfilelist",
			);
			name = "[CP] Embed Pods Frameworks";
			outputFileListPaths = (
				"${PODS_ROOT}/Target Support Files/Pods-SUWIKI/Pods-SUWIKI-frameworks-${CONFIGURATION}-output-files.xcfilelist",
			);
			runOnlyForDeploymentPostprocessing = 0;
			shellPath = /bin/sh;
			shellScript = "\"${PODS_ROOT}/Target Support Files/Pods-SUWIKI/Pods-SUWIKI-frameworks.sh\"\n";
			showEnvVarsInLog = 0;
		};
		D796E9A8644C4F0FC590146B /* [CP] Check Pods Manifest.lock */ = {
			isa = PBXShellScriptBuildPhase;
			buildActionMask = 2147483647;
			files = (
			);
			inputFileListPaths = (
			);
			inputPaths = (
				"${PODS_PODFILE_DIR_PATH}/Podfile.lock",
				"${PODS_ROOT}/Manifest.lock",
			);
			name = "[CP] Check Pods Manifest.lock";
			outputFileListPaths = (
			);
			outputPaths = (
				"$(DERIVED_FILE_DIR)/Pods-SUWIKI-checkManifestLockResult.txt",
			);
			runOnlyForDeploymentPostprocessing = 0;
			shellPath = /bin/sh;
			shellScript = "diff \"${PODS_PODFILE_DIR_PATH}/Podfile.lock\" \"${PODS_ROOT}/Manifest.lock\" > /dev/null\nif [ $? != 0 ] ; then\n    # print error to STDERR\n    echo \"error: The sandbox is not in sync with the Podfile.lock. Run 'pod install' or update your CocoaPods installation.\" >&2\n    exit 1\nfi\n# This output is used by Xcode 'outputs' to avoid re-running this script phase.\necho \"SUCCESS\" > \"${SCRIPT_OUTPUT_FILE_0}\"\n";
			showEnvVarsInLog = 0;
		};
/* End PBXShellScriptBuildPhase section */

/* Begin PBXSourcesBuildPhase section */
		AFBEF3402B4417A50047DDC3 /* Sources */ = {
			isa = PBXSourcesBuildPhase;
			buildActionMask = 2147483647;
			files = (
				AF9907D22B566FD800EF0D91 /* TimetableWidgetSmall.swift in Sources */,
				AF9907BF2B554FD100EF0D91 /* CoreDataManager+Read.swift in Sources */,
				AF37C9A62B553F6400D4949D /* UserDefaults+.swift in Sources */,
				AFBEF3492B4417A50047DDC3 /* TimetableWidgetBundle.swift in Sources */,
				AF37C9A72B553FB000D4949D /* SuwikiTimetable.xcdatamodeld in Sources */,
				AF9907C12B554FD800EF0D91 /* FirebaseManager.swift in Sources */,
				AF37C9A22B5539A300D4949D /* TimetableCourse.swift in Sources */,
				AF9907BD2B554FCE00EF0D91 /* CoreDataManager+Create.swift in Sources */,
				AFBEF34B2B4417A50047DDC3 /* TimetableWidget.swift in Sources */,
				AF9907C42B564EA600EF0D91 /* TimetableWidgetViewModel.swift in Sources */,
				AF9907BC2B554FBC00EF0D91 /* CoreDataManager.swift in Sources */,
				AF37C9A42B5539A500D4949D /* FetchCourse.swift in Sources */,
				AF9907C62B564FCA00EF0D91 /* CourseForWidget.swift in Sources */,
				AF9907C02B554FD500EF0D91 /* CoreDataManager+Delete.swift in Sources */,
				AF9907C82B5656AB00EF0D91 /* UIColor+.swift in Sources */,
				AF9907CD2B566F7600EF0D91 /* TimetableWidgetMedium.swift in Sources */,
				AF9907D02B566FC100EF0D91 /* TimetableWidgetCell.swift in Sources */,
			);
			runOnlyForDeploymentPostprocessing = 0;
		};
		AFE18EED2A1C8ABF009D4D58 /* Sources */ = {
			isa = PBXSourcesBuildPhase;
			buildActionMask = 2147483647;
			files = (
				AFBF51432B6156EA001B6EA1 /* DTO+Namespace.swift in Sources */,
				AF6A8ADA2B6E2E7A00DD58EF /* TokenType.swift in Sources */,
				AF6A8AE02B6E319A00DD58EF /* DTO+CheckIdRequest.swift in Sources */,
				AF08A8D82A9F0736005C3D00 /* AddTimetableViewModel.swift in Sources */,
				AF057A162A77F365004577E7 /* CoreDataManager+Read.swift in Sources */,
				AFE18EF92A1C8ABF009D4D58 /* SelectCourseViewController.swift in Sources */,
				AF9907D42B5670F100EF0D91 /* TimetableWidgetCell.swift in Sources */,
				AF057A1A2A77F375004577E7 /* CoreDataManager+Delete.swift in Sources */,
				AF6A8AC82B6C0AE200DD58EF /* DTO+SearchLectureRequest.swift in Sources */,
				AFC90FC72B6799A90007DA1B /* LectureCell.swift in Sources */,
				AF08A8E12A9F6E63005C3D00 /* TimetableListViewModel.swift in Sources */,
				AFF785C72A93513F00B6D531 /* AddCourseView.swift in Sources */,
				AF6A8AF62B6E590600DD58EF /* DTO+CheckEmailRequest.swift in Sources */,
				AFD5CC102A3993A2008F95B7 /* FetchCourse.swift in Sources */,
				AF065E212B70D46800676752 /* LectureEvaluationDetailView.swift in Sources */,
				AFBF51482B615C0C001B6EA1 /* DTO+AllLectureResponse.swift in Sources */,
				AF08A8DC2A9F6C5E005C3D00 /* TimetableListViewController.swift in Sources */,
				AF6A8AD82B6E298C00DD58EF /* KeychainManager.swift in Sources */,
				AF065E152B6EAB4000676752 /* SignUpUseCase.swift in Sources */,
				AFE18EF52A1C8ABF009D4D58 /* AppDelegate.swift in Sources */,
				AFEC86992A3771C6008C5781 /* CoreDataManager.swift in Sources */,
				AF065E072B6EA68E00676752 /* DefaultUserRepository.swift in Sources */,
				AF9907C72B56542400EF0D91 /* CourseForWidget.swift in Sources */,
				AF6A8ADE2B6E2F5100DD58EF /* DefaultKeychainRepository.swift in Sources */,
				AF065E1A2B70C24C00676752 /* AppState.swift in Sources */,
				AF0ABE252B6227E500AA93EE /* APIStatusLogger.swift in Sources */,
				AF7DF1EE2B64F09900C2CF4E /* LectureEvaluationHomeViewModel.swift in Sources */,
				AFAA2F012B343BC000899E98 /* FirebaseManager.swift in Sources */,
				AF6A8AE42B6E35E700DD58EF /* DTO+JoinRequest.swift in Sources */,
				AF08A8D62A9DE1EE005C3D00 /* AddTimetableViewController.swift in Sources */,
				AFF785C52A93332E00B6D531 /* AddCourseViewController.swift in Sources */,
				AF9907CE2B566F8700EF0D91 /* TimetableWidgetMedium.swift in Sources */,
				AFF9DE8E2A3481D900CCB1D2 /* TimetableViewController.swift in Sources */,
				AF065E0F2B6EAB0D00676752 /* CreateTokenUseCase.swift in Sources */,
				AFE18F1A2A271755009D4D58 /* Major.swift in Sources */,
				AF0ABE372B62407200AA93EE /* DTO+AllLectureRequest.swift in Sources */,
				AF6A8AD32B6CEFA000DD58EF /* DTO+TokenResponse.swift in Sources */,
				AF065E0B2B6EA8FB00676752 /* SearchLectureUseCase.swift in Sources */,
				AF0ABE392B62458900AA93EE /* APIProvider.swift in Sources */,
				AF4E41F02A7FEF4500954710 /* SuwikiTimetable.xcdatamodeld in Sources */,
				AF0ABE302B623AA700AA93EE /* APITarget.swift in Sources */,
				AF0ABE482B624B5300AA93EE /* LectureRepository.swift in Sources */,
				AF08A8DF2A9F6D15005C3D00 /* TimetableListCell.swift in Sources */,
				AF6A8AF82B6E59EB00DD58EF /* UserRepository.swift in Sources */,
				AF0ABE462B624B1400AA93EE /* LectureEvaluationHomeView.swift in Sources */,
				AF9907C32B564AFD00EF0D91 /* TimetableWidgetViewModel.swift in Sources */,
				AF0ABE4A2B624BFF00AA93EE /* DefaultLectureRepository.swift in Sources */,
				AFD5CC142A405BFE008F95B7 /* SelectCourseListViewModel.swift in Sources */,
				AF08A8DA2A9F2BF6005C3D00 /* UITextField+.swift in Sources */,
				AF065E092B6EA8F200676752 /* FetchLectureUseCase.swift in Sources */,
				AF7DF1E82B64EDB400C2CF4E /* DIContainer.swift in Sources */,
				AF065E112B6EAB2700676752 /* ReadTokenUseCase.swift in Sources */,
				AFC335312A4DD20900D22DEC /* AddCourseManager.swift in Sources */,
				AFA499E12A2798600047A4B4 /* MajorCell.swift in Sources */,
				AF60C27F2A29C5B000AE0126 /* CourseCell.swift in Sources */,
				AF6A8AEF2B6E4CF900DD58EF /* LoginViewModel.swift in Sources */,
				AF6A8AE22B6E31B700DD58EF /* DTO+OverlapResponse.swift in Sources */,
				AF6A8AED2B6E367A00DD58EF /* LoginView.swift in Sources */,
				AF7DF1EC2B64EFB100C2CF4E /* AppEnvironment.swift in Sources */,
				AFEC86962A37712A008C5781 /* TimetableViewModel.swift in Sources */,
				AF6A8AE62B6E362500DD58EF /* DTO+JoinResponse.swift in Sources */,
				AF2AADE02A89440900923A61 /* UISearchBar+.swift in Sources */,
				AFE18EF72A1C8ABF009D4D58 /* SceneDelegate.swift in Sources */,
				AF0ABE3E2B62472200AA93EE /* Lecture.swift in Sources */,
				AF6A8AD12B6CEEB800DD58EF /* APITarget+User.swift in Sources */,
				AF0ABE292B622BE600AA93EE /* TargetType.swift in Sources */,
				AFC90FC92B679BD40007DA1B /* Font+.swift in Sources */,
				AF60C27D2A29C59E00AE0126 /* CategoryCell.swift in Sources */,
				AF065E132B6EAB3000676752 /* DeleteTokenUseCase.swift in Sources */,
				AF60C2782A29BF5B00AE0126 /* SelectMajorViewController.swift in Sources */,
				AFA499E72A2881BF0047A4B4 /* SelectMajorViewModel.swift in Sources */,
				AF9907BE2B554FCF00EF0D91 /* CoreDataManager+Create.swift in Sources */,
				AFF785C92A949C5700B6D531 /* AddCourseViewModel.swift in Sources */,
				AF0ABE2B2B6232C400AA93EE /* RequestParameter.swift in Sources */,
				AF2586C92A8F5AB400A61F8E /* SearchCourseEmptyView.swift in Sources */,
				AF065E0D2B6EAB0500676752 /* SignInUseCase.swift in Sources */,
				AFBF51452B615863001B6EA1 /* DTO+LectureResponse.swift in Sources */,
				AF86F18D2B4AF0110001904A /* UserDefaults+.swift in Sources */,
				AF37C9A32B5539A300D4949D /* TimetableCourse.swift in Sources */,
				AF5E2A9C2AAF6B8D006DEE02 /* TimetableEmptyView.swift in Sources */,
				AF2AADDE2A85412700923A61 /* UIColor+.swift in Sources */,
				AF2586CB2A8F628E00A61F8E /* UIImage+.swift in Sources */,
				AF6A8ACE2B6CEE6500DD58EF /* DTO+LoginRequest.swift in Sources */,
				AF065E182B70B59C00676752 /* SignIn.swift in Sources */,
				AF7DF1EA2B64EDE800C2CF4E /* Inject.swift in Sources */,
				AFEC5B0F2B3C9619004FEC90 /* InitView.swift in Sources */,
				AFD5CC122A404338008F95B7 /* SelectCourseViewModel.swift in Sources */,
				AF6A8ADC2B6E2EAE00DD58EF /* KeychainRepository.swift in Sources */,
				AF0ABE342B623E6A00AA93EE /* APITarget+Lecture.swift in Sources */,
				AF0ABE2D2B6232F600AA93EE /* Encodable+.swift in Sources */,
				AF0ABE272B6227F800AA93EE /* AlamofireManager.swift in Sources */,
				AF057A182A77F36E004577E7 /* CoreDataManager+Update.swift in Sources */,
			);
			runOnlyForDeploymentPostprocessing = 0;
		};
/* End PBXSourcesBuildPhase section */

/* Begin PBXTargetDependency section */
		AFBEF3502B4417A70047DDC3 /* PBXTargetDependency */ = {
			isa = PBXTargetDependency;
			target = AFBEF3432B4417A50047DDC3 /* TimetableWidgetExtension */;
			targetProxy = AFBEF34F2B4417A70047DDC3 /* PBXContainerItemProxy */;
		};
/* End PBXTargetDependency section */

/* Begin PBXVariantGroup section */
		AFE18F022A1C8AC1009D4D58 /* LaunchScreen.storyboard */ = {
			isa = PBXVariantGroup;
			children = (
				AFE18F032A1C8AC1009D4D58 /* Base */,
			);
			name = LaunchScreen.storyboard;
			sourceTree = "<group>";
		};
/* End PBXVariantGroup section */

/* Begin XCBuildConfiguration section */
		AFBEF3532B4417A70047DDC3 /* Debug */ = {
			isa = XCBuildConfiguration;
			baseConfigurationReference = 79A806FC0D7C8FBD8BB2B3A5 /* Pods-SUWIKI-TimetableWidgetExtension.debug.xcconfig */;
			buildSettings = {
				ASSETCATALOG_COMPILER_GENERATE_SWIFT_ASSET_SYMBOL_EXTENSIONS = YES;
				ASSETCATALOG_COMPILER_GLOBAL_ACCENT_COLOR_NAME = AccentColor;
				ASSETCATALOG_COMPILER_WIDGET_BACKGROUND_COLOR_NAME = WidgetBackground;
				CODE_SIGN_ENTITLEMENTS = TimetableWidgetExtension.entitlements;
				CODE_SIGN_STYLE = Automatic;
				CURRENT_PROJECT_VERSION = 1;
				DEVELOPMENT_TEAM = 8R3N359429;
				ENABLE_USER_SCRIPT_SANDBOXING = YES;
				GCC_C_LANGUAGE_STANDARD = gnu17;
				GENERATE_INFOPLIST_FILE = YES;
				INFOPLIST_FILE = TimetableWidget/Info.plist;
				INFOPLIST_KEY_CFBundleDisplayName = TimetableWidget;
				INFOPLIST_KEY_NSHumanReadableCopyright = "";
				IPHONEOS_DEPLOYMENT_TARGET = 17.0;
				LD_RUNPATH_SEARCH_PATHS = (
					"$(inherited)",
					"@executable_path/Frameworks",
					"@executable_path/../../Frameworks",
				);
				LOCALIZATION_PREFERS_STRING_CATALOGS = YES;
				MARKETING_VERSION = 1.0;
				PRODUCT_BUNDLE_IDENTIFIER = com.sozohoy.uswTimeTable.TimetableWidget;
				PRODUCT_NAME = "$(TARGET_NAME)";
				SKIP_INSTALL = YES;
				SWIFT_ACTIVE_COMPILATION_CONDITIONS = "DEBUG $(inherited)";
				SWIFT_EMIT_LOC_STRINGS = YES;
				SWIFT_VERSION = 5.0;
				TARGETED_DEVICE_FAMILY = "1,2";
			};
			name = Debug;
		};
		AFBEF3542B4417A70047DDC3 /* Release */ = {
			isa = XCBuildConfiguration;
			baseConfigurationReference = F64F28D97CB82C0FC5A1E7FB /* Pods-SUWIKI-TimetableWidgetExtension.release.xcconfig */;
			buildSettings = {
				ASSETCATALOG_COMPILER_GENERATE_SWIFT_ASSET_SYMBOL_EXTENSIONS = YES;
				ASSETCATALOG_COMPILER_GLOBAL_ACCENT_COLOR_NAME = AccentColor;
				ASSETCATALOG_COMPILER_WIDGET_BACKGROUND_COLOR_NAME = WidgetBackground;
				CODE_SIGN_ENTITLEMENTS = TimetableWidgetExtension.entitlements;
				CODE_SIGN_STYLE = Automatic;
				CURRENT_PROJECT_VERSION = 1;
				DEVELOPMENT_TEAM = 8R3N359429;
				ENABLE_USER_SCRIPT_SANDBOXING = YES;
				GCC_C_LANGUAGE_STANDARD = gnu17;
				GENERATE_INFOPLIST_FILE = YES;
				INFOPLIST_FILE = TimetableWidget/Info.plist;
				INFOPLIST_KEY_CFBundleDisplayName = TimetableWidget;
				INFOPLIST_KEY_NSHumanReadableCopyright = "";
				IPHONEOS_DEPLOYMENT_TARGET = 17.0;
				LD_RUNPATH_SEARCH_PATHS = (
					"$(inherited)",
					"@executable_path/Frameworks",
					"@executable_path/../../Frameworks",
				);
				LOCALIZATION_PREFERS_STRING_CATALOGS = YES;
				MARKETING_VERSION = 1.0;
				PRODUCT_BUNDLE_IDENTIFIER = com.sozohoy.uswTimeTable.TimetableWidget;
				PRODUCT_NAME = "$(TARGET_NAME)";
				SKIP_INSTALL = YES;
				SWIFT_EMIT_LOC_STRINGS = YES;
				SWIFT_VERSION = 5.0;
				TARGETED_DEVICE_FAMILY = "1,2";
			};
			name = Release;
		};
		AFE18F062A1C8AC1009D4D58 /* Debug */ = {
			isa = XCBuildConfiguration;
			buildSettings = {
				ALWAYS_SEARCH_USER_PATHS = NO;
				CLANG_ANALYZER_NONNULL = YES;
				CLANG_ANALYZER_NUMBER_OBJECT_CONVERSION = YES_AGGRESSIVE;
				CLANG_CXX_LANGUAGE_STANDARD = "gnu++20";
				CLANG_ENABLE_MODULES = YES;
				CLANG_ENABLE_OBJC_ARC = YES;
				CLANG_ENABLE_OBJC_WEAK = YES;
				CLANG_WARN_BLOCK_CAPTURE_AUTORELEASING = YES;
				CLANG_WARN_BOOL_CONVERSION = YES;
				CLANG_WARN_COMMA = YES;
				CLANG_WARN_CONSTANT_CONVERSION = YES;
				CLANG_WARN_DEPRECATED_OBJC_IMPLEMENTATIONS = YES;
				CLANG_WARN_DIRECT_OBJC_ISA_USAGE = YES_ERROR;
				CLANG_WARN_DOCUMENTATION_COMMENTS = YES;
				CLANG_WARN_EMPTY_BODY = YES;
				CLANG_WARN_ENUM_CONVERSION = YES;
				CLANG_WARN_INFINITE_RECURSION = YES;
				CLANG_WARN_INT_CONVERSION = YES;
				CLANG_WARN_NON_LITERAL_NULL_CONVERSION = YES;
				CLANG_WARN_OBJC_IMPLICIT_RETAIN_SELF = YES;
				CLANG_WARN_OBJC_LITERAL_CONVERSION = YES;
				CLANG_WARN_OBJC_ROOT_CLASS = YES_ERROR;
				CLANG_WARN_QUOTED_INCLUDE_IN_FRAMEWORK_HEADER = YES;
				CLANG_WARN_RANGE_LOOP_ANALYSIS = YES;
				CLANG_WARN_STRICT_PROTOTYPES = YES;
				CLANG_WARN_SUSPICIOUS_MOVE = YES;
				CLANG_WARN_UNGUARDED_AVAILABILITY = YES_AGGRESSIVE;
				CLANG_WARN_UNREACHABLE_CODE = YES;
				CLANG_WARN__DUPLICATE_METHOD_MATCH = YES;
				COPY_PHASE_STRIP = NO;
				DEBUG_INFORMATION_FORMAT = dwarf;
				ENABLE_STRICT_OBJC_MSGSEND = YES;
				ENABLE_TESTABILITY = YES;
				GCC_C_LANGUAGE_STANDARD = gnu11;
				GCC_DYNAMIC_NO_PIC = NO;
				GCC_NO_COMMON_BLOCKS = YES;
				GCC_OPTIMIZATION_LEVEL = 0;
				GCC_PREPROCESSOR_DEFINITIONS = (
					"DEBUG=1",
					"$(inherited)",
				);
				GCC_WARN_64_TO_32_BIT_CONVERSION = YES;
				GCC_WARN_ABOUT_RETURN_TYPE = YES_ERROR;
				GCC_WARN_UNDECLARED_SELECTOR = YES;
				GCC_WARN_UNINITIALIZED_AUTOS = YES_AGGRESSIVE;
				GCC_WARN_UNUSED_FUNCTION = YES;
				GCC_WARN_UNUSED_VARIABLE = YES;
				IPHONEOS_DEPLOYMENT_TARGET = 16.0;
				MTL_ENABLE_DEBUG_INFO = INCLUDE_SOURCE;
				MTL_FAST_MATH = YES;
				ONLY_ACTIVE_ARCH = YES;
				SDKROOT = iphoneos;
				SWIFT_ACTIVE_COMPILATION_CONDITIONS = DEBUG;
				SWIFT_OPTIMIZATION_LEVEL = "-Onone";
			};
			name = Debug;
		};
		AFE18F072A1C8AC1009D4D58 /* Release */ = {
			isa = XCBuildConfiguration;
			buildSettings = {
				ALWAYS_SEARCH_USER_PATHS = NO;
				CLANG_ANALYZER_NONNULL = YES;
				CLANG_ANALYZER_NUMBER_OBJECT_CONVERSION = YES_AGGRESSIVE;
				CLANG_CXX_LANGUAGE_STANDARD = "gnu++20";
				CLANG_ENABLE_MODULES = YES;
				CLANG_ENABLE_OBJC_ARC = YES;
				CLANG_ENABLE_OBJC_WEAK = YES;
				CLANG_WARN_BLOCK_CAPTURE_AUTORELEASING = YES;
				CLANG_WARN_BOOL_CONVERSION = YES;
				CLANG_WARN_COMMA = YES;
				CLANG_WARN_CONSTANT_CONVERSION = YES;
				CLANG_WARN_DEPRECATED_OBJC_IMPLEMENTATIONS = YES;
				CLANG_WARN_DIRECT_OBJC_ISA_USAGE = YES_ERROR;
				CLANG_WARN_DOCUMENTATION_COMMENTS = YES;
				CLANG_WARN_EMPTY_BODY = YES;
				CLANG_WARN_ENUM_CONVERSION = YES;
				CLANG_WARN_INFINITE_RECURSION = YES;
				CLANG_WARN_INT_CONVERSION = YES;
				CLANG_WARN_NON_LITERAL_NULL_CONVERSION = YES;
				CLANG_WARN_OBJC_IMPLICIT_RETAIN_SELF = YES;
				CLANG_WARN_OBJC_LITERAL_CONVERSION = YES;
				CLANG_WARN_OBJC_ROOT_CLASS = YES_ERROR;
				CLANG_WARN_QUOTED_INCLUDE_IN_FRAMEWORK_HEADER = YES;
				CLANG_WARN_RANGE_LOOP_ANALYSIS = YES;
				CLANG_WARN_STRICT_PROTOTYPES = YES;
				CLANG_WARN_SUSPICIOUS_MOVE = YES;
				CLANG_WARN_UNGUARDED_AVAILABILITY = YES_AGGRESSIVE;
				CLANG_WARN_UNREACHABLE_CODE = YES;
				CLANG_WARN__DUPLICATE_METHOD_MATCH = YES;
				COPY_PHASE_STRIP = NO;
				DEBUG_INFORMATION_FORMAT = "dwarf-with-dsym";
				ENABLE_NS_ASSERTIONS = NO;
				ENABLE_STRICT_OBJC_MSGSEND = YES;
				GCC_C_LANGUAGE_STANDARD = gnu11;
				GCC_NO_COMMON_BLOCKS = YES;
				GCC_WARN_64_TO_32_BIT_CONVERSION = YES;
				GCC_WARN_ABOUT_RETURN_TYPE = YES_ERROR;
				GCC_WARN_UNDECLARED_SELECTOR = YES;
				GCC_WARN_UNINITIALIZED_AUTOS = YES_AGGRESSIVE;
				GCC_WARN_UNUSED_FUNCTION = YES;
				GCC_WARN_UNUSED_VARIABLE = YES;
				IPHONEOS_DEPLOYMENT_TARGET = 16.0;
				MTL_ENABLE_DEBUG_INFO = NO;
				MTL_FAST_MATH = YES;
				SDKROOT = iphoneos;
				SWIFT_COMPILATION_MODE = wholemodule;
				SWIFT_OPTIMIZATION_LEVEL = "-O";
				VALIDATE_PRODUCT = YES;
			};
			name = Release;
		};
		AFE18F092A1C8AC1009D4D58 /* Debug */ = {
			isa = XCBuildConfiguration;
			baseConfigurationReference = 0E882CEC831A9F2BFFD51F1C /* Pods-SUWIKI.debug.xcconfig */;
			buildSettings = {
				ALWAYS_EMBED_SWIFT_STANDARD_LIBRARIES = YES;
				ASSETCATALOG_COMPILER_APPICON_NAME = AppIcon;
				ASSETCATALOG_COMPILER_GLOBAL_ACCENT_COLOR_NAME = AccentColor;
				CLANG_WARN_QUOTED_INCLUDE_IN_FRAMEWORK_HEADER = NO;
				CODE_SIGN_ENTITLEMENTS = SUWIKI/SUWIKI.entitlements;
				CODE_SIGN_STYLE = Automatic;
				CURRENT_PROJECT_VERSION = 1;
				DEVELOPMENT_TEAM = 8R3N359429;
				GENERATE_INFOPLIST_FILE = YES;
				INFOPLIST_FILE = SUWIKI/Resources/Info.plist;
				INFOPLIST_KEY_CFBundleDisplayName = SUWIKI;
				INFOPLIST_KEY_LSApplicationCategoryType = "public.app-category.education";
				INFOPLIST_KEY_UIApplicationSupportsIndirectInputEvents = YES;
				INFOPLIST_KEY_UILaunchStoryboardName = LaunchScreen;
				INFOPLIST_KEY_UIStatusBarStyle = "";
				INFOPLIST_KEY_UISupportedInterfaceOrientations = UIInterfaceOrientationPortrait;
				INFOPLIST_KEY_UISupportedInterfaceOrientations_iPad = "UIInterfaceOrientationLandscapeLeft UIInterfaceOrientationLandscapeRight UIInterfaceOrientationPortrait UIInterfaceOrientationPortraitUpsideDown";
				IPHONEOS_DEPLOYMENT_TARGET = 16.0;
				LD_RUNPATH_SEARCH_PATHS = (
					"$(inherited)",
					"@executable_path/Frameworks",
				);
				MARKETING_VERSION = 2.1.0;
				PRODUCT_BUNDLE_IDENTIFIER = com.sozohoy.uswTimeTable;
				PRODUCT_NAME = "$(TARGET_NAME)";
				SUPPORTED_PLATFORMS = "iphoneos iphonesimulator";
				SUPPORTS_MACCATALYST = NO;
				SUPPORTS_MAC_DESIGNED_FOR_IPHONE_IPAD = NO;
				SWIFT_EMIT_LOC_STRINGS = YES;
				SWIFT_VERSION = 5.0;
				TARGETED_DEVICE_FAMILY = 1;
			};
			name = Debug;
		};
		AFE18F0A2A1C8AC1009D4D58 /* Release */ = {
			isa = XCBuildConfiguration;
			baseConfigurationReference = FE344B51626DEFCDF195B556 /* Pods-SUWIKI.release.xcconfig */;
			buildSettings = {
				ALWAYS_EMBED_SWIFT_STANDARD_LIBRARIES = YES;
				ASSETCATALOG_COMPILER_APPICON_NAME = AppIcon;
				ASSETCATALOG_COMPILER_GLOBAL_ACCENT_COLOR_NAME = AccentColor;
				CLANG_WARN_QUOTED_INCLUDE_IN_FRAMEWORK_HEADER = NO;
				CODE_SIGN_ENTITLEMENTS = SUWIKI/SUWIKI.entitlements;
				CODE_SIGN_STYLE = Automatic;
				CURRENT_PROJECT_VERSION = 1;
				DEVELOPMENT_TEAM = 8R3N359429;
				GENERATE_INFOPLIST_FILE = YES;
				INFOPLIST_FILE = SUWIKI/Resources/Info.plist;
				INFOPLIST_KEY_CFBundleDisplayName = SUWIKI;
				INFOPLIST_KEY_LSApplicationCategoryType = "public.app-category.education";
				INFOPLIST_KEY_UIApplicationSupportsIndirectInputEvents = YES;
				INFOPLIST_KEY_UILaunchStoryboardName = LaunchScreen;
				INFOPLIST_KEY_UIStatusBarStyle = "";
				INFOPLIST_KEY_UISupportedInterfaceOrientations = UIInterfaceOrientationPortrait;
				INFOPLIST_KEY_UISupportedInterfaceOrientations_iPad = "UIInterfaceOrientationLandscapeLeft UIInterfaceOrientationLandscapeRight UIInterfaceOrientationPortrait UIInterfaceOrientationPortraitUpsideDown";
				IPHONEOS_DEPLOYMENT_TARGET = 16.0;
				LD_RUNPATH_SEARCH_PATHS = (
					"$(inherited)",
					"@executable_path/Frameworks",
				);
				MARKETING_VERSION = 2.1.0;
				PRODUCT_BUNDLE_IDENTIFIER = com.sozohoy.uswTimeTable;
				PRODUCT_NAME = "$(TARGET_NAME)";
				SUPPORTED_PLATFORMS = "iphoneos iphonesimulator";
				SUPPORTS_MACCATALYST = NO;
				SUPPORTS_MAC_DESIGNED_FOR_IPHONE_IPAD = NO;
				SWIFT_EMIT_LOC_STRINGS = YES;
				SWIFT_VERSION = 5.0;
				TARGETED_DEVICE_FAMILY = 1;
			};
			name = Release;
		};
/* End XCBuildConfiguration section */

/* Begin XCConfigurationList section */
		AFBEF3522B4417A70047DDC3 /* Build configuration list for PBXNativeTarget "TimetableWidgetExtension" */ = {
			isa = XCConfigurationList;
			buildConfigurations = (
				AFBEF3532B4417A70047DDC3 /* Debug */,
				AFBEF3542B4417A70047DDC3 /* Release */,
			);
			defaultConfigurationIsVisible = 0;
			defaultConfigurationName = Release;
		};
		AFE18EEC2A1C8ABF009D4D58 /* Build configuration list for PBXProject "SUWIKI" */ = {
			isa = XCConfigurationList;
			buildConfigurations = (
				AFE18F062A1C8AC1009D4D58 /* Debug */,
				AFE18F072A1C8AC1009D4D58 /* Release */,
			);
			defaultConfigurationIsVisible = 0;
			defaultConfigurationName = Release;
		};
		AFE18F082A1C8AC1009D4D58 /* Build configuration list for PBXNativeTarget "SUWIKI" */ = {
			isa = XCConfigurationList;
			buildConfigurations = (
				AFE18F092A1C8AC1009D4D58 /* Debug */,
				AFE18F0A2A1C8AC1009D4D58 /* Release */,
			);
			defaultConfigurationIsVisible = 0;
			defaultConfigurationName = Release;
		};
/* End XCConfigurationList section */

/* Begin XCRemoteSwiftPackageReference section */
		AF3C07492A349A9600806AEE /* XCRemoteSwiftPackageReference "firebase-ios-sdk" */ = {
			isa = XCRemoteSwiftPackageReference;
			repositoryURL = "https://github.com/firebase/firebase-ios-sdk";
			requirement = {
				kind = upToNextMajorVersion;
				minimumVersion = 10.0.0;
			};
		};
/* End XCRemoteSwiftPackageReference section */

/* Begin XCVersionGroup section */
		AF4E41EE2A7FEF4500954710 /* SuwikiTimetable.xcdatamodeld */ = {
			isa = XCVersionGroup;
			children = (
				AF4E41EF2A7FEF4500954710 /* SuwikiTimetable.xcdatamodel */,
			);
			currentVersion = AF4E41EF2A7FEF4500954710 /* SuwikiTimetable.xcdatamodel */;
			path = SuwikiTimetable.xcdatamodeld;
			sourceTree = "<group>";
			versionGroupType = wrapper.xcdatamodel;
		};
/* End XCVersionGroup section */
	};
	rootObject = AFE18EE92A1C8ABF009D4D58 /* Project object */;
}
